<?xml version="1.0" encoding="utf-8"?>
<Project ToolsVersion="15.0" xmlns="http://schemas.microsoft.com/developer/msbuild/2003">
  <ItemGroup>
    <ClCompile Include="E:\git\WindowsResearch\retdec-master\src\bin2llvmir\analyses\ctor_dtor.cpp">
      <Filter>Source Files</Filter>
    </ClCompile>
    <ClCompile Include="E:\git\WindowsResearch\retdec-master\src\bin2llvmir\analyses\indirectly_called_funcs_analysis.cpp">
      <Filter>Source Files</Filter>
    </ClCompile>
    <ClCompile Include="E:\git\WindowsResearch\retdec-master\src\bin2llvmir\analyses\reachable_funcs_analysis.cpp">
      <Filter>Source Files</Filter>
    </ClCompile>
    <ClCompile Include="E:\git\WindowsResearch\retdec-master\src\bin2llvmir\analyses\reaching_definitions.cpp">
      <Filter>Source Files</Filter>
    </ClCompile>
    <ClCompile Include="E:\git\WindowsResearch\retdec-master\src\bin2llvmir\analyses\symbolic_tree.cpp">
      <Filter>Source Files</Filter>
    </ClCompile>
    <ClCompile Include="E:\git\WindowsResearch\retdec-master\src\bin2llvmir\optimizations\asm_inst_remover\asm_inst_remover.cpp">
      <Filter>Source Files</Filter>
    </ClCompile>
    <ClCompile Include="E:\git\WindowsResearch\retdec-master\src\bin2llvmir\optimizations\class_hierarchy\hierarchy.cpp">
      <Filter>Source Files</Filter>
    </ClCompile>
    <ClCompile Include="E:\git\WindowsResearch\retdec-master\src\bin2llvmir\optimizations\class_hierarchy\hierarchy_analysis.cpp">
      <Filter>Source Files</Filter>
    </ClCompile>
    <ClCompile Include="E:\git\WindowsResearch\retdec-master\src\bin2llvmir\optimizations\cond_branch_opt\cond_branch_opt.cpp">
      <Filter>Source Files</Filter>
    </ClCompile>
    <ClCompile Include="E:\git\WindowsResearch\retdec-master\src\bin2llvmir\optimizations\constants\constants.cpp">
      <Filter>Source Files</Filter>
    </ClCompile>
    <ClCompile Include="E:\git\WindowsResearch\retdec-master\src\bin2llvmir\optimizations\decoder\arm.cpp">
      <Filter>Source Files</Filter>
    </ClCompile>
    <ClCompile Include="E:\git\WindowsResearch\retdec-master\src\bin2llvmir\optimizations\decoder\arm64.cpp">
      <Filter>Source Files</Filter>
    </ClCompile>
    <ClCompile Include="E:\git\WindowsResearch\retdec-master\src\bin2llvmir\optimizations\decoder\bbs.cpp">
      <Filter>Source Files</Filter>
    </ClCompile>
    <ClCompile Include="E:\git\WindowsResearch\retdec-master\src\bin2llvmir\optimizations\decoder\decoder_ranges.cpp">
      <Filter>Source Files</Filter>
    </ClCompile>
    <ClCompile Include="E:\git\WindowsResearch\retdec-master\src\bin2llvmir\optimizations\decoder\decoder_init.cpp">
      <Filter>Source Files</Filter>
    </ClCompile>
    <ClCompile Include="E:\git\WindowsResearch\retdec-master\src\bin2llvmir\optimizations\decoder\decoder.cpp">
      <Filter>Source Files</Filter>
    </ClCompile>
    <ClCompile Include="E:\git\WindowsResearch\retdec-master\src\bin2llvmir\optimizations\decoder\functions.cpp">
      <Filter>Source Files</Filter>
    </ClCompile>
    <ClCompile Include="E:\git\WindowsResearch\retdec-master\src\bin2llvmir\optimizations\decoder\ir_modifications.cpp">
      <Filter>Source Files</Filter>
    </ClCompile>
    <ClCompile Include="E:\git\WindowsResearch\retdec-master\src\bin2llvmir\optimizations\decoder\jump_targets.cpp">
      <Filter>Source Files</Filter>
    </ClCompile>
    <ClCompile Include="E:\git\WindowsResearch\retdec-master\src\bin2llvmir\optimizations\decoder\mips.cpp">
      <Filter>Source Files</Filter>
    </ClCompile>
    <ClCompile Include="E:\git\WindowsResearch\retdec-master\src\bin2llvmir\optimizations\decoder\patterns.cpp">
      <Filter>Source Files</Filter>
    </ClCompile>
    <ClCompile Include="E:\git\WindowsResearch\retdec-master\src\bin2llvmir\optimizations\decoder\powerpc.cpp">
      <Filter>Source Files</Filter>
    </ClCompile>
    <ClCompile Include="E:\git\WindowsResearch\retdec-master\src\bin2llvmir\optimizations\decoder\x86.cpp">
      <Filter>Source Files</Filter>
    </ClCompile>
    <ClCompile Include="E:\git\WindowsResearch\retdec-master\src\bin2llvmir\optimizations\dump_module\dump_module.cpp">
      <Filter>Source Files</Filter>
    </ClCompile>
    <ClCompile Include="E:\git\WindowsResearch\retdec-master\src\bin2llvmir\optimizations\idioms\idioms.cpp">
      <Filter>Source Files</Filter>
    </ClCompile>
    <ClCompile Include="E:\git\WindowsResearch\retdec-master\src\bin2llvmir\optimizations\idioms\idioms_abstract.cpp">
      <Filter>Source Files</Filter>
    </ClCompile>
    <ClCompile Include="E:\git\WindowsResearch\retdec-master\src\bin2llvmir\optimizations\idioms\idioms_analysis.cpp">
      <Filter>Source Files</Filter>
    </ClCompile>
    <ClCompile Include="E:\git\WindowsResearch\retdec-master\src\bin2llvmir\optimizations\idioms\idioms_borland.cpp">
      <Filter>Source Files</Filter>
    </ClCompile>
    <ClCompile Include="E:\git\WindowsResearch\retdec-master\src\bin2llvmir\optimizations\idioms\idioms_common.cpp">
      <Filter>Source Files</Filter>
    </ClCompile>
    <ClCompile Include="E:\git\WindowsResearch\retdec-master\src\bin2llvmir\optimizations\idioms\idioms_gcc.cpp">
      <Filter>Source Files</Filter>
    </ClCompile>
    <ClCompile Include="E:\git\WindowsResearch\retdec-master\src\bin2llvmir\optimizations\idioms\idioms_intel.cpp">
      <Filter>Source Files</Filter>
    </ClCompile>
    <ClCompile Include="E:\git\WindowsResearch\retdec-master\src\bin2llvmir\optimizations\idioms\idioms_llvm.cpp">
      <Filter>Source Files</Filter>
    </ClCompile>
    <ClCompile Include="E:\git\WindowsResearch\retdec-master\src\bin2llvmir\optimizations\idioms\idioms_magicdivmod.cpp">
      <Filter>Source Files</Filter>
    </ClCompile>
    <ClCompile Include="E:\git\WindowsResearch\retdec-master\src\bin2llvmir\optimizations\idioms\idioms_owatcom.cpp">
      <Filter>Source Files</Filter>
    </ClCompile>
    <ClCompile Include="E:\git\WindowsResearch\retdec-master\src\bin2llvmir\optimizations\idioms\idioms_vstudio.cpp">
      <Filter>Source Files</Filter>
    </ClCompile>
    <ClCompile Include="E:\git\WindowsResearch\retdec-master\src\bin2llvmir\optimizations\idioms_libgcc\idioms_libgcc.cpp">
      <Filter>Source Files</Filter>
    </ClCompile>
    <ClCompile Include="E:\git\WindowsResearch\retdec-master\src\bin2llvmir\optimizations\inst_opt\inst_opt_pass.cpp">
      <Filter>Source Files</Filter>
    </ClCompile>
    <ClCompile Include="E:\git\WindowsResearch\retdec-master\src\bin2llvmir\optimizations\inst_opt\inst_opt.cpp">
      <Filter>Source Files</Filter>
    </ClCompile>
    <ClCompile Include="E:\git\WindowsResearch\retdec-master\src\bin2llvmir\optimizations\inst_opt_rda\inst_opt_rda_pass.cpp">
      <Filter>Source Files</Filter>
    </ClCompile>
    <ClCompile Include="E:\git\WindowsResearch\retdec-master\src\bin2llvmir\optimizations\inst_opt_rda\inst_opt_rda.cpp">
      <Filter>Source Files</Filter>
    </ClCompile>
    <ClCompile Include="E:\git\WindowsResearch\retdec-master\src\bin2llvmir\optimizations\main_detection\main_detection.cpp">
      <Filter>Source Files</Filter>
    </ClCompile>
    <ClCompile Include="E:\git\WindowsResearch\retdec-master\src\bin2llvmir\optimizations\param_return\collector\collector.cpp">
      <Filter>Source Files</Filter>
    </ClCompile>
    <ClCompile Include="E:\git\WindowsResearch\retdec-master\src\bin2llvmir\optimizations\param_return\collector\pic32.cpp">
      <Filter>Source Files</Filter>
    </ClCompile>
    <ClCompile Include="E:\git\WindowsResearch\retdec-master\src\bin2llvmir\optimizations\param_return\filter\filter.cpp">
      <Filter>Source Files</Filter>
    </ClCompile>
    <ClCompile Include="E:\git\WindowsResearch\retdec-master\src\bin2llvmir\optimizations\param_return\filter\ms_x64.cpp">
      <Filter>Source Files</Filter>
    </ClCompile>
    <ClCompile Include="E:\git\WindowsResearch\retdec-master\src\bin2llvmir\optimizations\param_return\param_return.cpp">
      <Filter>Source Files</Filter>
    </ClCompile>
    <ClCompile Include="E:\git\WindowsResearch\retdec-master\src\bin2llvmir\optimizations\param_return\data_entries.cpp">
      <Filter>Source Files</Filter>
    </ClCompile>
    <ClCompile Include="E:\git\WindowsResearch\retdec-master\src\bin2llvmir\optimizations\phi_remover\phi_remover.cpp">
      <Filter>Source Files</Filter>
    </ClCompile>
    <ClCompile Include="E:\git\WindowsResearch\retdec-master\src\bin2llvmir\optimizations\provider_init\provider_init.cpp">
      <Filter>Source Files</Filter>
    </ClCompile>
    <ClCompile Include="E:\git\WindowsResearch\retdec-master\src\bin2llvmir\optimizations\register_localization\register_localization.cpp">
      <Filter>Source Files</Filter>
    </ClCompile>
    <ClCompile Include="E:\git\WindowsResearch\retdec-master\src\bin2llvmir\optimizations\x86_addr_spaces\x86_addr_spaces_pass.cpp">
      <Filter>Source Files</Filter>
    </ClCompile>
    <ClCompile Include="E:\git\WindowsResearch\retdec-master\src\bin2llvmir\optimizations\x86_addr_spaces\x86_addr_spaces.cpp">
      <Filter>Source Files</Filter>
    </ClCompile>
    <ClCompile Include="E:\git\WindowsResearch\retdec-master\src\bin2llvmir\optimizations\x87_fpu\x87_fpu.cpp">
      <Filter>Source Files</Filter>
    </ClCompile>
    <ClCompile Include="E:\git\WindowsResearch\retdec-master\src\bin2llvmir\optimizations\select_functions\select_functions.cpp">
      <Filter>Source Files</Filter>
    </ClCompile>
    <ClCompile Include="E:\git\WindowsResearch\retdec-master\src\bin2llvmir\optimizations\simple_types\simple_types.cpp">
      <Filter>Source Files</Filter>
    </ClCompile>
    <ClCompile Include="E:\git\WindowsResearch\retdec-master\src\bin2llvmir\optimizations\stack\stack.cpp">
      <Filter>Source Files</Filter>
    </ClCompile>
    <ClCompile Include="E:\git\WindowsResearch\retdec-master\src\bin2llvmir\optimizations\stack_pointer_ops\stack_pointer_ops.cpp">
      <Filter>Source Files</Filter>
    </ClCompile>
    <ClCompile Include="E:\git\WindowsResearch\retdec-master\src\bin2llvmir\optimizations\value_protect\value_protect.cpp">
      <Filter>Source Files</Filter>
    </ClCompile>
    <ClCompile Include="E:\git\WindowsResearch\retdec-master\src\bin2llvmir\optimizations\writer_bc\writer_bc.cpp">
      <Filter>Source Files</Filter>
    </ClCompile>
    <ClCompile Include="E:\git\WindowsResearch\retdec-master\src\bin2llvmir\optimizations\writer_config\writer_config.cpp">
      <Filter>Source Files</Filter>
    </ClCompile>
    <ClCompile Include="E:\git\WindowsResearch\retdec-master\src\bin2llvmir\optimizations\writer_dsm\writer_dsm.cpp">
      <Filter>Source Files</Filter>
    </ClCompile>
    <ClCompile Include="E:\git\WindowsResearch\retdec-master\src\bin2llvmir\optimizations\writer_bin\writer_bin.cpp">
      <Filter>Source Files</Filter>
    </ClCompile>
    <ClCompile Include="E:\git\WindowsResearch\retdec-master\src\bin2llvmir\optimizations\writer_ll\writer_ll.cpp">
      <Filter>Source Files</Filter>
    </ClCompile>
    <ClCompile Include="E:\git\WindowsResearch\retdec-master\src\bin2llvmir\optimizations\syscalls\arm.cpp">
      <Filter>Source Files</Filter>
    </ClCompile>
    <ClCompile Include="E:\git\WindowsResearch\retdec-master\src\bin2llvmir\optimizations\syscalls\arm64.cpp">
      <Filter>Source Files</Filter>
    </ClCompile>
    <ClCompile Include="E:\git\WindowsResearch\retdec-master\src\bin2llvmir\optimizations\syscalls\mips.cpp">
      <Filter>Source Files</Filter>
    </ClCompile>
    <ClCompile Include="E:\git\WindowsResearch\retdec-master\src\bin2llvmir\optimizations\syscalls\syscalls.cpp">
      <Filter>Source Files</Filter>
    </ClCompile>
    <ClCompile Include="E:\git\WindowsResearch\retdec-master\src\bin2llvmir\optimizations\syscalls\x86.cpp">
      <Filter>Source Files</Filter>
    </ClCompile>
    <ClCompile Include="E:\git\WindowsResearch\retdec-master\src\bin2llvmir\optimizations\unreachable_funcs\unreachable_funcs.cpp">
      <Filter>Source Files</Filter>
    </ClCompile>
    <ClCompile Include="E:\git\WindowsResearch\retdec-master\src\bin2llvmir\providers\abi\abi.cpp">
      <Filter>Source Files</Filter>
    </ClCompile>
    <ClCompile Include="E:\git\WindowsResearch\retdec-master\src\bin2llvmir\providers\abi\arm.cpp">
      <Filter>Source Files</Filter>
    </ClCompile>
    <ClCompile Include="E:\git\WindowsResearch\retdec-master\src\bin2llvmir\providers\abi\arm64.cpp">
      <Filter>Source Files</Filter>
    </ClCompile>
    <ClCompile Include="E:\git\WindowsResearch\retdec-master\src\bin2llvmir\providers\abi\mips.cpp">
      <Filter>Source Files</Filter>
    </ClCompile>
    <ClCompile Include="E:\git\WindowsResearch\retdec-master\src\bin2llvmir\providers\abi\mips64.cpp">
      <Filter>Source Files</Filter>
    </ClCompile>
    <ClCompile Include="E:\git\WindowsResearch\retdec-master\src\bin2llvmir\providers\abi\ms_x64.cpp">
      <Filter>Source Files</Filter>
    </ClCompile>
    <ClCompile Include="E:\git\WindowsResearch\retdec-master\src\bin2llvmir\providers\abi\pic32.cpp">
      <Filter>Source Files</Filter>
    </ClCompile>
    <ClCompile Include="E:\git\WindowsResearch\retdec-master\src\bin2llvmir\providers\abi\powerpc.cpp">
      <Filter>Source Files</Filter>
    </ClCompile>
    <ClCompile Include="E:\git\WindowsResearch\retdec-master\src\bin2llvmir\providers\abi\powerpc64.cpp">
      <Filter>Source Files</Filter>
    </ClCompile>
    <ClCompile Include="E:\git\WindowsResearch\retdec-master\src\bin2llvmir\providers\abi\x64.cpp">
      <Filter>Source Files</Filter>
    </ClCompile>
    <ClCompile Include="E:\git\WindowsResearch\retdec-master\src\bin2llvmir\providers\abi\x86.cpp">
      <Filter>Source Files</Filter>
    </ClCompile>
    <ClCompile Include="E:\git\WindowsResearch\retdec-master\src\bin2llvmir\providers\calling_convention\calling_convention.cpp">
      <Filter>Source Files</Filter>
    </ClCompile>
    <ClCompile Include="E:\git\WindowsResearch\retdec-master\src\bin2llvmir\providers\calling_convention\arm\arm_conv.cpp">
      <Filter>Source Files</Filter>
    </ClCompile>
    <ClCompile Include="E:\git\WindowsResearch\retdec-master\src\bin2llvmir\providers\calling_convention\arm64\arm64_conv.cpp">
      <Filter>Source Files</Filter>
    </ClCompile>
    <ClCompile Include="E:\git\WindowsResearch\retdec-master\src\bin2llvmir\providers\calling_convention\mips\mips_conv.cpp">
      <Filter>Source Files</Filter>
    </ClCompile>
    <ClCompile Include="E:\git\WindowsResearch\retdec-master\src\bin2llvmir\providers\calling_convention\mips\mips_psp.cpp">
      <Filter>Source Files</Filter>
    </ClCompile>
    <ClCompile Include="E:\git\WindowsResearch\retdec-master\src\bin2llvmir\providers\calling_convention\mips64\mips64_conv.cpp">
      <Filter>Source Files</Filter>
    </ClCompile>
    <ClCompile Include="E:\git\WindowsResearch\retdec-master\src\bin2llvmir\providers\calling_convention\pic32\pic32_conv.cpp">
      <Filter>Source Files</Filter>
    </ClCompile>
    <ClCompile Include="E:\git\WindowsResearch\retdec-master\src\bin2llvmir\providers\calling_convention\powerpc\powerpc_conv.cpp">
      <Filter>Source Files</Filter>
    </ClCompile>
    <ClCompile Include="E:\git\WindowsResearch\retdec-master\src\bin2llvmir\providers\calling_convention\powerpc64\powerpc64_conv.cpp">
      <Filter>Source Files</Filter>
    </ClCompile>
    <ClCompile Include="E:\git\WindowsResearch\retdec-master\src\bin2llvmir\providers\calling_convention\x64\x64_conv.cpp">
      <Filter>Source Files</Filter>
    </ClCompile>
    <ClCompile Include="E:\git\WindowsResearch\retdec-master\src\bin2llvmir\providers\calling_convention\x64\x64_microsoft.cpp">
      <Filter>Source Files</Filter>
    </ClCompile>
    <ClCompile Include="E:\git\WindowsResearch\retdec-master\src\bin2llvmir\providers\calling_convention\x64\x64_systemv.cpp">
      <Filter>Source Files</Filter>
    </ClCompile>
    <ClCompile Include="E:\git\WindowsResearch\retdec-master\src\bin2llvmir\providers\calling_convention\x86\x86_cdecl.cpp">
      <Filter>Source Files</Filter>
    </ClCompile>
    <ClCompile Include="E:\git\WindowsResearch\retdec-master\src\bin2llvmir\providers\calling_convention\x86\x86_conv.cpp">
      <Filter>Source Files</Filter>
    </ClCompile>
    <ClCompile Include="E:\git\WindowsResearch\retdec-master\src\bin2llvmir\providers\calling_convention\x86\x86_fastcall.cpp">
      <Filter>Source Files</Filter>
    </ClCompile>
    <ClCompile Include="E:\git\WindowsResearch\retdec-master\src\bin2llvmir\providers\calling_convention\x86\x86_pascal.cpp">
      <Filter>Source Files</Filter>
    </ClCompile>
    <ClCompile Include="E:\git\WindowsResearch\retdec-master\src\bin2llvmir\providers\calling_convention\x86\x86_thiscall.cpp">
      <Filter>Source Files</Filter>
    </ClCompile>
    <ClCompile Include="E:\git\WindowsResearch\retdec-master\src\bin2llvmir\providers\calling_convention\x86\x86_watcom.cpp">
      <Filter>Source Files</Filter>
    </ClCompile>
    <ClCompile Include="E:\git\WindowsResearch\retdec-master\src\bin2llvmir\providers\asm_instruction.cpp">
      <Filter>Source Files</Filter>
    </ClCompile>
    <ClCompile Include="E:\git\WindowsResearch\retdec-master\src\bin2llvmir\providers\config.cpp">
      <Filter>Source Files</Filter>
    </ClCompile>
    <ClCompile Include="E:\git\WindowsResearch\retdec-master\src\bin2llvmir\providers\debugformat.cpp">
      <Filter>Source Files</Filter>
    </ClCompile>
    <ClCompile Include="E:\git\WindowsResearch\retdec-master\src\bin2llvmir\providers\demangler.cpp">
      <Filter>Source Files</Filter>
    </ClCompile>
    <ClCompile Include="E:\git\WindowsResearch\retdec-master\src\bin2llvmir\providers\fileimage.cpp">
      <Filter>Source Files</Filter>
    </ClCompile>
    <ClCompile Include="E:\git\WindowsResearch\retdec-master\src\bin2llvmir\providers\lti.cpp">
      <Filter>Source Files</Filter>
    </ClCompile>
    <ClCompile Include="E:\git\WindowsResearch\retdec-master\src\bin2llvmir\providers\names.cpp">
      <Filter>Source Files</Filter>
    </ClCompile>
    <ClCompile Include="E:\git\WindowsResearch\retdec-master\src\bin2llvmir\utils\capstone.cpp">
      <Filter>Source Files</Filter>
    </ClCompile>
    <ClCompile Include="E:\git\WindowsResearch\retdec-master\src\bin2llvmir\utils\ctypes2llvm.cpp">
      <Filter>Source Files</Filter>
    </ClCompile>
    <ClCompile Include="E:\git\WindowsResearch\retdec-master\src\bin2llvmir\utils\debug.cpp">
      <Filter>Source Files</Filter>
    </ClCompile>
    <ClCompile Include="E:\git\WindowsResearch\retdec-master\src\bin2llvmir\utils\ir_modifier.cpp">
      <Filter>Source Files</Filter>
    </ClCompile>
    <ClCompile Include="E:\git\WindowsResearch\retdec-master\src\bin2llvmir\utils\llvm.cpp">
      <Filter>Source Files</Filter>
    </ClCompile>
  </ItemGroup>
  <ItemGroup>
    <CustomBuild Include="E:\git\WindowsResearch\retdec-master\src\bin2llvmir\CMakeLists.txt" />
  </ItemGroup>
  <ItemGroup>
    <Filter Include="Source Files">
      <UniqueIdentifier>{C25D9B51-CF30-3AD6-AA44-2550EF86963E}</UniqueIdentifier>
    </Filter>
  </ItemGroup>
</Project>
