
Microsoft Visual Studio Solution File, Format Version 12.00
# Visual Studio 15
VisualStudioVersion = 15.0.28307.1500
MinimumVisualStudioVersion = 10.0.40219.1
Project("{8BC9CEB8-8B4A-11D0-8D11-00A0C91BC942}") = "ALL_BUILD", "ALL_BUILD.vcxproj", "{0CDAA21A-0494-3E14-AE18-0644ADAD4B06}"
	ProjectSection(ProjectDependencies) = postProject
		{A27EA167-967B-3C21-BA4F-D980144A06E8} = {A27EA167-967B-3C21-BA4F-D980144A06E8}
		{9A72A9F8-B246-3FDE-B2FB-E5A784839C5C} = {9A72A9F8-B246-3FDE-B2FB-E5A784839C5C}
		{FEB0CD37-D1B2-3904-A454-A9DBDF461A7E} = {FEB0CD37-D1B2-3904-A454-A9DBDF461A7E}
		{19F7DE3E-91A9-3603-9897-C4F4D753B978} = {19F7DE3E-91A9-3603-9897-C4F4D753B978}
		{6436BB8C-D902-3B01-9C0A-D84014CF86E7} = {6436BB8C-D902-3B01-9C0A-D84014CF86E7}
		{4894C394-7F6A-331B-9FE5-B6C492108026} = {4894C394-7F6A-331B-9FE5-B6C492108026}
		{A1109517-4249-3F90-B60B-957D64E7F1C9} = {A1109517-4249-3F90-B60B-957D64E7F1C9}
		{9756CF53-9811-3C46-A819-C73C0828D8CB} = {9756CF53-9811-3C46-A819-C73C0828D8CB}
		{EDDD3071-51C1-3951-83CB-8CD9F06FB4AE} = {EDDD3071-51C1-3951-83CB-8CD9F06FB4AE}
		{C61F0D48-6C1E-3543-8D2F-AF192832ADC8} = {C61F0D48-6C1E-3543-8D2F-AF192832ADC8}
		{08EF913D-15BE-39A0-BEC2-0A2483282804} = {08EF913D-15BE-39A0-BEC2-0A2483282804}
		{6F12A8AE-CC5B-363D-826D-E306A00F18AD} = {6F12A8AE-CC5B-363D-826D-E306A00F18AD}
		{92F85DBE-0E8D-3216-8030-E2A759DD5062} = {92F85DBE-0E8D-3216-8030-E2A759DD5062}
		{0355920B-04F5-3DF8-8F5D-170608E85BDE} = {0355920B-04F5-3DF8-8F5D-170608E85BDE}
		{8694C0BC-DC4A-330B-A5C4-C2BEF0E86170} = {8694C0BC-DC4A-330B-A5C4-C2BEF0E86170}
		{C4391BA3-67EE-349E-AF35-F3E479BC9A40} = {C4391BA3-67EE-349E-AF35-F3E479BC9A40}
		{7E937C1C-AE9F-38AC-B73E-9532E7846E50} = {7E937C1C-AE9F-38AC-B73E-9532E7846E50}
		{A81BDE31-FD58-3ECE-90F7-E069995375EE} = {A81BDE31-FD58-3ECE-90F7-E069995375EE}
		{099FD53E-73C2-3254-9A9B-B58BE2D91612} = {099FD53E-73C2-3254-9A9B-B58BE2D91612}
		{EF77AAB8-C054-3C7B-893E-7694D87BDA65} = {EF77AAB8-C054-3C7B-893E-7694D87BDA65}
		{314FFD0F-586B-3556-A3E5-E5B18B7C339A} = {314FFD0F-586B-3556-A3E5-E5B18B7C339A}
		{2BD975C3-AD0E-312C-8B9A-836EDCE97C7C} = {2BD975C3-AD0E-312C-8B9A-836EDCE97C7C}
		{0E73F8CE-2BA6-303C-B741-BFAE86D5C82E} = {0E73F8CE-2BA6-303C-B741-BFAE86D5C82E}
		{C99D4D8B-BA8A-34FF-9840-ED8A82ABA62A} = {C99D4D8B-BA8A-34FF-9840-ED8A82ABA62A}
		{4EA03C1E-0924-3A29-A6A0-5373284551FB} = {4EA03C1E-0924-3A29-A6A0-5373284551FB}
		{B0EA9810-6E47-37BE-BFC9-C931100CB2BC} = {B0EA9810-6E47-37BE-BFC9-C931100CB2BC}
		{BB711F0B-39FB-378E-8C73-A87190B3873E} = {BB711F0B-39FB-378E-8C73-A87190B3873E}
		{7D29A11A-682F-3B3C-9938-EFA5E73083E3} = {7D29A11A-682F-3B3C-9938-EFA5E73083E3}
		{5AE95F8C-ABF1-333D-8EEA-A59481DD4EC3} = {5AE95F8C-ABF1-333D-8EEA-A59481DD4EC3}
		{3D270BFF-7346-35DE-BD8A-6D0284908C65} = {3D270BFF-7346-35DE-BD8A-6D0284908C65}
		{A04BDE66-64DF-3AED-AC62-83FDBBF0DD8F} = {A04BDE66-64DF-3AED-AC62-83FDBBF0DD8F}
		{A30B59DD-3F88-3B2D-8F09-B6EFEDFFAE93} = {A30B59DD-3F88-3B2D-8F09-B6EFEDFFAE93}
		{24C54EBA-EA28-31FE-A10E-32D06DC1AFC1} = {24C54EBA-EA28-31FE-A10E-32D06DC1AFC1}
		{967F274C-DCE5-3776-9984-218B40D9BA04} = {967F274C-DCE5-3776-9984-218B40D9BA04}
		{730F680C-B605-334C-A3F3-B14927FF6DC3} = {730F680C-B605-334C-A3F3-B14927FF6DC3}
		{8165AA94-05C2-38A0-A7DB-A25F6F001C92} = {8165AA94-05C2-38A0-A7DB-A25F6F001C92}
		{F60981BC-04A3-3883-B374-96D4DE6B5827} = {F60981BC-04A3-3883-B374-96D4DE6B5827}
		{39311356-8795-31CF-8593-194E12110CE6} = {39311356-8795-31CF-8593-194E12110CE6}
		{A5E5E001-032A-3CB2-AEC8-D99D8C81B77C} = {A5E5E001-032A-3CB2-AEC8-D99D8C81B77C}
		{2E1D4352-5FE3-3BDD-A141-7F293AB89DF7} = {2E1D4352-5FE3-3BDD-A141-7F293AB89DF7}
		{A5688C2B-436D-3314-86C6-54A7FA3BE720} = {A5688C2B-436D-3314-86C6-54A7FA3BE720}
	EndProjectSection
EndProject
Project("{8BC9CEB8-8B4A-11D0-8D11-00A0C91BC942}") = "INSTALL", "INSTALL.vcxproj", "{AF7FC82A-5B6A-36C2-AB2D-CF8AEF7B32D6}"
	ProjectSection(ProjectDependencies) = postProject
		{0CDAA21A-0494-3E14-AE18-0644ADAD4B06} = {0CDAA21A-0494-3E14-AE18-0644ADAD4B06}
		{A27EA167-967B-3C21-BA4F-D980144A06E8} = {A27EA167-967B-3C21-BA4F-D980144A06E8}
	EndProjectSection
EndProject
Project("{8BC9CEB8-8B4A-11D0-8D11-00A0C91BC942}") = "ZERO_CHECK", "ZERO_CHECK.vcxproj", "{A27EA167-967B-3C21-BA4F-D980144A06E8}"
EndProject
Project("{8BC9CEB8-8B4A-11D0-8D11-00A0C91BC942}") = "ar-extractor", "src\ar-extractor\ar-extractor.vcxproj", "{9A72A9F8-B246-3FDE-B2FB-E5A784839C5C}"
	ProjectSection(ProjectDependencies) = postProject
		{A27EA167-967B-3C21-BA4F-D980144A06E8} = {A27EA167-967B-3C21-BA4F-D980144A06E8}
		{099FD53E-73C2-3254-9A9B-B58BE2D91612} = {099FD53E-73C2-3254-9A9B-B58BE2D91612}
		{39311356-8795-31CF-8593-194E12110CE6} = {39311356-8795-31CF-8593-194E12110CE6}
	EndProjectSection
EndProject
Project("{8BC9CEB8-8B4A-11D0-8D11-00A0C91BC942}") = "ar-extractortool", "src\ar-extractortool\ar-extractortool.vcxproj", "{FEB0CD37-D1B2-3904-A454-A9DBDF461A7E}"
	ProjectSection(ProjectDependencies) = postProject
		{A27EA167-967B-3C21-BA4F-D980144A06E8} = {A27EA167-967B-3C21-BA4F-D980144A06E8}
		{9A72A9F8-B246-3FDE-B2FB-E5A784839C5C} = {9A72A9F8-B246-3FDE-B2FB-E5A784839C5C}
		{099FD53E-73C2-3254-9A9B-B58BE2D91612} = {099FD53E-73C2-3254-9A9B-B58BE2D91612}
		{39311356-8795-31CF-8593-194E12110CE6} = {39311356-8795-31CF-8593-194E12110CE6}
	EndProjectSection
EndProject
Project("{8BC9CEB8-8B4A-11D0-8D11-00A0C91BC942}") = "bin2llvmir", "src\bin2llvmir\bin2llvmir.vcxproj", "{19F7DE3E-91A9-3603-9897-C4F4D753B978}"
	ProjectSection(ProjectDependencies) = postProject
		{A27EA167-967B-3C21-BA4F-D980144A06E8} = {A27EA167-967B-3C21-BA4F-D980144A06E8}
		{4894C394-7F6A-331B-9FE5-B6C492108026} = {4894C394-7F6A-331B-9FE5-B6C492108026}
		{A1109517-4249-3F90-B60B-957D64E7F1C9} = {A1109517-4249-3F90-B60B-957D64E7F1C9}
		{9756CF53-9811-3C46-A819-C73C0828D8CB} = {9756CF53-9811-3C46-A819-C73C0828D8CB}
		{EDDD3071-51C1-3951-83CB-8CD9F06FB4AE} = {EDDD3071-51C1-3951-83CB-8CD9F06FB4AE}
		{C61F0D48-6C1E-3543-8D2F-AF192832ADC8} = {C61F0D48-6C1E-3543-8D2F-AF192832ADC8}
		{08EF913D-15BE-39A0-BEC2-0A2483282804} = {08EF913D-15BE-39A0-BEC2-0A2483282804}
		{6F12A8AE-CC5B-363D-826D-E306A00F18AD} = {6F12A8AE-CC5B-363D-826D-E306A00F18AD}
		{92F85DBE-0E8D-3216-8030-E2A759DD5062} = {92F85DBE-0E8D-3216-8030-E2A759DD5062}
		{0355920B-04F5-3DF8-8F5D-170608E85BDE} = {0355920B-04F5-3DF8-8F5D-170608E85BDE}
		{8694C0BC-DC4A-330B-A5C4-C2BEF0E86170} = {8694C0BC-DC4A-330B-A5C4-C2BEF0E86170}
		{099FD53E-73C2-3254-9A9B-B58BE2D91612} = {099FD53E-73C2-3254-9A9B-B58BE2D91612}
		{314FFD0F-586B-3556-A3E5-E5B18B7C339A} = {314FFD0F-586B-3556-A3E5-E5B18B7C339A}
		{BB711F0B-39FB-378E-8C73-A87190B3873E} = {BB711F0B-39FB-378E-8C73-A87190B3873E}
		{7D29A11A-682F-3B3C-9938-EFA5E73083E3} = {7D29A11A-682F-3B3C-9938-EFA5E73083E3}
		{A04BDE66-64DF-3AED-AC62-83FDBBF0DD8F} = {A04BDE66-64DF-3AED-AC62-83FDBBF0DD8F}
		{A30B59DD-3F88-3B2D-8F09-B6EFEDFFAE93} = {A30B59DD-3F88-3B2D-8F09-B6EFEDFFAE93}
		{24C54EBA-EA28-31FE-A10E-32D06DC1AFC1} = {24C54EBA-EA28-31FE-A10E-32D06DC1AFC1}
		{730F680C-B605-334C-A3F3-B14927FF6DC3} = {730F680C-B605-334C-A3F3-B14927FF6DC3}
		{39311356-8795-31CF-8593-194E12110CE6} = {39311356-8795-31CF-8593-194E12110CE6}
		{A5E5E001-032A-3CB2-AEC8-D99D8C81B77C} = {A5E5E001-032A-3CB2-AEC8-D99D8C81B77C}
		{2E1D4352-5FE3-3BDD-A141-7F293AB89DF7} = {2E1D4352-5FE3-3BDD-A141-7F293AB89DF7}
	EndProjectSection
EndProject
Project("{8BC9CEB8-8B4A-11D0-8D11-00A0C91BC942}") = "bin2pat", "src\bin2pat\bin2pat.vcxproj", "{6436BB8C-D902-3B01-9C0A-D84014CF86E7}"
	ProjectSection(ProjectDependencies) = postProject
		{A27EA167-967B-3C21-BA4F-D980144A06E8} = {A27EA167-967B-3C21-BA4F-D980144A06E8}
		{9756CF53-9811-3C46-A819-C73C0828D8CB} = {9756CF53-9811-3C46-A819-C73C0828D8CB}
		{8694C0BC-DC4A-330B-A5C4-C2BEF0E86170} = {8694C0BC-DC4A-330B-A5C4-C2BEF0E86170}
		{099FD53E-73C2-3254-9A9B-B58BE2D91612} = {099FD53E-73C2-3254-9A9B-B58BE2D91612}
		{B0EA9810-6E47-37BE-BFC9-C931100CB2BC} = {B0EA9810-6E47-37BE-BFC9-C931100CB2BC}
		{7D29A11A-682F-3B3C-9938-EFA5E73083E3} = {7D29A11A-682F-3B3C-9938-EFA5E73083E3}
		{39311356-8795-31CF-8593-194E12110CE6} = {39311356-8795-31CF-8593-194E12110CE6}
		{A5688C2B-436D-3314-86C6-54A7FA3BE720} = {A5688C2B-436D-3314-86C6-54A7FA3BE720}
	EndProjectSection
EndProject
Project("{8BC9CEB8-8B4A-11D0-8D11-00A0C91BC942}") = "capstone-project", "deps\capstone\capstone-project.vcxproj", "{4894C394-7F6A-331B-9FE5-B6C492108026}"
	ProjectSection(ProjectDependencies) = postProject
		{A27EA167-967B-3C21-BA4F-D980144A06E8} = {A27EA167-967B-3C21-BA4F-D980144A06E8}
	EndProjectSection
EndProject
Project("{8BC9CEB8-8B4A-11D0-8D11-00A0C91BC942}") = "capstone2llvmir", "src\capstone2llvmir\capstone2llvmir.vcxproj", "{A1109517-4249-3F90-B60B-957D64E7F1C9}"
	ProjectSection(ProjectDependencies) = postProject
		{A27EA167-967B-3C21-BA4F-D980144A06E8} = {A27EA167-967B-3C21-BA4F-D980144A06E8}
		{4894C394-7F6A-331B-9FE5-B6C492108026} = {4894C394-7F6A-331B-9FE5-B6C492108026}
		{9756CF53-9811-3C46-A819-C73C0828D8CB} = {9756CF53-9811-3C46-A819-C73C0828D8CB}
		{099FD53E-73C2-3254-9A9B-B58BE2D91612} = {099FD53E-73C2-3254-9A9B-B58BE2D91612}
		{39311356-8795-31CF-8593-194E12110CE6} = {39311356-8795-31CF-8593-194E12110CE6}
	EndProjectSection
EndProject
Project("{8BC9CEB8-8B4A-11D0-8D11-00A0C91BC942}") = "common", "src\common\common.vcxproj", "{9756CF53-9811-3C46-A819-C73C0828D8CB}"
	ProjectSection(ProjectDependencies) = postProject
		{A27EA167-967B-3C21-BA4F-D980144A06E8} = {A27EA167-967B-3C21-BA4F-D980144A06E8}
		{39311356-8795-31CF-8593-194E12110CE6} = {39311356-8795-31CF-8593-194E12110CE6}
	EndProjectSection
EndProject
Project("{8BC9CEB8-8B4A-11D0-8D11-00A0C91BC942}") = "config", "src\config\config.vcxproj", "{EDDD3071-51C1-3951-83CB-8CD9F06FB4AE}"
	ProjectSection(ProjectDependencies) = postProject
		{A27EA167-967B-3C21-BA4F-D980144A06E8} = {A27EA167-967B-3C21-BA4F-D980144A06E8}
		{9756CF53-9811-3C46-A819-C73C0828D8CB} = {9756CF53-9811-3C46-A819-C73C0828D8CB}
		{A30B59DD-3F88-3B2D-8F09-B6EFEDFFAE93} = {A30B59DD-3F88-3B2D-8F09-B6EFEDFFAE93}
		{39311356-8795-31CF-8593-194E12110CE6} = {39311356-8795-31CF-8593-194E12110CE6}
	EndProjectSection
EndProject
Project("{8BC9CEB8-8B4A-11D0-8D11-00A0C91BC942}") = "cpdetect", "src\cpdetect\cpdetect.vcxproj", "{C61F0D48-6C1E-3543-8D2F-AF192832ADC8}"
	ProjectSection(ProjectDependencies) = postProject
		{A27EA167-967B-3C21-BA4F-D980144A06E8} = {A27EA167-967B-3C21-BA4F-D980144A06E8}
		{9756CF53-9811-3C46-A819-C73C0828D8CB} = {9756CF53-9811-3C46-A819-C73C0828D8CB}
		{8694C0BC-DC4A-330B-A5C4-C2BEF0E86170} = {8694C0BC-DC4A-330B-A5C4-C2BEF0E86170}
		{099FD53E-73C2-3254-9A9B-B58BE2D91612} = {099FD53E-73C2-3254-9A9B-B58BE2D91612}
		{7D29A11A-682F-3B3C-9938-EFA5E73083E3} = {7D29A11A-682F-3B3C-9938-EFA5E73083E3}
		{730F680C-B605-334C-A3F3-B14927FF6DC3} = {730F680C-B605-334C-A3F3-B14927FF6DC3}
		{39311356-8795-31CF-8593-194E12110CE6} = {39311356-8795-31CF-8593-194E12110CE6}
		{A5E5E001-032A-3CB2-AEC8-D99D8C81B77C} = {A5E5E001-032A-3CB2-AEC8-D99D8C81B77C}
		{2E1D4352-5FE3-3BDD-A141-7F293AB89DF7} = {2E1D4352-5FE3-3BDD-A141-7F293AB89DF7}
	EndProjectSection
EndProject
Project("{8BC9CEB8-8B4A-11D0-8D11-00A0C91BC942}") = "ctypes", "src\ctypes\ctypes.vcxproj", "{08EF913D-15BE-39A0-BEC2-0A2483282804}"
	ProjectSection(ProjectDependencies) = postProject
		{A27EA167-967B-3C21-BA4F-D980144A06E8} = {A27EA167-967B-3C21-BA4F-D980144A06E8}
		{39311356-8795-31CF-8593-194E12110CE6} = {39311356-8795-31CF-8593-194E12110CE6}
	EndProjectSection
EndProject
Project("{8BC9CEB8-8B4A-11D0-8D11-00A0C91BC942}") = "ctypesparser", "src\ctypesparser\ctypesparser.vcxproj", "{6F12A8AE-CC5B-363D-826D-E306A00F18AD}"
	ProjectSection(ProjectDependencies) = postProject
		{A27EA167-967B-3C21-BA4F-D980144A06E8} = {A27EA167-967B-3C21-BA4F-D980144A06E8}
		{08EF913D-15BE-39A0-BEC2-0A2483282804} = {08EF913D-15BE-39A0-BEC2-0A2483282804}
		{39311356-8795-31CF-8593-194E12110CE6} = {39311356-8795-31CF-8593-194E12110CE6}
	EndProjectSection
EndProject
Project("{8BC9CEB8-8B4A-11D0-8D11-00A0C91BC942}") = "debugformat", "src\debugformat\debugformat.vcxproj", "{92F85DBE-0E8D-3216-8030-E2A759DD5062}"
	ProjectSection(ProjectDependencies) = postProject
		{A27EA167-967B-3C21-BA4F-D980144A06E8} = {A27EA167-967B-3C21-BA4F-D980144A06E8}
		{9756CF53-9811-3C46-A819-C73C0828D8CB} = {9756CF53-9811-3C46-A819-C73C0828D8CB}
		{08EF913D-15BE-39A0-BEC2-0A2483282804} = {08EF913D-15BE-39A0-BEC2-0A2483282804}
		{6F12A8AE-CC5B-363D-826D-E306A00F18AD} = {6F12A8AE-CC5B-363D-826D-E306A00F18AD}
		{0355920B-04F5-3DF8-8F5D-170608E85BDE} = {0355920B-04F5-3DF8-8F5D-170608E85BDE}
		{8694C0BC-DC4A-330B-A5C4-C2BEF0E86170} = {8694C0BC-DC4A-330B-A5C4-C2BEF0E86170}
		{099FD53E-73C2-3254-9A9B-B58BE2D91612} = {099FD53E-73C2-3254-9A9B-B58BE2D91612}
		{314FFD0F-586B-3556-A3E5-E5B18B7C339A} = {314FFD0F-586B-3556-A3E5-E5B18B7C339A}
		{BB711F0B-39FB-378E-8C73-A87190B3873E} = {BB711F0B-39FB-378E-8C73-A87190B3873E}
		{7D29A11A-682F-3B3C-9938-EFA5E73083E3} = {7D29A11A-682F-3B3C-9938-EFA5E73083E3}
		{39311356-8795-31CF-8593-194E12110CE6} = {39311356-8795-31CF-8593-194E12110CE6}
	EndProjectSection
EndProject
Project("{8BC9CEB8-8B4A-11D0-8D11-00A0C91BC942}") = "demangler", "src\demangler\demangler.vcxproj", "{0355920B-04F5-3DF8-8F5D-170608E85BDE}"
	ProjectSection(ProjectDependencies) = postProject
		{A27EA167-967B-3C21-BA4F-D980144A06E8} = {A27EA167-967B-3C21-BA4F-D980144A06E8}
		{08EF913D-15BE-39A0-BEC2-0A2483282804} = {08EF913D-15BE-39A0-BEC2-0A2483282804}
		{6F12A8AE-CC5B-363D-826D-E306A00F18AD} = {6F12A8AE-CC5B-363D-826D-E306A00F18AD}
		{099FD53E-73C2-3254-9A9B-B58BE2D91612} = {099FD53E-73C2-3254-9A9B-B58BE2D91612}
		{39311356-8795-31CF-8593-194E12110CE6} = {39311356-8795-31CF-8593-194E12110CE6}
	EndProjectSection
EndProject
Project("{8BC9CEB8-8B4A-11D0-8D11-00A0C91BC942}") = "fileformat", "src\fileformat\fileformat.vcxproj", "{8694C0BC-DC4A-330B-A5C4-C2BEF0E86170}"
	ProjectSection(ProjectDependencies) = postProject
		{A27EA167-967B-3C21-BA4F-D980144A06E8} = {A27EA167-967B-3C21-BA4F-D980144A06E8}
		{9756CF53-9811-3C46-A819-C73C0828D8CB} = {9756CF53-9811-3C46-A819-C73C0828D8CB}
		{099FD53E-73C2-3254-9A9B-B58BE2D91612} = {099FD53E-73C2-3254-9A9B-B58BE2D91612}
		{7D29A11A-682F-3B3C-9938-EFA5E73083E3} = {7D29A11A-682F-3B3C-9938-EFA5E73083E3}
		{39311356-8795-31CF-8593-194E12110CE6} = {39311356-8795-31CF-8593-194E12110CE6}
	EndProjectSection
EndProject
Project("{8BC9CEB8-8B4A-11D0-8D11-00A0C91BC942}") = "fileinfo", "src\fileinfo\fileinfo.vcxproj", "{C4391BA3-67EE-349E-AF35-F3E479BC9A40}"
	ProjectSection(ProjectDependencies) = postProject
		{A27EA167-967B-3C21-BA4F-D980144A06E8} = {A27EA167-967B-3C21-BA4F-D980144A06E8}
		{9A72A9F8-B246-3FDE-B2FB-E5A784839C5C} = {9A72A9F8-B246-3FDE-B2FB-E5A784839C5C}
		{9756CF53-9811-3C46-A819-C73C0828D8CB} = {9756CF53-9811-3C46-A819-C73C0828D8CB}
		{EDDD3071-51C1-3951-83CB-8CD9F06FB4AE} = {EDDD3071-51C1-3951-83CB-8CD9F06FB4AE}
		{C61F0D48-6C1E-3543-8D2F-AF192832ADC8} = {C61F0D48-6C1E-3543-8D2F-AF192832ADC8}
		{8694C0BC-DC4A-330B-A5C4-C2BEF0E86170} = {8694C0BC-DC4A-330B-A5C4-C2BEF0E86170}
		{099FD53E-73C2-3254-9A9B-B58BE2D91612} = {099FD53E-73C2-3254-9A9B-B58BE2D91612}
		{314FFD0F-586B-3556-A3E5-E5B18B7C339A} = {314FFD0F-586B-3556-A3E5-E5B18B7C339A}
		{7D29A11A-682F-3B3C-9938-EFA5E73083E3} = {7D29A11A-682F-3B3C-9938-EFA5E73083E3}
		{A30B59DD-3F88-3B2D-8F09-B6EFEDFFAE93} = {A30B59DD-3F88-3B2D-8F09-B6EFEDFFAE93}
		{730F680C-B605-334C-A3F3-B14927FF6DC3} = {730F680C-B605-334C-A3F3-B14927FF6DC3}
		{39311356-8795-31CF-8593-194E12110CE6} = {39311356-8795-31CF-8593-194E12110CE6}
		{A5E5E001-032A-3CB2-AEC8-D99D8C81B77C} = {A5E5E001-032A-3CB2-AEC8-D99D8C81B77C}
		{2E1D4352-5FE3-3BDD-A141-7F293AB89DF7} = {2E1D4352-5FE3-3BDD-A141-7F293AB89DF7}
	EndProjectSection
EndProject
Project("{8BC9CEB8-8B4A-11D0-8D11-00A0C91BC942}") = "getsig", "src\getsig\getsig.vcxproj", "{7E937C1C-AE9F-38AC-B73E-9532E7846E50}"
	ProjectSection(ProjectDependencies) = postProject
		{A27EA167-967B-3C21-BA4F-D980144A06E8} = {A27EA167-967B-3C21-BA4F-D980144A06E8}
		{9756CF53-9811-3C46-A819-C73C0828D8CB} = {9756CF53-9811-3C46-A819-C73C0828D8CB}
		{8694C0BC-DC4A-330B-A5C4-C2BEF0E86170} = {8694C0BC-DC4A-330B-A5C4-C2BEF0E86170}
		{099FD53E-73C2-3254-9A9B-B58BE2D91612} = {099FD53E-73C2-3254-9A9B-B58BE2D91612}
		{7D29A11A-682F-3B3C-9938-EFA5E73083E3} = {7D29A11A-682F-3B3C-9938-EFA5E73083E3}
		{39311356-8795-31CF-8593-194E12110CE6} = {39311356-8795-31CF-8593-194E12110CE6}
	EndProjectSection
EndProject
Project("{8BC9CEB8-8B4A-11D0-8D11-00A0C91BC942}") = "idr2pat", "src\idr2pat\idr2pat.vcxproj", "{A81BDE31-FD58-3ECE-90F7-E069995375EE}"
	ProjectSection(ProjectDependencies) = postProject
		{A27EA167-967B-3C21-BA4F-D980144A06E8} = {A27EA167-967B-3C21-BA4F-D980144A06E8}
		{39311356-8795-31CF-8593-194E12110CE6} = {39311356-8795-31CF-8593-194E12110CE6}
		{A5688C2B-436D-3314-86C6-54A7FA3BE720} = {A5688C2B-436D-3314-86C6-54A7FA3BE720}
	EndProjectSection
EndProject
Project("{8BC9CEB8-8B4A-11D0-8D11-00A0C91BC942}") = "llvm-project", "deps\llvm\llvm-project.vcxproj", "{099FD53E-73C2-3254-9A9B-B58BE2D91612}"
	ProjectSection(ProjectDependencies) = postProject
		{A27EA167-967B-3C21-BA4F-D980144A06E8} = {A27EA167-967B-3C21-BA4F-D980144A06E8}
	EndProjectSection
EndProject
Project("{8BC9CEB8-8B4A-11D0-8D11-00A0C91BC942}") = "llvmir2hll", "src\llvmir2hll\llvmir2hll.vcxproj", "{EF77AAB8-C054-3C7B-893E-7694D87BDA65}"
	ProjectSection(ProjectDependencies) = postProject
		{A27EA167-967B-3C21-BA4F-D980144A06E8} = {A27EA167-967B-3C21-BA4F-D980144A06E8}
		{9756CF53-9811-3C46-A819-C73C0828D8CB} = {9756CF53-9811-3C46-A819-C73C0828D8CB}
		{EDDD3071-51C1-3951-83CB-8CD9F06FB4AE} = {EDDD3071-51C1-3951-83CB-8CD9F06FB4AE}
		{099FD53E-73C2-3254-9A9B-B58BE2D91612} = {099FD53E-73C2-3254-9A9B-B58BE2D91612}
		{A30B59DD-3F88-3B2D-8F09-B6EFEDFFAE93} = {A30B59DD-3F88-3B2D-8F09-B6EFEDFFAE93}
		{39311356-8795-31CF-8593-194E12110CE6} = {39311356-8795-31CF-8593-194E12110CE6}
	EndProjectSection
EndProject
Project("{8BC9CEB8-8B4A-11D0-8D11-00A0C91BC942}") = "loader", "src\loader\loader.vcxproj", "{314FFD0F-586B-3556-A3E5-E5B18B7C339A}"
	ProjectSection(ProjectDependencies) = postProject
		{A27EA167-967B-3C21-BA4F-D980144A06E8} = {A27EA167-967B-3C21-BA4F-D980144A06E8}
		{9756CF53-9811-3C46-A819-C73C0828D8CB} = {9756CF53-9811-3C46-A819-C73C0828D8CB}
		{8694C0BC-DC4A-330B-A5C4-C2BEF0E86170} = {8694C0BC-DC4A-330B-A5C4-C2BEF0E86170}
		{099FD53E-73C2-3254-9A9B-B58BE2D91612} = {099FD53E-73C2-3254-9A9B-B58BE2D91612}
		{7D29A11A-682F-3B3C-9938-EFA5E73083E3} = {7D29A11A-682F-3B3C-9938-EFA5E73083E3}
		{39311356-8795-31CF-8593-194E12110CE6} = {39311356-8795-31CF-8593-194E12110CE6}
	EndProjectSection
EndProject
Project("{8BC9CEB8-8B4A-11D0-8D11-00A0C91BC942}") = "macho-extractor", "src\macho-extractor\macho-extractor.vcxproj", "{2BD975C3-AD0E-312C-8B9A-836EDCE97C7C}"
	ProjectSection(ProjectDependencies) = postProject
		{A27EA167-967B-3C21-BA4F-D980144A06E8} = {A27EA167-967B-3C21-BA4F-D980144A06E8}
		{099FD53E-73C2-3254-9A9B-B58BE2D91612} = {099FD53E-73C2-3254-9A9B-B58BE2D91612}
		{39311356-8795-31CF-8593-194E12110CE6} = {39311356-8795-31CF-8593-194E12110CE6}
	EndProjectSection
EndProject
Project("{8BC9CEB8-8B4A-11D0-8D11-00A0C91BC942}") = "macho-extractortool", "src\macho-extractortool\macho-extractortool.vcxproj", "{0E73F8CE-2BA6-303C-B741-BFAE86D5C82E}"
	ProjectSection(ProjectDependencies) = postProject
		{A27EA167-967B-3C21-BA4F-D980144A06E8} = {A27EA167-967B-3C21-BA4F-D980144A06E8}
		{099FD53E-73C2-3254-9A9B-B58BE2D91612} = {099FD53E-73C2-3254-9A9B-B58BE2D91612}
		{2BD975C3-AD0E-312C-8B9A-836EDCE97C7C} = {2BD975C3-AD0E-312C-8B9A-836EDCE97C7C}
		{39311356-8795-31CF-8593-194E12110CE6} = {39311356-8795-31CF-8593-194E12110CE6}
	EndProjectSection
EndProject
Project("{8BC9CEB8-8B4A-11D0-8D11-00A0C91BC942}") = "main", "src\unpackertool\main.vcxproj", "{C99D4D8B-BA8A-34FF-9840-ED8A82ABA62A}"
	ProjectSection(ProjectDependencies) = postProject
		{A27EA167-967B-3C21-BA4F-D980144A06E8} = {A27EA167-967B-3C21-BA4F-D980144A06E8}
		{9756CF53-9811-3C46-A819-C73C0828D8CB} = {9756CF53-9811-3C46-A819-C73C0828D8CB}
		{C61F0D48-6C1E-3543-8D2F-AF192832ADC8} = {C61F0D48-6C1E-3543-8D2F-AF192832ADC8}
		{8694C0BC-DC4A-330B-A5C4-C2BEF0E86170} = {8694C0BC-DC4A-330B-A5C4-C2BEF0E86170}
		{099FD53E-73C2-3254-9A9B-B58BE2D91612} = {099FD53E-73C2-3254-9A9B-B58BE2D91612}
		{314FFD0F-586B-3556-A3E5-E5B18B7C339A} = {314FFD0F-586B-3556-A3E5-E5B18B7C339A}
		{7D29A11A-682F-3B3C-9938-EFA5E73083E3} = {7D29A11A-682F-3B3C-9938-EFA5E73083E3}
		{730F680C-B605-334C-A3F3-B14927FF6DC3} = {730F680C-B605-334C-A3F3-B14927FF6DC3}
		{8165AA94-05C2-38A0-A7DB-A25F6F001C92} = {8165AA94-05C2-38A0-A7DB-A25F6F001C92}
		{F60981BC-04A3-3883-B374-96D4DE6B5827} = {F60981BC-04A3-3883-B374-96D4DE6B5827}
		{39311356-8795-31CF-8593-194E12110CE6} = {39311356-8795-31CF-8593-194E12110CE6}
		{A5E5E001-032A-3CB2-AEC8-D99D8C81B77C} = {A5E5E001-032A-3CB2-AEC8-D99D8C81B77C}
		{2E1D4352-5FE3-3BDD-A141-7F293AB89DF7} = {2E1D4352-5FE3-3BDD-A141-7F293AB89DF7}
	EndProjectSection
EndProject
Project("{8BC9CEB8-8B4A-11D0-8D11-00A0C91BC942}") = "pat2yara", "src\pat2yara\pat2yara.vcxproj", "{4EA03C1E-0924-3A29-A6A0-5373284551FB}"
	ProjectSection(ProjectDependencies) = postProject
		{A27EA167-967B-3C21-BA4F-D980144A06E8} = {A27EA167-967B-3C21-BA4F-D980144A06E8}
		{9756CF53-9811-3C46-A819-C73C0828D8CB} = {9756CF53-9811-3C46-A819-C73C0828D8CB}
		{8694C0BC-DC4A-330B-A5C4-C2BEF0E86170} = {8694C0BC-DC4A-330B-A5C4-C2BEF0E86170}
		{099FD53E-73C2-3254-9A9B-B58BE2D91612} = {099FD53E-73C2-3254-9A9B-B58BE2D91612}
		{B0EA9810-6E47-37BE-BFC9-C931100CB2BC} = {B0EA9810-6E47-37BE-BFC9-C931100CB2BC}
		{7D29A11A-682F-3B3C-9938-EFA5E73083E3} = {7D29A11A-682F-3B3C-9938-EFA5E73083E3}
		{39311356-8795-31CF-8593-194E12110CE6} = {39311356-8795-31CF-8593-194E12110CE6}
		{A5688C2B-436D-3314-86C6-54A7FA3BE720} = {A5688C2B-436D-3314-86C6-54A7FA3BE720}
	EndProjectSection
EndProject
Project("{8BC9CEB8-8B4A-11D0-8D11-00A0C91BC942}") = "patterngen", "src\patterngen\patterngen.vcxproj", "{B0EA9810-6E47-37BE-BFC9-C931100CB2BC}"
	ProjectSection(ProjectDependencies) = postProject
		{A27EA167-967B-3C21-BA4F-D980144A06E8} = {A27EA167-967B-3C21-BA4F-D980144A06E8}
		{9756CF53-9811-3C46-A819-C73C0828D8CB} = {9756CF53-9811-3C46-A819-C73C0828D8CB}
		{8694C0BC-DC4A-330B-A5C4-C2BEF0E86170} = {8694C0BC-DC4A-330B-A5C4-C2BEF0E86170}
		{099FD53E-73C2-3254-9A9B-B58BE2D91612} = {099FD53E-73C2-3254-9A9B-B58BE2D91612}
		{7D29A11A-682F-3B3C-9938-EFA5E73083E3} = {7D29A11A-682F-3B3C-9938-EFA5E73083E3}
		{39311356-8795-31CF-8593-194E12110CE6} = {39311356-8795-31CF-8593-194E12110CE6}
		{A5688C2B-436D-3314-86C6-54A7FA3BE720} = {A5688C2B-436D-3314-86C6-54A7FA3BE720}
	EndProjectSection
EndProject
Project("{8BC9CEB8-8B4A-11D0-8D11-00A0C91BC942}") = "pdbparser", "src\pdbparser\pdbparser.vcxproj", "{BB711F0B-39FB-378E-8C73-A87190B3873E}"
	ProjectSection(ProjectDependencies) = postProject
		{A27EA167-967B-3C21-BA4F-D980144A06E8} = {A27EA167-967B-3C21-BA4F-D980144A06E8}
	EndProjectSection
EndProject
Project("{8BC9CEB8-8B4A-11D0-8D11-00A0C91BC942}") = "pelib", "src\pelib\pelib.vcxproj", "{7D29A11A-682F-3B3C-9938-EFA5E73083E3}"
	ProjectSection(ProjectDependencies) = postProject
		{A27EA167-967B-3C21-BA4F-D980144A06E8} = {A27EA167-967B-3C21-BA4F-D980144A06E8}
	EndProjectSection
EndProject
Project("{8BC9CEB8-8B4A-11D0-8D11-00A0C91BC942}") = "retdec", "src\retdec\retdec.vcxproj", "{5AE95F8C-ABF1-333D-8EEA-A59481DD4EC3}"
	ProjectSection(ProjectDependencies) = postProject
		{A27EA167-967B-3C21-BA4F-D980144A06E8} = {A27EA167-967B-3C21-BA4F-D980144A06E8}
		{19F7DE3E-91A9-3603-9897-C4F4D753B978} = {19F7DE3E-91A9-3603-9897-C4F4D753B978}
		{4894C394-7F6A-331B-9FE5-B6C492108026} = {4894C394-7F6A-331B-9FE5-B6C492108026}
		{A1109517-4249-3F90-B60B-957D64E7F1C9} = {A1109517-4249-3F90-B60B-957D64E7F1C9}
		{9756CF53-9811-3C46-A819-C73C0828D8CB} = {9756CF53-9811-3C46-A819-C73C0828D8CB}
		{EDDD3071-51C1-3951-83CB-8CD9F06FB4AE} = {EDDD3071-51C1-3951-83CB-8CD9F06FB4AE}
		{C61F0D48-6C1E-3543-8D2F-AF192832ADC8} = {C61F0D48-6C1E-3543-8D2F-AF192832ADC8}
		{08EF913D-15BE-39A0-BEC2-0A2483282804} = {08EF913D-15BE-39A0-BEC2-0A2483282804}
		{6F12A8AE-CC5B-363D-826D-E306A00F18AD} = {6F12A8AE-CC5B-363D-826D-E306A00F18AD}
		{92F85DBE-0E8D-3216-8030-E2A759DD5062} = {92F85DBE-0E8D-3216-8030-E2A759DD5062}
		{0355920B-04F5-3DF8-8F5D-170608E85BDE} = {0355920B-04F5-3DF8-8F5D-170608E85BDE}
		{8694C0BC-DC4A-330B-A5C4-C2BEF0E86170} = {8694C0BC-DC4A-330B-A5C4-C2BEF0E86170}
		{099FD53E-73C2-3254-9A9B-B58BE2D91612} = {099FD53E-73C2-3254-9A9B-B58BE2D91612}
		{EF77AAB8-C054-3C7B-893E-7694D87BDA65} = {EF77AAB8-C054-3C7B-893E-7694D87BDA65}
		{314FFD0F-586B-3556-A3E5-E5B18B7C339A} = {314FFD0F-586B-3556-A3E5-E5B18B7C339A}
		{BB711F0B-39FB-378E-8C73-A87190B3873E} = {BB711F0B-39FB-378E-8C73-A87190B3873E}
		{7D29A11A-682F-3B3C-9938-EFA5E73083E3} = {7D29A11A-682F-3B3C-9938-EFA5E73083E3}
		{A04BDE66-64DF-3AED-AC62-83FDBBF0DD8F} = {A04BDE66-64DF-3AED-AC62-83FDBBF0DD8F}
		{A30B59DD-3F88-3B2D-8F09-B6EFEDFFAE93} = {A30B59DD-3F88-3B2D-8F09-B6EFEDFFAE93}
		{24C54EBA-EA28-31FE-A10E-32D06DC1AFC1} = {24C54EBA-EA28-31FE-A10E-32D06DC1AFC1}
		{730F680C-B605-334C-A3F3-B14927FF6DC3} = {730F680C-B605-334C-A3F3-B14927FF6DC3}
		{39311356-8795-31CF-8593-194E12110CE6} = {39311356-8795-31CF-8593-194E12110CE6}
		{A5E5E001-032A-3CB2-AEC8-D99D8C81B77C} = {A5E5E001-032A-3CB2-AEC8-D99D8C81B77C}
		{2E1D4352-5FE3-3BDD-A141-7F293AB89DF7} = {2E1D4352-5FE3-3BDD-A141-7F293AB89DF7}
	EndProjectSection
EndProject
Project("{8BC9CEB8-8B4A-11D0-8D11-00A0C91BC942}") = "retdec-decompiler", "src\retdec-decompiler\retdec-decompiler.vcxproj", "{3D270BFF-7346-35DE-BD8A-6D0284908C65}"
	ProjectSection(ProjectDependencies) = postProject
		{A27EA167-967B-3C21-BA4F-D980144A06E8} = {A27EA167-967B-3C21-BA4F-D980144A06E8}
		{9A72A9F8-B246-3FDE-B2FB-E5A784839C5C} = {9A72A9F8-B246-3FDE-B2FB-E5A784839C5C}
		{19F7DE3E-91A9-3603-9897-C4F4D753B978} = {19F7DE3E-91A9-3603-9897-C4F4D753B978}
		{4894C394-7F6A-331B-9FE5-B6C492108026} = {4894C394-7F6A-331B-9FE5-B6C492108026}
		{A1109517-4249-3F90-B60B-957D64E7F1C9} = {A1109517-4249-3F90-B60B-957D64E7F1C9}
		{9756CF53-9811-3C46-A819-C73C0828D8CB} = {9756CF53-9811-3C46-A819-C73C0828D8CB}
		{EDDD3071-51C1-3951-83CB-8CD9F06FB4AE} = {EDDD3071-51C1-3951-83CB-8CD9F06FB4AE}
		{C61F0D48-6C1E-3543-8D2F-AF192832ADC8} = {C61F0D48-6C1E-3543-8D2F-AF192832ADC8}
		{08EF913D-15BE-39A0-BEC2-0A2483282804} = {08EF913D-15BE-39A0-BEC2-0A2483282804}
		{6F12A8AE-CC5B-363D-826D-E306A00F18AD} = {6F12A8AE-CC5B-363D-826D-E306A00F18AD}
		{92F85DBE-0E8D-3216-8030-E2A759DD5062} = {92F85DBE-0E8D-3216-8030-E2A759DD5062}
		{0355920B-04F5-3DF8-8F5D-170608E85BDE} = {0355920B-04F5-3DF8-8F5D-170608E85BDE}
		{8694C0BC-DC4A-330B-A5C4-C2BEF0E86170} = {8694C0BC-DC4A-330B-A5C4-C2BEF0E86170}
		{099FD53E-73C2-3254-9A9B-B58BE2D91612} = {099FD53E-73C2-3254-9A9B-B58BE2D91612}
		{EF77AAB8-C054-3C7B-893E-7694D87BDA65} = {EF77AAB8-C054-3C7B-893E-7694D87BDA65}
		{314FFD0F-586B-3556-A3E5-E5B18B7C339A} = {314FFD0F-586B-3556-A3E5-E5B18B7C339A}
		{2BD975C3-AD0E-312C-8B9A-836EDCE97C7C} = {2BD975C3-AD0E-312C-8B9A-836EDCE97C7C}
		{BB711F0B-39FB-378E-8C73-A87190B3873E} = {BB711F0B-39FB-378E-8C73-A87190B3873E}
		{7D29A11A-682F-3B3C-9938-EFA5E73083E3} = {7D29A11A-682F-3B3C-9938-EFA5E73083E3}
		{5AE95F8C-ABF1-333D-8EEA-A59481DD4EC3} = {5AE95F8C-ABF1-333D-8EEA-A59481DD4EC3}
		{A04BDE66-64DF-3AED-AC62-83FDBBF0DD8F} = {A04BDE66-64DF-3AED-AC62-83FDBBF0DD8F}
		{A30B59DD-3F88-3B2D-8F09-B6EFEDFFAE93} = {A30B59DD-3F88-3B2D-8F09-B6EFEDFFAE93}
		{24C54EBA-EA28-31FE-A10E-32D06DC1AFC1} = {24C54EBA-EA28-31FE-A10E-32D06DC1AFC1}
		{730F680C-B605-334C-A3F3-B14927FF6DC3} = {730F680C-B605-334C-A3F3-B14927FF6DC3}
		{8165AA94-05C2-38A0-A7DB-A25F6F001C92} = {8165AA94-05C2-38A0-A7DB-A25F6F001C92}
		{F60981BC-04A3-3883-B374-96D4DE6B5827} = {F60981BC-04A3-3883-B374-96D4DE6B5827}
		{39311356-8795-31CF-8593-194E12110CE6} = {39311356-8795-31CF-8593-194E12110CE6}
		{A5E5E001-032A-3CB2-AEC8-D99D8C81B77C} = {A5E5E001-032A-3CB2-AEC8-D99D8C81B77C}
		{2E1D4352-5FE3-3BDD-A141-7F293AB89DF7} = {2E1D4352-5FE3-3BDD-A141-7F293AB89DF7}
	EndProjectSection
EndProject
Project("{8BC9CEB8-8B4A-11D0-8D11-00A0C91BC942}") = "rtti-finder", "src\rtti-finder\rtti-finder.vcxproj", "{A04BDE66-64DF-3AED-AC62-83FDBBF0DD8F}"
	ProjectSection(ProjectDependencies) = postProject
		{A27EA167-967B-3C21-BA4F-D980144A06E8} = {A27EA167-967B-3C21-BA4F-D980144A06E8}
		{9756CF53-9811-3C46-A819-C73C0828D8CB} = {9756CF53-9811-3C46-A819-C73C0828D8CB}
		{8694C0BC-DC4A-330B-A5C4-C2BEF0E86170} = {8694C0BC-DC4A-330B-A5C4-C2BEF0E86170}
		{099FD53E-73C2-3254-9A9B-B58BE2D91612} = {099FD53E-73C2-3254-9A9B-B58BE2D91612}
		{314FFD0F-586B-3556-A3E5-E5B18B7C339A} = {314FFD0F-586B-3556-A3E5-E5B18B7C339A}
		{7D29A11A-682F-3B3C-9938-EFA5E73083E3} = {7D29A11A-682F-3B3C-9938-EFA5E73083E3}
		{39311356-8795-31CF-8593-194E12110CE6} = {39311356-8795-31CF-8593-194E12110CE6}
	EndProjectSection
EndProject
Project("{8BC9CEB8-8B4A-11D0-8D11-00A0C91BC942}") = "serdes", "src\serdes\serdes.vcxproj", "{A30B59DD-3F88-3B2D-8F09-B6EFEDFFAE93}"
	ProjectSection(ProjectDependencies) = postProject
		{A27EA167-967B-3C21-BA4F-D980144A06E8} = {A27EA167-967B-3C21-BA4F-D980144A06E8}
		{9756CF53-9811-3C46-A819-C73C0828D8CB} = {9756CF53-9811-3C46-A819-C73C0828D8CB}
		{39311356-8795-31CF-8593-194E12110CE6} = {39311356-8795-31CF-8593-194E12110CE6}
	EndProjectSection
EndProject
Project("{8BC9CEB8-8B4A-11D0-8D11-00A0C91BC942}") = "stacofin", "src\stacofin\stacofin.vcxproj", "{24C54EBA-EA28-31FE-A10E-32D06DC1AFC1}"
	ProjectSection(ProjectDependencies) = postProject
		{A27EA167-967B-3C21-BA4F-D980144A06E8} = {A27EA167-967B-3C21-BA4F-D980144A06E8}
		{4894C394-7F6A-331B-9FE5-B6C492108026} = {4894C394-7F6A-331B-9FE5-B6C492108026}
		{9756CF53-9811-3C46-A819-C73C0828D8CB} = {9756CF53-9811-3C46-A819-C73C0828D8CB}
		{EDDD3071-51C1-3951-83CB-8CD9F06FB4AE} = {EDDD3071-51C1-3951-83CB-8CD9F06FB4AE}
		{8694C0BC-DC4A-330B-A5C4-C2BEF0E86170} = {8694C0BC-DC4A-330B-A5C4-C2BEF0E86170}
		{099FD53E-73C2-3254-9A9B-B58BE2D91612} = {099FD53E-73C2-3254-9A9B-B58BE2D91612}
		{314FFD0F-586B-3556-A3E5-E5B18B7C339A} = {314FFD0F-586B-3556-A3E5-E5B18B7C339A}
		{7D29A11A-682F-3B3C-9938-EFA5E73083E3} = {7D29A11A-682F-3B3C-9938-EFA5E73083E3}
		{A30B59DD-3F88-3B2D-8F09-B6EFEDFFAE93} = {A30B59DD-3F88-3B2D-8F09-B6EFEDFFAE93}
		{39311356-8795-31CF-8593-194E12110CE6} = {39311356-8795-31CF-8593-194E12110CE6}
		{A5E5E001-032A-3CB2-AEC8-D99D8C81B77C} = {A5E5E001-032A-3CB2-AEC8-D99D8C81B77C}
		{2E1D4352-5FE3-3BDD-A141-7F293AB89DF7} = {2E1D4352-5FE3-3BDD-A141-7F293AB89DF7}
	EndProjectSection
EndProject
Project("{8BC9CEB8-8B4A-11D0-8D11-00A0C91BC942}") = "stacofintool", "src\stacofintool\stacofintool.vcxproj", "{967F274C-DCE5-3776-9984-218B40D9BA04}"
	ProjectSection(ProjectDependencies) = postProject
		{A27EA167-967B-3C21-BA4F-D980144A06E8} = {A27EA167-967B-3C21-BA4F-D980144A06E8}
		{4894C394-7F6A-331B-9FE5-B6C492108026} = {4894C394-7F6A-331B-9FE5-B6C492108026}
		{9756CF53-9811-3C46-A819-C73C0828D8CB} = {9756CF53-9811-3C46-A819-C73C0828D8CB}
		{EDDD3071-51C1-3951-83CB-8CD9F06FB4AE} = {EDDD3071-51C1-3951-83CB-8CD9F06FB4AE}
		{8694C0BC-DC4A-330B-A5C4-C2BEF0E86170} = {8694C0BC-DC4A-330B-A5C4-C2BEF0E86170}
		{099FD53E-73C2-3254-9A9B-B58BE2D91612} = {099FD53E-73C2-3254-9A9B-B58BE2D91612}
		{314FFD0F-586B-3556-A3E5-E5B18B7C339A} = {314FFD0F-586B-3556-A3E5-E5B18B7C339A}
		{7D29A11A-682F-3B3C-9938-EFA5E73083E3} = {7D29A11A-682F-3B3C-9938-EFA5E73083E3}
		{A30B59DD-3F88-3B2D-8F09-B6EFEDFFAE93} = {A30B59DD-3F88-3B2D-8F09-B6EFEDFFAE93}
		{24C54EBA-EA28-31FE-A10E-32D06DC1AFC1} = {24C54EBA-EA28-31FE-A10E-32D06DC1AFC1}
		{39311356-8795-31CF-8593-194E12110CE6} = {39311356-8795-31CF-8593-194E12110CE6}
		{A5E5E001-032A-3CB2-AEC8-D99D8C81B77C} = {A5E5E001-032A-3CB2-AEC8-D99D8C81B77C}
		{2E1D4352-5FE3-3BDD-A141-7F293AB89DF7} = {2E1D4352-5FE3-3BDD-A141-7F293AB89DF7}
	EndProjectSection
EndProject
Project("{8BC9CEB8-8B4A-11D0-8D11-00A0C91BC942}") = "tinyxml2", "deps\tinyxml2\tinyxml2.vcxproj", "{730F680C-B605-334C-A3F3-B14927FF6DC3}"
	ProjectSection(ProjectDependencies) = postProject
		{A27EA167-967B-3C21-BA4F-D980144A06E8} = {A27EA167-967B-3C21-BA4F-D980144A06E8}
	EndProjectSection
EndProject
Project("{8BC9CEB8-8B4A-11D0-8D11-00A0C91BC942}") = "unpacker", "src\unpacker\unpacker.vcxproj", "{8165AA94-05C2-38A0-A7DB-A25F6F001C92}"
	ProjectSection(ProjectDependencies) = postProject
		{A27EA167-967B-3C21-BA4F-D980144A06E8} = {A27EA167-967B-3C21-BA4F-D980144A06E8}
		{9756CF53-9811-3C46-A819-C73C0828D8CB} = {9756CF53-9811-3C46-A819-C73C0828D8CB}
		{8694C0BC-DC4A-330B-A5C4-C2BEF0E86170} = {8694C0BC-DC4A-330B-A5C4-C2BEF0E86170}
		{099FD53E-73C2-3254-9A9B-B58BE2D91612} = {099FD53E-73C2-3254-9A9B-B58BE2D91612}
		{314FFD0F-586B-3556-A3E5-E5B18B7C339A} = {314FFD0F-586B-3556-A3E5-E5B18B7C339A}
		{7D29A11A-682F-3B3C-9938-EFA5E73083E3} = {7D29A11A-682F-3B3C-9938-EFA5E73083E3}
		{39311356-8795-31CF-8593-194E12110CE6} = {39311356-8795-31CF-8593-194E12110CE6}
	EndProjectSection
EndProject
Project("{8BC9CEB8-8B4A-11D0-8D11-00A0C91BC942}") = "unpackertool", "src\unpackertool\unpackertool.vcxproj", "{F60981BC-04A3-3883-B374-96D4DE6B5827}"
	ProjectSection(ProjectDependencies) = postProject
		{A27EA167-967B-3C21-BA4F-D980144A06E8} = {A27EA167-967B-3C21-BA4F-D980144A06E8}
		{9756CF53-9811-3C46-A819-C73C0828D8CB} = {9756CF53-9811-3C46-A819-C73C0828D8CB}
		{C61F0D48-6C1E-3543-8D2F-AF192832ADC8} = {C61F0D48-6C1E-3543-8D2F-AF192832ADC8}
		{8694C0BC-DC4A-330B-A5C4-C2BEF0E86170} = {8694C0BC-DC4A-330B-A5C4-C2BEF0E86170}
		{099FD53E-73C2-3254-9A9B-B58BE2D91612} = {099FD53E-73C2-3254-9A9B-B58BE2D91612}
		{314FFD0F-586B-3556-A3E5-E5B18B7C339A} = {314FFD0F-586B-3556-A3E5-E5B18B7C339A}
		{7D29A11A-682F-3B3C-9938-EFA5E73083E3} = {7D29A11A-682F-3B3C-9938-EFA5E73083E3}
		{730F680C-B605-334C-A3F3-B14927FF6DC3} = {730F680C-B605-334C-A3F3-B14927FF6DC3}
		{8165AA94-05C2-38A0-A7DB-A25F6F001C92} = {8165AA94-05C2-38A0-A7DB-A25F6F001C92}
		{39311356-8795-31CF-8593-194E12110CE6} = {39311356-8795-31CF-8593-194E12110CE6}
		{A5E5E001-032A-3CB2-AEC8-D99D8C81B77C} = {A5E5E001-032A-3CB2-AEC8-D99D8C81B77C}
		{2E1D4352-5FE3-3BDD-A141-7F293AB89DF7} = {2E1D4352-5FE3-3BDD-A141-7F293AB89DF7}
	EndProjectSection
EndProject
Project("{8BC9CEB8-8B4A-11D0-8D11-00A0C91BC942}") = "utils", "src\utils\utils.vcxproj", "{39311356-8795-31CF-8593-194E12110CE6}"
	ProjectSection(ProjectDependencies) = postProject
		{A27EA167-967B-3C21-BA4F-D980144A06E8} = {A27EA167-967B-3C21-BA4F-D980144A06E8}
	EndProjectSection
EndProject
Project("{8BC9CEB8-8B4A-11D0-8D11-00A0C91BC942}") = "yara", "deps\yara\yara.vcxproj", "{A5E5E001-032A-3CB2-AEC8-D99D8C81B77C}"
	ProjectSection(ProjectDependencies) = postProject
		{A27EA167-967B-3C21-BA4F-D980144A06E8} = {A27EA167-967B-3C21-BA4F-D980144A06E8}
	EndProjectSection
EndProject
Project("{8BC9CEB8-8B4A-11D0-8D11-00A0C91BC942}") = "yaracpp", "src\yaracpp\yaracpp.vcxproj", "{2E1D4352-5FE3-3BDD-A141-7F293AB89DF7}"
	ProjectSection(ProjectDependencies) = postProject
		{A27EA167-967B-3C21-BA4F-D980144A06E8} = {A27EA167-967B-3C21-BA4F-D980144A06E8}
		{A5E5E001-032A-3CB2-AEC8-D99D8C81B77C} = {A5E5E001-032A-3CB2-AEC8-D99D8C81B77C}
	EndProjectSection
EndProject
Project("{8BC9CEB8-8B4A-11D0-8D11-00A0C91BC942}") = "yaramod-project", "deps\yaramod\yaramod-project.vcxproj", "{A5688C2B-436D-3314-86C6-54A7FA3BE720}"
	ProjectSection(ProjectDependencies) = postProject
		{A27EA167-967B-3C21-BA4F-D980144A06E8} = {A27EA167-967B-3C21-BA4F-D980144A06E8}
	EndProjectSection
EndProject
Global
	GlobalSection(SolutionConfigurationPlatforms) = preSolution
		Debug|Win32 = Debug|Win32
		MinSizeRel|Win32 = MinSizeRel|Win32
		Release|Win32 = Release|Win32
		RelWithDebInfo|Win32 = RelWithDebInfo|Win32
	EndGlobalSection
	GlobalSection(ProjectConfigurationPlatforms) = postSolution
		{0CDAA21A-0494-3E14-AE18-0644ADAD4B06}.Debug|Win32.ActiveCfg = Debug|Win32
		{0CDAA21A-0494-3E14-AE18-0644ADAD4B06}.Debug|Win32.Build.0 = Debug|Win32
		{0CDAA21A-0494-3E14-AE18-0644ADAD4B06}.MinSizeRel|Win32.ActiveCfg = MinSizeRel|Win32
		{0CDAA21A-0494-3E14-AE18-0644ADAD4B06}.MinSizeRel|Win32.Build.0 = MinSizeRel|Win32
		{0CDAA21A-0494-3E14-AE18-0644ADAD4B06}.Release|Win32.ActiveCfg = Release|Win32
		{0CDAA21A-0494-3E14-AE18-0644ADAD4B06}.Release|Win32.Build.0 = Release|Win32
		{0CDAA21A-0494-3E14-AE18-0644ADAD4B06}.RelWithDebInfo|Win32.ActiveCfg = RelWithDebInfo|Win32
		{0CDAA21A-0494-3E14-AE18-0644ADAD4B06}.RelWithDebInfo|Win32.Build.0 = RelWithDebInfo|Win32
		{AF7FC82A-5B6A-36C2-AB2D-CF8AEF7B32D6}.Debug|Win32.ActiveCfg = Debug|Win32
		{AF7FC82A-5B6A-36C2-AB2D-CF8AEF7B32D6}.MinSizeRel|Win32.ActiveCfg = MinSizeRel|Win32
		{AF7FC82A-5B6A-36C2-AB2D-CF8AEF7B32D6}.Release|Win32.ActiveCfg = Release|Win32
		{AF7FC82A-5B6A-36C2-AB2D-CF8AEF7B32D6}.RelWithDebInfo|Win32.ActiveCfg = RelWithDebInfo|Win32
		{A27EA167-967B-3C21-BA4F-D980144A06E8}.Debug|Win32.ActiveCfg = Debug|Win32
		{A27EA167-967B-3C21-BA4F-D980144A06E8}.Debug|Win32.Build.0 = Debug|Win32
		{A27EA167-967B-3C21-BA4F-D980144A06E8}.MinSizeRel|Win32.ActiveCfg = MinSizeRel|Win32
		{A27EA167-967B-3C21-BA4F-D980144A06E8}.MinSizeRel|Win32.Build.0 = MinSizeRel|Win32
		{A27EA167-967B-3C21-BA4F-D980144A06E8}.Release|Win32.ActiveCfg = Release|Win32
		{A27EA167-967B-3C21-BA4F-D980144A06E8}.Release|Win32.Build.0 = Release|Win32
		{A27EA167-967B-3C21-BA4F-D980144A06E8}.RelWithDebInfo|Win32.ActiveCfg = RelWithDebInfo|Win32
		{A27EA167-967B-3C21-BA4F-D980144A06E8}.RelWithDebInfo|Win32.Build.0 = RelWithDebInfo|Win32
		{9A72A9F8-B246-3FDE-B2FB-E5A784839C5C}.Debug|Win32.ActiveCfg = Debug|Win32
		{9A72A9F8-B246-3FDE-B2FB-E5A784839C5C}.Debug|Win32.Build.0 = Debug|Win32
		{9A72A9F8-B246-3FDE-B2FB-E5A784839C5C}.MinSizeRel|Win32.ActiveCfg = MinSizeRel|Win32
		{9A72A9F8-B246-3FDE-B2FB-E5A784839C5C}.MinSizeRel|Win32.Build.0 = MinSizeRel|Win32
		{9A72A9F8-B246-3FDE-B2FB-E5A784839C5C}.Release|Win32.ActiveCfg = Release|Win32
		{9A72A9F8-B246-3FDE-B2FB-E5A784839C5C}.Release|Win32.Build.0 = Release|Win32
		{9A72A9F8-B246-3FDE-B2FB-E5A784839C5C}.RelWithDebInfo|Win32.ActiveCfg = RelWithDebInfo|Win32
		{9A72A9F8-B246-3FDE-B2FB-E5A784839C5C}.RelWithDebInfo|Win32.Build.0 = RelWithDebInfo|Win32
		{FEB0CD37-D1B2-3904-A454-A9DBDF461A7E}.Debug|Win32.ActiveCfg = Debug|Win32
		{FEB0CD37-D1B2-3904-A454-A9DBDF461A7E}.Debug|Win32.Build.0 = Debug|Win32
		{FEB0CD37-D1B2-3904-A454-A9DBDF461A7E}.MinSizeRel|Win32.ActiveCfg = MinSizeRel|Win32
		{FEB0CD37-D1B2-3904-A454-A9DBDF461A7E}.MinSizeRel|Win32.Build.0 = MinSizeRel|Win32
		{FEB0CD37-D1B2-3904-A454-A9DBDF461A7E}.Release|Win32.ActiveCfg = Release|Win32
		{FEB0CD37-D1B2-3904-A454-A9DBDF461A7E}.Release|Win32.Build.0 = Release|Win32
		{FEB0CD37-D1B2-3904-A454-A9DBDF461A7E}.RelWithDebInfo|Win32.ActiveCfg = RelWithDebInfo|Win32
		{FEB0CD37-D1B2-3904-A454-A9DBDF461A7E}.RelWithDebInfo|Win32.Build.0 = RelWithDebInfo|Win32
		{19F7DE3E-91A9-3603-9897-C4F4D753B978}.Debug|Win32.ActiveCfg = Debug|Win32
		{19F7DE3E-91A9-3603-9897-C4F4D753B978}.Debug|Win32.Build.0 = Debug|Win32
		{19F7DE3E-91A9-3603-9897-C4F4D753B978}.MinSizeRel|Win32.ActiveCfg = MinSizeRel|Win32
		{19F7DE3E-91A9-3603-9897-C4F4D753B978}.MinSizeRel|Win32.Build.0 = MinSizeRel|Win32
		{19F7DE3E-91A9-3603-9897-C4F4D753B978}.Release|Win32.ActiveCfg = Release|Win32
		{19F7DE3E-91A9-3603-9897-C4F4D753B978}.Release|Win32.Build.0 = Release|Win32
		{19F7DE3E-91A9-3603-9897-C4F4D753B978}.RelWithDebInfo|Win32.ActiveCfg = RelWithDebInfo|Win32
		{19F7DE3E-91A9-3603-9897-C4F4D753B978}.RelWithDebInfo|Win32.Build.0 = RelWithDebInfo|Win32
		{6436BB8C-D902-3B01-9C0A-D84014CF86E7}.Debug|Win32.ActiveCfg = Debug|Win32
		{6436BB8C-D902-3B01-9C0A-D84014CF86E7}.Debug|Win32.Build.0 = Debug|Win32
		{6436BB8C-D902-3B01-9C0A-D84014CF86E7}.MinSizeRel|Win32.ActiveCfg = MinSizeRel|Win32
		{6436BB8C-D902-3B01-9C0A-D84014CF86E7}.MinSizeRel|Win32.Build.0 = MinSizeRel|Win32
		{6436BB8C-D902-3B01-9C0A-D84014CF86E7}.Release|Win32.ActiveCfg = Release|Win32
		{6436BB8C-D902-3B01-9C0A-D84014CF86E7}.Release|Win32.Build.0 = Release|Win32
		{6436BB8C-D902-3B01-9C0A-D84014CF86E7}.RelWithDebInfo|Win32.ActiveCfg = RelWithDebInfo|Win32
		{6436BB8C-D902-3B01-9C0A-D84014CF86E7}.RelWithDebInfo|Win32.Build.0 = RelWithDebInfo|Win32
		{4894C394-7F6A-331B-9FE5-B6C492108026}.Debug|Win32.ActiveCfg = Debug|Win32
		{4894C394-7F6A-331B-9FE5-B6C492108026}.Debug|Win32.Build.0 = Debug|Win32
		{4894C394-7F6A-331B-9FE5-B6C492108026}.MinSizeRel|Win32.ActiveCfg = MinSizeRel|Win32
		{4894C394-7F6A-331B-9FE5-B6C492108026}.MinSizeRel|Win32.Build.0 = MinSizeRel|Win32
		{4894C394-7F6A-331B-9FE5-B6C492108026}.Release|Win32.ActiveCfg = Release|Win32
		{4894C394-7F6A-331B-9FE5-B6C492108026}.Release|Win32.Build.0 = Release|Win32
		{4894C394-7F6A-331B-9FE5-B6C492108026}.RelWithDebInfo|Win32.ActiveCfg = RelWithDebInfo|Win32
		{4894C394-7F6A-331B-9FE5-B6C492108026}.RelWithDebInfo|Win32.Build.0 = RelWithDebInfo|Win32
		{A1109517-4249-3F90-B60B-957D64E7F1C9}.Debug|Win32.ActiveCfg = Debug|Win32
		{A1109517-4249-3F90-B60B-957D64E7F1C9}.Debug|Win32.Build.0 = Debug|Win32
		{A1109517-4249-3F90-B60B-957D64E7F1C9}.MinSizeRel|Win32.ActiveCfg = MinSizeRel|Win32
		{A1109517-4249-3F90-B60B-957D64E7F1C9}.MinSizeRel|Win32.Build.0 = MinSizeRel|Win32
		{A1109517-4249-3F90-B60B-957D64E7F1C9}.Release|Win32.ActiveCfg = Release|Win32
		{A1109517-4249-3F90-B60B-957D64E7F1C9}.Release|Win32.Build.0 = Release|Win32
		{A1109517-4249-3F90-B60B-957D64E7F1C9}.RelWithDebInfo|Win32.ActiveCfg = RelWithDebInfo|Win32
		{A1109517-4249-3F90-B60B-957D64E7F1C9}.RelWithDebInfo|Win32.Build.0 = RelWithDebInfo|Win32
		{9756CF53-9811-3C46-A819-C73C0828D8CB}.Debug|Win32.ActiveCfg = Debug|Win32
		{9756CF53-9811-3C46-A819-C73C0828D8CB}.Debug|Win32.Build.0 = Debug|Win32
		{9756CF53-9811-3C46-A819-C73C0828D8CB}.MinSizeRel|Win32.ActiveCfg = MinSizeRel|Win32
		{9756CF53-9811-3C46-A819-C73C0828D8CB}.MinSizeRel|Win32.Build.0 = MinSizeRel|Win32
		{9756CF53-9811-3C46-A819-C73C0828D8CB}.Release|Win32.ActiveCfg = Release|Win32
		{9756CF53-9811-3C46-A819-C73C0828D8CB}.Release|Win32.Build.0 = Release|Win32
		{9756CF53-9811-3C46-A819-C73C0828D8CB}.RelWithDebInfo|Win32.ActiveCfg = RelWithDebInfo|Win32
		{9756CF53-9811-3C46-A819-C73C0828D8CB}.RelWithDebInfo|Win32.Build.0 = RelWithDebInfo|Win32
		{EDDD3071-51C1-3951-83CB-8CD9F06FB4AE}.Debug|Win32.ActiveCfg = Debug|Win32
		{EDDD3071-51C1-3951-83CB-8CD9F06FB4AE}.Debug|Win32.Build.0 = Debug|Win32
		{EDDD3071-51C1-3951-83CB-8CD9F06FB4AE}.MinSizeRel|Win32.ActiveCfg = MinSizeRel|Win32
		{EDDD3071-51C1-3951-83CB-8CD9F06FB4AE}.MinSizeRel|Win32.Build.0 = MinSizeRel|Win32
		{EDDD3071-51C1-3951-83CB-8CD9F06FB4AE}.Release|Win32.ActiveCfg = Release|Win32
		{EDDD3071-51C1-3951-83CB-8CD9F06FB4AE}.Release|Win32.Build.0 = Release|Win32
		{EDDD3071-51C1-3951-83CB-8CD9F06FB4AE}.RelWithDebInfo|Win32.ActiveCfg = RelWithDebInfo|Win32
		{EDDD3071-51C1-3951-83CB-8CD9F06FB4AE}.RelWithDebInfo|Win32.Build.0 = RelWithDebInfo|Win32
		{C61F0D48-6C1E-3543-8D2F-AF192832ADC8}.Debug|Win32.ActiveCfg = Debug|Win32
		{C61F0D48-6C1E-3543-8D2F-AF192832ADC8}.Debug|Win32.Build.0 = Debug|Win32
		{C61F0D48-6C1E-3543-8D2F-AF192832ADC8}.MinSizeRel|Win32.ActiveCfg = MinSizeRel|Win32
		{C61F0D48-6C1E-3543-8D2F-AF192832ADC8}.MinSizeRel|Win32.Build.0 = MinSizeRel|Win32
		{C61F0D48-6C1E-3543-8D2F-AF192832ADC8}.Release|Win32.ActiveCfg = Release|Win32
		{C61F0D48-6C1E-3543-8D2F-AF192832ADC8}.Release|Win32.Build.0 = Release|Win32
		{C61F0D48-6C1E-3543-8D2F-AF192832ADC8}.RelWithDebInfo|Win32.ActiveCfg = RelWithDebInfo|Win32
		{C61F0D48-6C1E-3543-8D2F-AF192832ADC8}.RelWithDebInfo|Win32.Build.0 = RelWithDebInfo|Win32
		{08EF913D-15BE-39A0-BEC2-0A2483282804}.Debug|Win32.ActiveCfg = Debug|Win32
		{08EF913D-15BE-39A0-BEC2-0A2483282804}.Debug|Win32.Build.0 = Debug|Win32
		{08EF913D-15BE-39A0-BEC2-0A2483282804}.MinSizeRel|Win32.ActiveCfg = MinSizeRel|Win32
		{08EF913D-15BE-39A0-BEC2-0A2483282804}.MinSizeRel|Win32.Build.0 = MinSizeRel|Win32
		{08EF913D-15BE-39A0-BEC2-0A2483282804}.Release|Win32.ActiveCfg = Release|Win32
		{08EF913D-15BE-39A0-BEC2-0A2483282804}.Release|Win32.Build.0 = Release|Win32
		{08EF913D-15BE-39A0-BEC2-0A2483282804}.RelWithDebInfo|Win32.ActiveCfg = RelWithDebInfo|Win32
		{08EF913D-15BE-39A0-BEC2-0A2483282804}.RelWithDebInfo|Win32.Build.0 = RelWithDebInfo|Win32
		{6F12A8AE-CC5B-363D-826D-E306A00F18AD}.Debug|Win32.ActiveCfg = Debug|Win32
		{6F12A8AE-CC5B-363D-826D-E306A00F18AD}.Debug|Win32.Build.0 = Debug|Win32
		{6F12A8AE-CC5B-363D-826D-E306A00F18AD}.MinSizeRel|Win32.ActiveCfg = MinSizeRel|Win32
		{6F12A8AE-CC5B-363D-826D-E306A00F18AD}.MinSizeRel|Win32.Build.0 = MinSizeRel|Win32
		{6F12A8AE-CC5B-363D-826D-E306A00F18AD}.Release|Win32.ActiveCfg = Release|Win32
		{6F12A8AE-CC5B-363D-826D-E306A00F18AD}.Release|Win32.Build.0 = Release|Win32
		{6F12A8AE-CC5B-363D-826D-E306A00F18AD}.RelWithDebInfo|Win32.ActiveCfg = RelWithDebInfo|Win32
		{6F12A8AE-CC5B-363D-826D-E306A00F18AD}.RelWithDebInfo|Win32.Build.0 = RelWithDebInfo|Win32
		{92F85DBE-0E8D-3216-8030-E2A759DD5062}.Debug|Win32.ActiveCfg = Debug|Win32
		{92F85DBE-0E8D-3216-8030-E2A759DD5062}.Debug|Win32.Build.0 = Debug|Win32
		{92F85DBE-0E8D-3216-8030-E2A759DD5062}.MinSizeRel|Win32.ActiveCfg = MinSizeRel|Win32
		{92F85DBE-0E8D-3216-8030-E2A759DD5062}.MinSizeRel|Win32.Build.0 = MinSizeRel|Win32
		{92F85DBE-0E8D-3216-8030-E2A759DD5062}.Release|Win32.ActiveCfg = Release|Win32
		{92F85DBE-0E8D-3216-8030-E2A759DD5062}.Release|Win32.Build.0 = Release|Win32
		{92F85DBE-0E8D-3216-8030-E2A759DD5062}.RelWithDebInfo|Win32.ActiveCfg = RelWithDebInfo|Win32
		{92F85DBE-0E8D-3216-8030-E2A759DD5062}.RelWithDebInfo|Win32.Build.0 = RelWithDebInfo|Win32
		{0355920B-04F5-3DF8-8F5D-170608E85BDE}.Debug|Win32.ActiveCfg = Debug|Win32
		{0355920B-04F5-3DF8-8F5D-170608E85BDE}.Debug|Win32.Build.0 = Debug|Win32
		{0355920B-04F5-3DF8-8F5D-170608E85BDE}.MinSizeRel|Win32.ActiveCfg = MinSizeRel|Win32
		{0355920B-04F5-3DF8-8F5D-170608E85BDE}.MinSizeRel|Win32.Build.0 = MinSizeRel|Win32
		{0355920B-04F5-3DF8-8F5D-170608E85BDE}.Release|Win32.ActiveCfg = Release|Win32
		{0355920B-04F5-3DF8-8F5D-170608E85BDE}.Release|Win32.Build.0 = Release|Win32
		{0355920B-04F5-3DF8-8F5D-170608E85BDE}.RelWithDebInfo|Win32.ActiveCfg = RelWithDebInfo|Win32
		{0355920B-04F5-3DF8-8F5D-170608E85BDE}.RelWithDebInfo|Win32.Build.0 = RelWithDebInfo|Win32
		{8694C0BC-DC4A-330B-A5C4-C2BEF0E86170}.Debug|Win32.ActiveCfg = Debug|Win32
		{8694C0BC-DC4A-330B-A5C4-C2BEF0E86170}.Debug|Win32.Build.0 = Debug|Win32
		{8694C0BC-DC4A-330B-A5C4-C2BEF0E86170}.MinSizeRel|Win32.ActiveCfg = MinSizeRel|Win32
		{8694C0BC-DC4A-330B-A5C4-C2BEF0E86170}.MinSizeRel|Win32.Build.0 = MinSizeRel|Win32
		{8694C0BC-DC4A-330B-A5C4-C2BEF0E86170}.Release|Win32.ActiveCfg = Release|Win32
		{8694C0BC-DC4A-330B-A5C4-C2BEF0E86170}.Release|Win32.Build.0 = Release|Win32
		{8694C0BC-DC4A-330B-A5C4-C2BEF0E86170}.RelWithDebInfo|Win32.ActiveCfg = RelWithDebInfo|Win32
		{8694C0BC-DC4A-330B-A5C4-C2BEF0E86170}.RelWithDebInfo|Win32.Build.0 = RelWithDebInfo|Win32
		{C4391BA3-67EE-349E-AF35-F3E479BC9A40}.Debug|Win32.ActiveCfg = Debug|Win32
		{C4391BA3-67EE-349E-AF35-F3E479BC9A40}.Debug|Win32.Build.0 = Debug|Win32
		{C4391BA3-67EE-349E-AF35-F3E479BC9A40}.MinSizeRel|Win32.ActiveCfg = MinSizeRel|Win32
		{C4391BA3-67EE-349E-AF35-F3E479BC9A40}.MinSizeRel|Win32.Build.0 = MinSizeRel|Win32
		{C4391BA3-67EE-349E-AF35-F3E479BC9A40}.Release|Win32.ActiveCfg = Release|Win32
		{C4391BA3-67EE-349E-AF35-F3E479BC9A40}.Release|Win32.Build.0 = Release|Win32
		{C4391BA3-67EE-349E-AF35-F3E479BC9A40}.RelWithDebInfo|Win32.ActiveCfg = RelWithDebInfo|Win32
		{C4391BA3-67EE-349E-AF35-F3E479BC9A40}.RelWithDebInfo|Win32.Build.0 = RelWithDebInfo|Win32
		{7E937C1C-AE9F-38AC-B73E-9532E7846E50}.Debug|Win32.ActiveCfg = Debug|Win32
		{7E937C1C-AE9F-38AC-B73E-9532E7846E50}.Debug|Win32.Build.0 = Debug|Win32
		{7E937C1C-AE9F-38AC-B73E-9532E7846E50}.MinSizeRel|Win32.ActiveCfg = MinSizeRel|Win32
		{7E937C1C-AE9F-38AC-B73E-9532E7846E50}.MinSizeRel|Win32.Build.0 = MinSizeRel|Win32
		{7E937C1C-AE9F-38AC-B73E-9532E7846E50}.Release|Win32.ActiveCfg = Release|Win32
		{7E937C1C-AE9F-38AC-B73E-9532E7846E50}.Release|Win32.Build.0 = Release|Win32
		{7E937C1C-AE9F-38AC-B73E-9532E7846E50}.RelWithDebInfo|Win32.ActiveCfg = RelWithDebInfo|Win32
		{7E937C1C-AE9F-38AC-B73E-9532E7846E50}.RelWithDebInfo|Win32.Build.0 = RelWithDebInfo|Win32
		{A81BDE31-FD58-3ECE-90F7-E069995375EE}.Debug|Win32.ActiveCfg = Debug|Win32
		{A81BDE31-FD58-3ECE-90F7-E069995375EE}.Debug|Win32.Build.0 = Debug|Win32
		{A81BDE31-FD58-3ECE-90F7-E069995375EE}.MinSizeRel|Win32.ActiveCfg = MinSizeRel|Win32
		{A81BDE31-FD58-3ECE-90F7-E069995375EE}.MinSizeRel|Win32.Build.0 = MinSizeRel|Win32
		{A81BDE31-FD58-3ECE-90F7-E069995375EE}.Release|Win32.ActiveCfg = Release|Win32
		{A81BDE31-FD58-3ECE-90F7-E069995375EE}.Release|Win32.Build.0 = Release|Win32
		{A81BDE31-FD58-3ECE-90F7-E069995375EE}.RelWithDebInfo|Win32.ActiveCfg = RelWithDebInfo|Win32
		{A81BDE31-FD58-3ECE-90F7-E069995375EE}.RelWithDebInfo|Win32.Build.0 = RelWithDebInfo|Win32
		{099FD53E-73C2-3254-9A9B-B58BE2D91612}.Debug|Win32.ActiveCfg = Debug|Win32
		{099FD53E-73C2-3254-9A9B-B58BE2D91612}.MinSizeRel|Win32.ActiveCfg = MinSizeRel|Win32
		{099FD53E-73C2-3254-9A9B-B58BE2D91612}.MinSizeRel|Win32.Build.0 = MinSizeRel|Win32
		{099FD53E-73C2-3254-9A9B-B58BE2D91612}.Release|Win32.ActiveCfg = Release|Win32
		{099FD53E-73C2-3254-9A9B-B58BE2D91612}.Release|Win32.Build.0 = Release|Win32
		{099FD53E-73C2-3254-9A9B-B58BE2D91612}.RelWithDebInfo|Win32.ActiveCfg = RelWithDebInfo|Win32
		{099FD53E-73C2-3254-9A9B-B58BE2D91612}.RelWithDebInfo|Win32.Build.0 = RelWithDebInfo|Win32
		{EF77AAB8-C054-3C7B-893E-7694D87BDA65}.Debug|Win32.ActiveCfg = Debug|Win32
		{EF77AAB8-C054-3C7B-893E-7694D87BDA65}.Debug|Win32.Build.0 = Debug|Win32
		{EF77AAB8-C054-3C7B-893E-7694D87BDA65}.MinSizeRel|Win32.ActiveCfg = MinSizeRel|Win32
		{EF77AAB8-C054-3C7B-893E-7694D87BDA65}.MinSizeRel|Win32.Build.0 = MinSizeRel|Win32
		{EF77AAB8-C054-3C7B-893E-7694D87BDA65}.Release|Win32.ActiveCfg = Release|Win32
		{EF77AAB8-C054-3C7B-893E-7694D87BDA65}.Release|Win32.Build.0 = Release|Win32
		{EF77AAB8-C054-3C7B-893E-7694D87BDA65}.RelWithDebInfo|Win32.ActiveCfg = RelWithDebInfo|Win32
		{EF77AAB8-C054-3C7B-893E-7694D87BDA65}.RelWithDebInfo|Win32.Build.0 = RelWithDebInfo|Win32
		{314FFD0F-586B-3556-A3E5-E5B18B7C339A}.Debug|Win32.ActiveCfg = Debug|Win32
		{314FFD0F-586B-3556-A3E5-E5B18B7C339A}.Debug|Win32.Build.0 = Debug|Win32
		{314FFD0F-586B-3556-A3E5-E5B18B7C339A}.MinSizeRel|Win32.ActiveCfg = MinSizeRel|Win32
		{314FFD0F-586B-3556-A3E5-E5B18B7C339A}.MinSizeRel|Win32.Build.0 = MinSizeRel|Win32
		{314FFD0F-586B-3556-A3E5-E5B18B7C339A}.Release|Win32.ActiveCfg = Release|Win32
		{314FFD0F-586B-3556-A3E5-E5B18B7C339A}.Release|Win32.Build.0 = Release|Win32
		{314FFD0F-586B-3556-A3E5-E5B18B7C339A}.RelWithDebInfo|Win32.ActiveCfg = RelWithDebInfo|Win32
		{314FFD0F-586B-3556-A3E5-E5B18B7C339A}.RelWithDebInfo|Win32.Build.0 = RelWithDebInfo|Win32
		{2BD975C3-AD0E-312C-8B9A-836EDCE97C7C}.Debug|Win32.ActiveCfg = Debug|Win32
		{2BD975C3-AD0E-312C-8B9A-836EDCE97C7C}.Debug|Win32.Build.0 = Debug|Win32
		{2BD975C3-AD0E-312C-8B9A-836EDCE97C7C}.MinSizeRel|Win32.ActiveCfg = MinSizeRel|Win32
		{2BD975C3-AD0E-312C-8B9A-836EDCE97C7C}.MinSizeRel|Win32.Build.0 = MinSizeRel|Win32
		{2BD975C3-AD0E-312C-8B9A-836EDCE97C7C}.Release|Win32.ActiveCfg = Release|Win32
		{2BD975C3-AD0E-312C-8B9A-836EDCE97C7C}.Release|Win32.Build.0 = Release|Win32
		{2BD975C3-AD0E-312C-8B9A-836EDCE97C7C}.RelWithDebInfo|Win32.ActiveCfg = RelWithDebInfo|Win32
		{2BD975C3-AD0E-312C-8B9A-836EDCE97C7C}.RelWithDebInfo|Win32.Build.0 = RelWithDebInfo|Win32
		{0E73F8CE-2BA6-303C-B741-BFAE86D5C82E}.Debug|Win32.ActiveCfg = Debug|Win32
		{0E73F8CE-2BA6-303C-B741-BFAE86D5C82E}.Debug|Win32.Build.0 = Debug|Win32
		{0E73F8CE-2BA6-303C-B741-BFAE86D5C82E}.MinSizeRel|Win32.ActiveCfg = MinSizeRel|Win32
		{0E73F8CE-2BA6-303C-B741-BFAE86D5C82E}.MinSizeRel|Win32.Build.0 = MinSizeRel|Win32
		{0E73F8CE-2BA6-303C-B741-BFAE86D5C82E}.Release|Win32.ActiveCfg = Release|Win32
		{0E73F8CE-2BA6-303C-B741-BFAE86D5C82E}.Release|Win32.Build.0 = Release|Win32
		{0E73F8CE-2BA6-303C-B741-BFAE86D5C82E}.RelWithDebInfo|Win32.ActiveCfg = RelWithDebInfo|Win32
		{0E73F8CE-2BA6-303C-B741-BFAE86D5C82E}.RelWithDebInfo|Win32.Build.0 = RelWithDebInfo|Win32
		{C99D4D8B-BA8A-34FF-9840-ED8A82ABA62A}.Debug|Win32.ActiveCfg = Debug|Win32
		{C99D4D8B-BA8A-34FF-9840-ED8A82ABA62A}.Debug|Win32.Build.0 = Debug|Win32
		{C99D4D8B-BA8A-34FF-9840-ED8A82ABA62A}.MinSizeRel|Win32.ActiveCfg = MinSizeRel|Win32
		{C99D4D8B-BA8A-34FF-9840-ED8A82ABA62A}.MinSizeRel|Win32.Build.0 = MinSizeRel|Win32
		{C99D4D8B-BA8A-34FF-9840-ED8A82ABA62A}.Release|Win32.ActiveCfg = Release|Win32
		{C99D4D8B-BA8A-34FF-9840-ED8A82ABA62A}.Release|Win32.Build.0 = Release|Win32
		{C99D4D8B-BA8A-34FF-9840-ED8A82ABA62A}.RelWithDebInfo|Win32.ActiveCfg = RelWithDebInfo|Win32
		{C99D4D8B-BA8A-34FF-9840-ED8A82ABA62A}.RelWithDebInfo|Win32.Build.0 = RelWithDebInfo|Win32
		{4EA03C1E-0924-3A29-A6A0-5373284551FB}.Debug|Win32.ActiveCfg = Debug|Win32
		{4EA03C1E-0924-3A29-A6A0-5373284551FB}.Debug|Win32.Build.0 = Debug|Win32
		{4EA03C1E-0924-3A29-A6A0-5373284551FB}.MinSizeRel|Win32.ActiveCfg = MinSizeRel|Win32
		{4EA03C1E-0924-3A29-A6A0-5373284551FB}.MinSizeRel|Win32.Build.0 = MinSizeRel|Win32
		{4EA03C1E-0924-3A29-A6A0-5373284551FB}.Release|Win32.ActiveCfg = Release|Win32
		{4EA03C1E-0924-3A29-A6A0-5373284551FB}.Release|Win32.Build.0 = Release|Win32
		{4EA03C1E-0924-3A29-A6A0-5373284551FB}.RelWithDebInfo|Win32.ActiveCfg = RelWithDebInfo|Win32
		{4EA03C1E-0924-3A29-A6A0-5373284551FB}.RelWithDebInfo|Win32.Build.0 = RelWithDebInfo|Win32
		{B0EA9810-6E47-37BE-BFC9-C931100CB2BC}.Debug|Win32.ActiveCfg = Debug|Win32
		{B0EA9810-6E47-37BE-BFC9-C931100CB2BC}.Debug|Win32.Build.0 = Debug|Win32
		{B0EA9810-6E47-37BE-BFC9-C931100CB2BC}.MinSizeRel|Win32.ActiveCfg = MinSizeRel|Win32
		{B0EA9810-6E47-37BE-BFC9-C931100CB2BC}.MinSizeRel|Win32.Build.0 = MinSizeRel|Win32
		{B0EA9810-6E47-37BE-BFC9-C931100CB2BC}.Release|Win32.ActiveCfg = Release|Win32
		{B0EA9810-6E47-37BE-BFC9-C931100CB2BC}.Release|Win32.Build.0 = Release|Win32
		{B0EA9810-6E47-37BE-BFC9-C931100CB2BC}.RelWithDebInfo|Win32.ActiveCfg = RelWithDebInfo|Win32
		{B0EA9810-6E47-37BE-BFC9-C931100CB2BC}.RelWithDebInfo|Win32.Build.0 = RelWithDebInfo|Win32
		{BB711F0B-39FB-378E-8C73-A87190B3873E}.Debug|Win32.ActiveCfg = Debug|Win32
		{BB711F0B-39FB-378E-8C73-A87190B3873E}.Debug|Win32.Build.0 = Debug|Win32
		{BB711F0B-39FB-378E-8C73-A87190B3873E}.MinSizeRel|Win32.ActiveCfg = MinSizeRel|Win32
		{BB711F0B-39FB-378E-8C73-A87190B3873E}.MinSizeRel|Win32.Build.0 = MinSizeRel|Win32
		{BB711F0B-39FB-378E-8C73-A87190B3873E}.Release|Win32.ActiveCfg = Release|Win32
		{BB711F0B-39FB-378E-8C73-A87190B3873E}.Release|Win32.Build.0 = Release|Win32
		{BB711F0B-39FB-378E-8C73-A87190B3873E}.RelWithDebInfo|Win32.ActiveCfg = RelWithDebInfo|Win32
		{BB711F0B-39FB-378E-8C73-A87190B3873E}.RelWithDebInfo|Win32.Build.0 = RelWithDebInfo|Win32
		{7D29A11A-682F-3B3C-9938-EFA5E73083E3}.Debug|Win32.ActiveCfg = Debug|Win32
		{7D29A11A-682F-3B3C-9938-EFA5E73083E3}.Debug|Win32.Build.0 = Debug|Win32
		{7D29A11A-682F-3B3C-9938-EFA5E73083E3}.MinSizeRel|Win32.ActiveCfg = MinSizeRel|Win32
		{7D29A11A-682F-3B3C-9938-EFA5E73083E3}.MinSizeRel|Win32.Build.0 = MinSizeRel|Win32
		{7D29A11A-682F-3B3C-9938-EFA5E73083E3}.Release|Win32.ActiveCfg = Release|Win32
		{7D29A11A-682F-3B3C-9938-EFA5E73083E3}.Release|Win32.Build.0 = Release|Win32
		{7D29A11A-682F-3B3C-9938-EFA5E73083E3}.RelWithDebInfo|Win32.ActiveCfg = RelWithDebInfo|Win32
		{7D29A11A-682F-3B3C-9938-EFA5E73083E3}.RelWithDebInfo|Win32.Build.0 = RelWithDebInfo|Win32
		{5AE95F8C-ABF1-333D-8EEA-A59481DD4EC3}.Debug|Win32.ActiveCfg = Debug|Win32
		{5AE95F8C-ABF1-333D-8EEA-A59481DD4EC3}.Debug|Win32.Build.0 = Debug|Win32
		{5AE95F8C-ABF1-333D-8EEA-A59481DD4EC3}.MinSizeRel|Win32.ActiveCfg = MinSizeRel|Win32
		{5AE95F8C-ABF1-333D-8EEA-A59481DD4EC3}.MinSizeRel|Win32.Build.0 = MinSizeRel|Win32
		{5AE95F8C-ABF1-333D-8EEA-A59481DD4EC3}.Release|Win32.ActiveCfg = Release|Win32
		{5AE95F8C-ABF1-333D-8EEA-A59481DD4EC3}.Release|Win32.Build.0 = Release|Win32
		{5AE95F8C-ABF1-333D-8EEA-A59481DD4EC3}.RelWithDebInfo|Win32.ActiveCfg = RelWithDebInfo|Win32
		{5AE95F8C-ABF1-333D-8EEA-A59481DD4EC3}.RelWithDebInfo|Win32.Build.0 = RelWithDebInfo|Win32
		{3D270BFF-7346-35DE-BD8A-6D0284908C65}.Debug|Win32.ActiveCfg = Debug|Win32
		{3D270BFF-7346-35DE-BD8A-6D0284908C65}.Debug|Win32.Build.0 = Debug|Win32
		{3D270BFF-7346-35DE-BD8A-6D0284908C65}.MinSizeRel|Win32.ActiveCfg = MinSizeRel|Win32
		{3D270BFF-7346-35DE-BD8A-6D0284908C65}.MinSizeRel|Win32.Build.0 = MinSizeRel|Win32
		{3D270BFF-7346-35DE-BD8A-6D0284908C65}.Release|Win32.ActiveCfg = Release|Win32
		{3D270BFF-7346-35DE-BD8A-6D0284908C65}.Release|Win32.Build.0 = Release|Win32
		{3D270BFF-7346-35DE-BD8A-6D0284908C65}.RelWithDebInfo|Win32.ActiveCfg = RelWithDebInfo|Win32
		{3D270BFF-7346-35DE-BD8A-6D0284908C65}.RelWithDebInfo|Win32.Build.0 = RelWithDebInfo|Win32
		{A04BDE66-64DF-3AED-AC62-83FDBBF0DD8F}.Debug|Win32.ActiveCfg = Debug|Win32
		{A04BDE66-64DF-3AED-AC62-83FDBBF0DD8F}.Debug|Win32.Build.0 = Debug|Win32
		{A04BDE66-64DF-3AED-AC62-83FDBBF0DD8F}.MinSizeRel|Win32.ActiveCfg = MinSizeRel|Win32
		{A04BDE66-64DF-3AED-AC62-83FDBBF0DD8F}.MinSizeRel|Win32.Build.0 = MinSizeRel|Win32
		{A04BDE66-64DF-3AED-AC62-83FDBBF0DD8F}.Release|Win32.ActiveCfg = Release|Win32
		{A04BDE66-64DF-3AED-AC62-83FDBBF0DD8F}.Release|Win32.Build.0 = Release|Win32
		{A04BDE66-64DF-3AED-AC62-83FDBBF0DD8F}.RelWithDebInfo|Win32.ActiveCfg = RelWithDebInfo|Win32
		{A04BDE66-64DF-3AED-AC62-83FDBBF0DD8F}.RelWithDebInfo|Win32.Build.0 = RelWithDebInfo|Win32
		{A30B59DD-3F88-3B2D-8F09-B6EFEDFFAE93}.Debug|Win32.ActiveCfg = Debug|Win32
		{A30B59DD-3F88-3B2D-8F09-B6EFEDFFAE93}.Debug|Win32.Build.0 = Debug|Win32
		{A30B59DD-3F88-3B2D-8F09-B6EFEDFFAE93}.MinSizeRel|Win32.ActiveCfg = MinSizeRel|Win32
		{A30B59DD-3F88-3B2D-8F09-B6EFEDFFAE93}.MinSizeRel|Win32.Build.0 = MinSizeRel|Win32
		{A30B59DD-3F88-3B2D-8F09-B6EFEDFFAE93}.Release|Win32.ActiveCfg = Release|Win32
		{A30B59DD-3F88-3B2D-8F09-B6EFEDFFAE93}.Release|Win32.Build.0 = Release|Win32
		{A30B59DD-3F88-3B2D-8F09-B6EFEDFFAE93}.RelWithDebInfo|Win32.ActiveCfg = RelWithDebInfo|Win32
		{A30B59DD-3F88-3B2D-8F09-B6EFEDFFAE93}.RelWithDebInfo|Win32.Build.0 = RelWithDebInfo|Win32
		{24C54EBA-EA28-31FE-A10E-32D06DC1AFC1}.Debug|Win32.ActiveCfg = Debug|Win32
		{24C54EBA-EA28-31FE-A10E-32D06DC1AFC1}.Debug|Win32.Build.0 = Debug|Win32
		{24C54EBA-EA28-31FE-A10E-32D06DC1AFC1}.MinSizeRel|Win32.ActiveCfg = MinSizeRel|Win32
		{24C54EBA-EA28-31FE-A10E-32D06DC1AFC1}.MinSizeRel|Win32.Build.0 = MinSizeRel|Win32
		{24C54EBA-EA28-31FE-A10E-32D06DC1AFC1}.Release|Win32.ActiveCfg = Release|Win32
		{24C54EBA-EA28-31FE-A10E-32D06DC1AFC1}.Release|Win32.Build.0 = Release|Win32
		{24C54EBA-EA28-31FE-A10E-32D06DC1AFC1}.RelWithDebInfo|Win32.ActiveCfg = RelWithDebInfo|Win32
		{24C54EBA-EA28-31FE-A10E-32D06DC1AFC1}.RelWithDebInfo|Win32.Build.0 = RelWithDebInfo|Win32
		{967F274C-DCE5-3776-9984-218B40D9BA04}.Debug|Win32.ActiveCfg = Debug|Win32
		{967F274C-DCE5-3776-9984-218B40D9BA04}.Debug|Win32.Build.0 = Debug|Win32
		{967F274C-DCE5-3776-9984-218B40D9BA04}.MinSizeRel|Win32.ActiveCfg = MinSizeRel|Win32
		{967F274C-DCE5-3776-9984-218B40D9BA04}.MinSizeRel|Win32.Build.0 = MinSizeRel|Win32
		{967F274C-DCE5-3776-9984-218B40D9BA04}.Release|Win32.ActiveCfg = Release|Win32
		{967F274C-DCE5-3776-9984-218B40D9BA04}.Release|Win32.Build.0 = Release|Win32
		{967F274C-DCE5-3776-9984-218B40D9BA04}.RelWithDebInfo|Win32.ActiveCfg = RelWithDebInfo|Win32
		{967F274C-DCE5-3776-9984-218B40D9BA04}.RelWithDebInfo|Win32.Build.0 = RelWithDebInfo|Win32
		{730F680C-B605-334C-A3F3-B14927FF6DC3}.Debug|Win32.ActiveCfg = Debug|Win32
		{730F680C-B605-334C-A3F3-B14927FF6DC3}.Debug|Win32.Build.0 = Debug|Win32
		{730F680C-B605-334C-A3F3-B14927FF6DC3}.MinSizeRel|Win32.ActiveCfg = MinSizeRel|Win32
		{730F680C-B605-334C-A3F3-B14927FF6DC3}.MinSizeRel|Win32.Build.0 = MinSizeRel|Win32
		{730F680C-B605-334C-A3F3-B14927FF6DC3}.Release|Win32.ActiveCfg = Release|Win32
		{730F680C-B605-334C-A3F3-B14927FF6DC3}.Release|Win32.Build.0 = Release|Win32
		{730F680C-B605-334C-A3F3-B14927FF6DC3}.RelWithDebInfo|Win32.ActiveCfg = RelWithDebInfo|Win32
		{730F680C-B605-334C-A3F3-B14927FF6DC3}.RelWithDebInfo|Win32.Build.0 = RelWithDebInfo|Win32
		{8165AA94-05C2-38A0-A7DB-A25F6F001C92}.Debug|Win32.ActiveCfg = Debug|Win32
		{8165AA94-05C2-38A0-A7DB-A25F6F001C92}.Debug|Win32.Build.0 = Debug|Win32
		{8165AA94-05C2-38A0-A7DB-A25F6F001C92}.MinSizeRel|Win32.ActiveCfg = MinSizeRel|Win32
		{8165AA94-05C2-38A0-A7DB-A25F6F001C92}.MinSizeRel|Win32.Build.0 = MinSizeRel|Win32
		{8165AA94-05C2-38A0-A7DB-A25F6F001C92}.Release|Win32.ActiveCfg = Release|Win32
		{8165AA94-05C2-38A0-A7DB-A25F6F001C92}.Release|Win32.Build.0 = Release|Win32
		{8165AA94-05C2-38A0-A7DB-A25F6F001C92}.RelWithDebInfo|Win32.ActiveCfg = RelWithDebInfo|Win32
		{8165AA94-05C2-38A0-A7DB-A25F6F001C92}.RelWithDebInfo|Win32.Build.0 = RelWithDebInfo|Win32
		{F60981BC-04A3-3883-B374-96D4DE6B5827}.Debug|Win32.ActiveCfg = Debug|Win32
		{F60981BC-04A3-3883-B374-96D4DE6B5827}.Debug|Win32.Build.0 = Debug|Win32
		{F60981BC-04A3-3883-B374-96D4DE6B5827}.MinSizeRel|Win32.ActiveCfg = MinSizeRel|Win32
		{F60981BC-04A3-3883-B374-96D4DE6B5827}.MinSizeRel|Win32.Build.0 = MinSizeRel|Win32
		{F60981BC-04A3-3883-B374-96D4DE6B5827}.Release|Win32.ActiveCfg = Release|Win32
		{F60981BC-04A3-3883-B374-96D4DE6B5827}.Release|Win32.Build.0 = Release|Win32
		{F60981BC-04A3-3883-B374-96D4DE6B5827}.RelWithDebInfo|Win32.ActiveCfg = RelWithDebInfo|Win32
		{F60981BC-04A3-3883-B374-96D4DE6B5827}.RelWithDebInfo|Win32.Build.0 = RelWithDebInfo|Win32
		{39311356-8795-31CF-8593-194E12110CE6}.Debug|Win32.ActiveCfg = Debug|Win32
		{39311356-8795-31CF-8593-194E12110CE6}.Debug|Win32.Build.0 = Debug|Win32
		{39311356-8795-31CF-8593-194E12110CE6}.MinSizeRel|Win32.ActiveCfg = MinSizeRel|Win32
		{39311356-8795-31CF-8593-194E12110CE6}.MinSizeRel|Win32.Build.0 = MinSizeRel|Win32
		{39311356-8795-31CF-8593-194E12110CE6}.Release|Win32.ActiveCfg = Release|Win32
		{39311356-8795-31CF-8593-194E12110CE6}.Release|Win32.Build.0 = Release|Win32
		{39311356-8795-31CF-8593-194E12110CE6}.RelWithDebInfo|Win32.ActiveCfg = RelWithDebInfo|Win32
		{39311356-8795-31CF-8593-194E12110CE6}.RelWithDebInfo|Win32.Build.0 = RelWithDebInfo|Win32
		{A5E5E001-032A-3CB2-AEC8-D99D8C81B77C}.Debug|Win32.ActiveCfg = Debug|Win32
		{A5E5E001-032A-3CB2-AEC8-D99D8C81B77C}.MinSizeRel|Win32.ActiveCfg = MinSizeRel|Win32
		{A5E5E001-032A-3CB2-AEC8-D99D8C81B77C}.MinSizeRel|Win32.Build.0 = MinSizeRel|Win32
		{A5E5E001-032A-3CB2-AEC8-D99D8C81B77C}.Release|Win32.ActiveCfg = Release|Win32
		{A5E5E001-032A-3CB2-AEC8-D99D8C81B77C}.Release|Win32.Build.0 = Release|Win32
		{A5E5E001-032A-3CB2-AEC8-D99D8C81B77C}.RelWithDebInfo|Win32.ActiveCfg = RelWithDebInfo|Win32
		{A5E5E001-032A-3CB2-AEC8-D99D8C81B77C}.RelWithDebInfo|Win32.Build.0 = RelWithDebInfo|Win32
		{2E1D4352-5FE3-3BDD-A141-7F293AB89DF7}.Debug|Win32.ActiveCfg = Debug|Win32
		{2E1D4352-5FE3-3BDD-A141-7F293AB89DF7}.MinSizeRel|Win32.ActiveCfg = MinSizeRel|Win32
		{2E1D4352-5FE3-3BDD-A141-7F293AB89DF7}.MinSizeRel|Win32.Build.0 = MinSizeRel|Win32
		{2E1D4352-5FE3-3BDD-A141-7F293AB89DF7}.Release|Win32.ActiveCfg = Release|Win32
		{2E1D4352-5FE3-3BDD-A141-7F293AB89DF7}.Release|Win32.Build.0 = Release|Win32
		{2E1D4352-5FE3-3BDD-A141-7F293AB89DF7}.RelWithDebInfo|Win32.ActiveCfg = RelWithDebInfo|Win32
		{2E1D4352-5FE3-3BDD-A141-7F293AB89DF7}.RelWithDebInfo|Win32.Build.0 = RelWithDebInfo|Win32
		{A5688C2B-436D-3314-86C6-54A7FA3BE720}.Debug|Win32.ActiveCfg = Debug|Win32
		{A5688C2B-436D-3314-86C6-54A7FA3BE720}.MinSizeRel|Win32.ActiveCfg = MinSizeRel|Win32
		{A5688C2B-436D-3314-86C6-54A7FA3BE720}.MinSizeRel|Win32.Build.0 = MinSizeRel|Win32
		{A5688C2B-436D-3314-86C6-54A7FA3BE720}.Release|Win32.ActiveCfg = Release|Win32
		{A5688C2B-436D-3314-86C6-54A7FA3BE720}.Release|Win32.Build.0 = Release|Win32
		{A5688C2B-436D-3314-86C6-54A7FA3BE720}.RelWithDebInfo|Win32.ActiveCfg = RelWithDebInfo|Win32
		{A5688C2B-436D-3314-86C6-54A7FA3BE720}.RelWithDebInfo|Win32.Build.0 = RelWithDebInfo|Win32
	EndGlobalSection
	GlobalSection(SolutionProperties) = preSolution
		HideSolutionNode = FALSE
	EndGlobalSection
	GlobalSection(ExtensibilityGlobals) = postSolution
		SolutionGuid = {48F9CAB9-F528-35EF-8DCC-07D0C87A313D}
	EndGlobalSection
EndGlobal
