<?xml version="1.0" encoding="utf-8"?>
<Project ToolsVersion="15.0" xmlns="http://schemas.microsoft.com/developer/msbuild/2003">
  <ItemGroup>
    <CustomBuild Include="E:\git\WindowsResearch\retdec-master\CMakeFiles\36ffa95c36132a6c41af5c61754c00fd\INSTALL_force.rule">
      <Filter>CMake Rules</Filter>
    </CustomBuild>
  </ItemGroup>
  <ItemGroup>
    <Filter Include="CMake Rules">
      <UniqueIdentifier>{90FA2DAF-97EF-3E94-9B73-1CFC998A0DD3}</UniqueIdentifier>
    </Filter>
  </ItemGroup>
</Project>
