<?xml version="1.0" encoding="utf-8"?>
<Project ToolsVersion="15.0" xmlns="http://schemas.microsoft.com/developer/msbuild/2003">
  <ItemGroup>
    <CustomBuild Include="E:\git\WindowsResearch\retdec-master\CMakeFiles\522a5117d110cb51d0ba71362e474d70\INSTALL_force.rule">
      <Filter>CMake Rules</Filter>
    </CustomBuild>
  </ItemGroup>
  <ItemGroup>
    <Filter Include="CMake Rules">
      <UniqueIdentifier>{90FA2DAF-97EF-3E94-9B73-1CFC998A0DD3}</UniqueIdentifier>
    </Filter>
  </ItemGroup>
</Project>
