<?xml version="1.0" encoding="utf-8"?>
<Project ToolsVersion="15.0" xmlns="http://schemas.microsoft.com/developer/msbuild/2003">
  <ItemGroup>
    <ClCompile Include="E:\git\WindowsResearch\retdec-master\src\ctypes\annotation.cpp">
      <Filter>Source Files</Filter>
    </ClCompile>
    <ClCompile Include="E:\git\WindowsResearch\retdec-master\src\ctypes\annotation_in.cpp">
      <Filter>Source Files</Filter>
    </ClCompile>
    <ClCompile Include="E:\git\WindowsResearch\retdec-master\src\ctypes\annotation_inout.cpp">
      <Filter>Source Files</Filter>
    </ClCompile>
    <ClCompile Include="E:\git\WindowsResearch\retdec-master\src\ctypes\annotation_optional.cpp">
      <Filter>Source Files</Filter>
    </ClCompile>
    <ClCompile Include="E:\git\WindowsResearch\retdec-master\src\ctypes\annotation_out.cpp">
      <Filter>Source Files</Filter>
    </ClCompile>
    <ClCompile Include="E:\git\WindowsResearch\retdec-master\src\ctypes\array_type.cpp">
      <Filter>Source Files</Filter>
    </ClCompile>
    <ClCompile Include="E:\git\WindowsResearch\retdec-master\src\ctypes\call_convention.cpp">
      <Filter>Source Files</Filter>
    </ClCompile>
    <ClCompile Include="E:\git\WindowsResearch\retdec-master\src\ctypes\composite_type.cpp">
      <Filter>Source Files</Filter>
    </ClCompile>
    <ClCompile Include="E:\git\WindowsResearch\retdec-master\src\ctypes\context.cpp">
      <Filter>Source Files</Filter>
    </ClCompile>
    <ClCompile Include="E:\git\WindowsResearch\retdec-master\src\ctypes\enum_type.cpp">
      <Filter>Source Files</Filter>
    </ClCompile>
    <ClCompile Include="E:\git\WindowsResearch\retdec-master\src\ctypes\floating_point_type.cpp">
      <Filter>Source Files</Filter>
    </ClCompile>
    <ClCompile Include="E:\git\WindowsResearch\retdec-master\src\ctypes\function.cpp">
      <Filter>Source Files</Filter>
    </ClCompile>
    <ClCompile Include="E:\git\WindowsResearch\retdec-master\src\ctypes\function_declaration.cpp">
      <Filter>Source Files</Filter>
    </ClCompile>
    <ClCompile Include="E:\git\WindowsResearch\retdec-master\src\ctypes\function_type.cpp">
      <Filter>Source Files</Filter>
    </ClCompile>
    <ClCompile Include="E:\git\WindowsResearch\retdec-master\src\ctypes\header_file.cpp">
      <Filter>Source Files</Filter>
    </ClCompile>
    <ClCompile Include="E:\git\WindowsResearch\retdec-master\src\ctypes\integral_type.cpp">
      <Filter>Source Files</Filter>
    </ClCompile>
    <ClCompile Include="E:\git\WindowsResearch\retdec-master\src\ctypes\member.cpp">
      <Filter>Source Files</Filter>
    </ClCompile>
    <ClCompile Include="E:\git\WindowsResearch\retdec-master\src\ctypes\module.cpp">
      <Filter>Source Files</Filter>
    </ClCompile>
    <ClCompile Include="E:\git\WindowsResearch\retdec-master\src\ctypes\named_type.cpp">
      <Filter>Source Files</Filter>
    </ClCompile>
    <ClCompile Include="E:\git\WindowsResearch\retdec-master\src\ctypes\parameter.cpp">
      <Filter>Source Files</Filter>
    </ClCompile>
    <ClCompile Include="E:\git\WindowsResearch\retdec-master\src\ctypes\pointer_type.cpp">
      <Filter>Source Files</Filter>
    </ClCompile>
    <ClCompile Include="E:\git\WindowsResearch\retdec-master\src\ctypes\reference_type.cpp">
      <Filter>Source Files</Filter>
    </ClCompile>
    <ClCompile Include="E:\git\WindowsResearch\retdec-master\src\ctypes\struct_type.cpp">
      <Filter>Source Files</Filter>
    </ClCompile>
    <ClCompile Include="E:\git\WindowsResearch\retdec-master\src\ctypes\type.cpp">
      <Filter>Source Files</Filter>
    </ClCompile>
    <ClCompile Include="E:\git\WindowsResearch\retdec-master\src\ctypes\typedefed_type.cpp">
      <Filter>Source Files</Filter>
    </ClCompile>
    <ClCompile Include="E:\git\WindowsResearch\retdec-master\src\ctypes\union_type.cpp">
      <Filter>Source Files</Filter>
    </ClCompile>
    <ClCompile Include="E:\git\WindowsResearch\retdec-master\src\ctypes\unknown_type.cpp">
      <Filter>Source Files</Filter>
    </ClCompile>
    <ClCompile Include="E:\git\WindowsResearch\retdec-master\src\ctypes\visit_all_visitor.cpp">
      <Filter>Source Files</Filter>
    </ClCompile>
    <ClCompile Include="E:\git\WindowsResearch\retdec-master\src\ctypes\visitor.cpp">
      <Filter>Source Files</Filter>
    </ClCompile>
    <ClCompile Include="E:\git\WindowsResearch\retdec-master\src\ctypes\void_type.cpp">
      <Filter>Source Files</Filter>
    </ClCompile>
  </ItemGroup>
  <ItemGroup>
    <CustomBuild Include="E:\git\WindowsResearch\retdec-master\src\ctypes\CMakeLists.txt" />
  </ItemGroup>
  <ItemGroup>
    <Filter Include="Source Files">
      <UniqueIdentifier>{F11D572B-9E66-302C-A249-60DD62CE17D8}</UniqueIdentifier>
    </Filter>
  </ItemGroup>
</Project>
