<?xml version="1.0" encoding="utf-8"?>
<Project ToolsVersion="15.0" xmlns="http://schemas.microsoft.com/developer/msbuild/2003">
  <ItemGroup>
    <ClCompile Include="E:\git\WindowsResearch\retdec-master\src\fileformat\utils\format_detection.cpp">
      <Filter>Source Files</Filter>
    </ClCompile>
    <ClCompile Include="E:\git\WindowsResearch\retdec-master\src\fileformat\utils\byte_array_buffer.cpp">
      <Filter>Source Files</Filter>
    </ClCompile>
    <ClCompile Include="E:\git\WindowsResearch\retdec-master\src\fileformat\utils\conversions.cpp">
      <Filter>Source Files</Filter>
    </ClCompile>
    <ClCompile Include="E:\git\WindowsResearch\retdec-master\src\fileformat\utils\crypto.cpp">
      <Filter>Source Files</Filter>
    </ClCompile>
    <ClCompile Include="E:\git\WindowsResearch\retdec-master\src\fileformat\utils\other.cpp">
      <Filter>Source Files</Filter>
    </ClCompile>
    <ClCompile Include="E:\git\WindowsResearch\retdec-master\src\fileformat\utils\asn1.cpp">
      <Filter>Source Files</Filter>
    </ClCompile>
    <ClCompile Include="E:\git\WindowsResearch\retdec-master\src\fileformat\utils\file_io.cpp">
      <Filter>Source Files</Filter>
    </ClCompile>
    <ClCompile Include="E:\git\WindowsResearch\retdec-master\src\fileformat\format_factory.cpp">
      <Filter>Source Files</Filter>
    </ClCompile>
    <ClCompile Include="E:\git\WindowsResearch\retdec-master\src\fileformat\types\dotnet_headers\blob_stream.cpp">
      <Filter>Source Files</Filter>
    </ClCompile>
    <ClCompile Include="E:\git\WindowsResearch\retdec-master\src\fileformat\types\dotnet_headers\user_string_stream.cpp">
      <Filter>Source Files</Filter>
    </ClCompile>
    <ClCompile Include="E:\git\WindowsResearch\retdec-master\src\fileformat\types\dotnet_headers\guid_stream.cpp">
      <Filter>Source Files</Filter>
    </ClCompile>
    <ClCompile Include="E:\git\WindowsResearch\retdec-master\src\fileformat\types\dotnet_headers\clr_header.cpp">
      <Filter>Source Files</Filter>
    </ClCompile>
    <ClCompile Include="E:\git\WindowsResearch\retdec-master\src\fileformat\types\dotnet_headers\string_stream.cpp">
      <Filter>Source Files</Filter>
    </ClCompile>
    <ClCompile Include="E:\git\WindowsResearch\retdec-master\src\fileformat\types\dotnet_headers\metadata_stream.cpp">
      <Filter>Source Files</Filter>
    </ClCompile>
    <ClCompile Include="E:\git\WindowsResearch\retdec-master\src\fileformat\types\dotnet_headers\metadata_tables.cpp">
      <Filter>Source Files</Filter>
    </ClCompile>
    <ClCompile Include="E:\git\WindowsResearch\retdec-master\src\fileformat\types\dotnet_headers\metadata_header.cpp">
      <Filter>Source Files</Filter>
    </ClCompile>
    <ClCompile Include="E:\git\WindowsResearch\retdec-master\src\fileformat\types\pdb_info\pdb_info.cpp">
      <Filter>Source Files</Filter>
    </ClCompile>
    <ClCompile Include="E:\git\WindowsResearch\retdec-master\src\fileformat\types\symbol_table\symbol_table.cpp">
      <Filter>Source Files</Filter>
    </ClCompile>
    <ClCompile Include="E:\git\WindowsResearch\retdec-master\src\fileformat\types\symbol_table\macho_symbol.cpp">
      <Filter>Source Files</Filter>
    </ClCompile>
    <ClCompile Include="E:\git\WindowsResearch\retdec-master\src\fileformat\types\symbol_table\symbol.cpp">
      <Filter>Source Files</Filter>
    </ClCompile>
    <ClCompile Include="E:\git\WindowsResearch\retdec-master\src\fileformat\types\symbol_table\elf_symbol.cpp">
      <Filter>Source Files</Filter>
    </ClCompile>
    <ClCompile Include="E:\git\WindowsResearch\retdec-master\src\fileformat\types\rich_header\rich_header.cpp">
      <Filter>Source Files</Filter>
    </ClCompile>
    <ClCompile Include="E:\git\WindowsResearch\retdec-master\src\fileformat\types\rich_header\linker_info.cpp">
      <Filter>Source Files</Filter>
    </ClCompile>
    <ClCompile Include="E:\git\WindowsResearch\retdec-master\src\fileformat\types\visual_basic\visual_basic_info.cpp">
      <Filter>Source Files</Filter>
    </ClCompile>
    <ClCompile Include="E:\git\WindowsResearch\retdec-master\src\fileformat\types\visual_basic\visual_basic_object.cpp">
      <Filter>Source Files</Filter>
    </ClCompile>
    <ClCompile Include="E:\git\WindowsResearch\retdec-master\src\fileformat\types\visual_basic\visual_basic_extern.cpp">
      <Filter>Source Files</Filter>
    </ClCompile>
    <ClCompile Include="E:\git\WindowsResearch\retdec-master\src\fileformat\types\import_table\import.cpp">
      <Filter>Source Files</Filter>
    </ClCompile>
    <ClCompile Include="E:\git\WindowsResearch\retdec-master\src\fileformat\types\import_table\import_table.cpp">
      <Filter>Source Files</Filter>
    </ClCompile>
    <ClCompile Include="E:\git\WindowsResearch\retdec-master\src\fileformat\types\import_table\pe_import.cpp">
      <Filter>Source Files</Filter>
    </ClCompile>
    <ClCompile Include="E:\git\WindowsResearch\retdec-master\src\fileformat\types\export_table\export.cpp">
      <Filter>Source Files</Filter>
    </ClCompile>
    <ClCompile Include="E:\git\WindowsResearch\retdec-master\src\fileformat\types\export_table\export_table.cpp">
      <Filter>Source Files</Filter>
    </ClCompile>
    <ClCompile Include="E:\git\WindowsResearch\retdec-master\src\fileformat\types\relocation_table\relocation_table.cpp">
      <Filter>Source Files</Filter>
    </ClCompile>
    <ClCompile Include="E:\git\WindowsResearch\retdec-master\src\fileformat\types\relocation_table\relocation.cpp">
      <Filter>Source Files</Filter>
    </ClCompile>
    <ClCompile Include="E:\git\WindowsResearch\retdec-master\src\fileformat\types\resource_table\resource.cpp">
      <Filter>Source Files</Filter>
    </ClCompile>
    <ClCompile Include="E:\git\WindowsResearch\retdec-master\src\fileformat\types\resource_table\resource_icon.cpp">
      <Filter>Source Files</Filter>
    </ClCompile>
    <ClCompile Include="E:\git\WindowsResearch\retdec-master\src\fileformat\types\resource_table\resource_icon_group.cpp">
      <Filter>Source Files</Filter>
    </ClCompile>
    <ClCompile Include="E:\git\WindowsResearch\retdec-master\src\fileformat\types\resource_table\resource_table.cpp">
      <Filter>Source Files</Filter>
    </ClCompile>
    <ClCompile Include="E:\git\WindowsResearch\retdec-master\src\fileformat\types\resource_table\resource_tree.cpp">
      <Filter>Source Files</Filter>
    </ClCompile>
    <ClCompile Include="E:\git\WindowsResearch\retdec-master\src\fileformat\types\resource_table\bitmap_image.cpp">
      <Filter>Source Files</Filter>
    </ClCompile>
    <ClCompile Include="E:\git\WindowsResearch\retdec-master\src\fileformat\types\certificate_table\certificate.cpp">
      <Filter>Source Files</Filter>
    </ClCompile>
    <ClCompile Include="E:\git\WindowsResearch\retdec-master\src\fileformat\types\certificate_table\certificate_table.cpp">
      <Filter>Source Files</Filter>
    </ClCompile>
    <ClCompile Include="E:\git\WindowsResearch\retdec-master\src\fileformat\types\dotnet_types\dotnet_type_reconstructor.cpp">
      <Filter>Source Files</Filter>
    </ClCompile>
    <ClCompile Include="E:\git\WindowsResearch\retdec-master\src\fileformat\types\dotnet_types\dotnet_class.cpp">
      <Filter>Source Files</Filter>
    </ClCompile>
    <ClCompile Include="E:\git\WindowsResearch\retdec-master\src\fileformat\types\dotnet_types\dotnet_property.cpp">
      <Filter>Source Files</Filter>
    </ClCompile>
    <ClCompile Include="E:\git\WindowsResearch\retdec-master\src\fileformat\types\dotnet_types\dotnet_field.cpp">
      <Filter>Source Files</Filter>
    </ClCompile>
    <ClCompile Include="E:\git\WindowsResearch\retdec-master\src\fileformat\types\dotnet_types\dotnet_type.cpp">
      <Filter>Source Files</Filter>
    </ClCompile>
    <ClCompile Include="E:\git\WindowsResearch\retdec-master\src\fileformat\types\dotnet_types\dotnet_data_types.cpp">
      <Filter>Source Files</Filter>
    </ClCompile>
    <ClCompile Include="E:\git\WindowsResearch\retdec-master\src\fileformat\types\dotnet_types\dotnet_parameter.cpp">
      <Filter>Source Files</Filter>
    </ClCompile>
    <ClCompile Include="E:\git\WindowsResearch\retdec-master\src\fileformat\types\dotnet_types\dotnet_method.cpp">
      <Filter>Source Files</Filter>
    </ClCompile>
    <ClCompile Include="E:\git\WindowsResearch\retdec-master\src\fileformat\types\sec_seg\elf_section.cpp">
      <Filter>Source Files</Filter>
    </ClCompile>
    <ClCompile Include="E:\git\WindowsResearch\retdec-master\src\fileformat\types\sec_seg\elf_segment.cpp">
      <Filter>Source Files</Filter>
    </ClCompile>
    <ClCompile Include="E:\git\WindowsResearch\retdec-master\src\fileformat\types\sec_seg\segment.cpp">
      <Filter>Source Files</Filter>
    </ClCompile>
    <ClCompile Include="E:\git\WindowsResearch\retdec-master\src\fileformat\types\sec_seg\pe_coff_section.cpp">
      <Filter>Source Files</Filter>
    </ClCompile>
    <ClCompile Include="E:\git\WindowsResearch\retdec-master\src\fileformat\types\sec_seg\sec_seg.cpp">
      <Filter>Source Files</Filter>
    </ClCompile>
    <ClCompile Include="E:\git\WindowsResearch\retdec-master\src\fileformat\types\sec_seg\section.cpp">
      <Filter>Source Files</Filter>
    </ClCompile>
    <ClCompile Include="E:\git\WindowsResearch\retdec-master\src\fileformat\types\sec_seg\macho_section.cpp">
      <Filter>Source Files</Filter>
    </ClCompile>
    <ClCompile Include="E:\git\WindowsResearch\retdec-master\src\fileformat\types\dynamic_table\dynamic_entry.cpp">
      <Filter>Source Files</Filter>
    </ClCompile>
    <ClCompile Include="E:\git\WindowsResearch\retdec-master\src\fileformat\types\dynamic_table\dynamic_table.cpp">
      <Filter>Source Files</Filter>
    </ClCompile>
    <ClCompile Include="E:\git\WindowsResearch\retdec-master\src\fileformat\types\strings\string.cpp">
      <Filter>Source Files</Filter>
    </ClCompile>
    <ClCompile Include="E:\git\WindowsResearch\retdec-master\src\fileformat\types\note_section\elf_notes.cpp">
      <Filter>Source Files</Filter>
    </ClCompile>
    <ClCompile Include="E:\git\WindowsResearch\retdec-master\src\fileformat\types\note_section\elf_core.cpp">
      <Filter>Source Files</Filter>
    </ClCompile>
    <ClCompile Include="E:\git\WindowsResearch\retdec-master\src\fileformat\types\tls_info\tls_info.cpp">
      <Filter>Source Files</Filter>
    </ClCompile>
    <ClCompile Include="E:\git\WindowsResearch\retdec-master\src\fileformat\file_format\pe\pe_format.cpp">
      <Filter>Source Files</Filter>
    </ClCompile>
    <ClCompile Include="E:\git\WindowsResearch\retdec-master\src\fileformat\file_format\pe\pe_dll_list.cpp">
      <Filter>Source Files</Filter>
    </ClCompile>
    <ClCompile Include="E:\git\WindowsResearch\retdec-master\src\fileformat\file_format\coff\coff_format.cpp">
      <Filter>Source Files</Filter>
    </ClCompile>
    <ClCompile Include="E:\git\WindowsResearch\retdec-master\src\fileformat\file_format\intel_hex\intel_hex_parser\intel_hex_tokenizer.cpp">
      <Filter>Source Files</Filter>
    </ClCompile>
    <ClCompile Include="E:\git\WindowsResearch\retdec-master\src\fileformat\file_format\intel_hex\intel_hex_parser\intel_hex_parser.cpp">
      <Filter>Source Files</Filter>
    </ClCompile>
    <ClCompile Include="E:\git\WindowsResearch\retdec-master\src\fileformat\file_format\intel_hex\intel_hex_format.cpp">
      <Filter>Source Files</Filter>
    </ClCompile>
    <ClCompile Include="E:\git\WindowsResearch\retdec-master\src\fileformat\file_format\macho\macho_format.cpp">
      <Filter>Source Files</Filter>
    </ClCompile>
    <ClCompile Include="E:\git\WindowsResearch\retdec-master\src\fileformat\file_format\raw_data\raw_data_format.cpp">
      <Filter>Source Files</Filter>
    </ClCompile>
    <ClCompile Include="E:\git\WindowsResearch\retdec-master\src\fileformat\file_format\file_format.cpp">
      <Filter>Source Files</Filter>
    </ClCompile>
    <ClCompile Include="E:\git\WindowsResearch\retdec-master\src\fileformat\file_format\elf\elf_format.cpp">
      <Filter>Source Files</Filter>
    </ClCompile>
  </ItemGroup>
  <ItemGroup>
    <CustomBuild Include="E:\git\WindowsResearch\retdec-master\src\fileformat\CMakeLists.txt" />
  </ItemGroup>
  <ItemGroup>
    <Filter Include="Source Files">
      <UniqueIdentifier>{C25D9B51-CF30-3AD6-AA44-2550EF86963E}</UniqueIdentifier>
    </Filter>
  </ItemGroup>
</Project>
