<?xml version="1.0" encoding="utf-8"?>
<Project ToolsVersion="15.0" xmlns="http://schemas.microsoft.com/developer/msbuild/2003">
  <ItemGroup>
    <CustomBuild Include="E:\git\WindowsResearch\retdec-master-build\CMakeFiles\6092bc4d3295516311cfa20b7f4ed35f\INSTALL_force.rule">
      <Filter>CMake Rules</Filter>
    </CustomBuild>
  </ItemGroup>
  <ItemGroup>
    <Filter Include="CMake Rules">
      <UniqueIdentifier>{9CC0A98B-E9C1-30C4-9A8F-89F347160CE5}</UniqueIdentifier>
    </Filter>
  </ItemGroup>
</Project>
