
Microsoft Visual Studio Solution File, Format Version 12.00
# Visual Studio 15
VisualStudioVersion = 15.0.28307.1525
MinimumVisualStudioVersion = 10.0.40219.1
Project("{8BC9CEB8-8B4A-11D0-8D11-00A0C91BC942}") = "ALL_BUILD", "ALL_BUILD.vcxproj", "{FF9139E8-485B-3CDC-B68F-6AF39D7BFD45}"
	ProjectSection(ProjectDependencies) = postProject
		{46CFA401-88F3-31BB-A2F6-0B92D2827A65} = {46CFA401-88F3-31BB-A2F6-0B92D2827A65}
		{1D542208-F54D-3E8D-992E-3450D5474E5C} = {1D542208-F54D-3E8D-992E-3450D5474E5C}
		{1207980F-9330-3840-A12A-7F20DC339AC4} = {1207980F-9330-3840-A12A-7F20DC339AC4}
		{7D3E4010-2875-3FA1-92CD-75DB64AA54A9} = {7D3E4010-2875-3FA1-92CD-75DB64AA54A9}
		{D0140E13-B452-3D49-B3AC-8B73D66FE635} = {D0140E13-B452-3D49-B3AC-8B73D66FE635}
		{19956220-4746-3D50-89E9-7D2A7DB636D5} = {19956220-4746-3D50-89E9-7D2A7DB636D5}
		{2F26CF20-2C65-3E2A-803F-601EA7F157F7} = {2F26CF20-2C65-3E2A-803F-601EA7F157F7}
		{C1A3EB20-CA03-3F91-B9DE-703CF77DE176} = {C1A3EB20-CA03-3F91-B9DE-703CF77DE176}
		{4FF1A625-C5DE-3ECA-8CB3-C8F230FA97DA} = {4FF1A625-C5DE-3ECA-8CB3-C8F230FA97DA}
		{53B5E32A-D4A7-39F4-9499-96949EB4DC5D} = {53B5E32A-D4A7-39F4-9499-96949EB4DC5D}
		{CDFA462D-FCA9-3C44-BCA0-C335008CB0F2} = {CDFA462D-FCA9-3C44-BCA0-C335008CB0F2}
		{DC74623A-EAEF-3133-9AC5-A18F2AE5A5CC} = {DC74623A-EAEF-3133-9AC5-A18F2AE5A5CC}
		{8A59533B-D757-379E-906C-84E5453C99B9} = {8A59533B-D757-379E-906C-84E5453C99B9}
		{AF230440-BC17-37F1-8FFD-C7091CD2399F} = {AF230440-BC17-37F1-8FFD-C7091CD2399F}
		{8095F040-1FD2-316C-9370-F8D5614B13DC} = {8095F040-1FD2-316C-9370-F8D5614B13DC}
		{A188C956-FFED-3F24-BB58-A52EA83DA037} = {A188C956-FFED-3F24-BB58-A52EA83DA037}
		{287F525E-685F-32F1-9266-395AA7AB0D35} = {287F525E-685F-32F1-9266-395AA7AB0D35}
		{1F1EA66A-0385-38ED-AD3F-1E289E24DEB7} = {1F1EA66A-0385-38ED-AD3F-1E289E24DEB7}
		{4DBC6272-1E94-3C09-AFC9-4076B81732BA} = {4DBC6272-1E94-3C09-AFC9-4076B81732BA}
		{A9F85473-FC66-33F2-AB0F-DC55647335B4} = {A9F85473-FC66-33F2-AB0F-DC55647335B4}
		{231C587B-FBCB-3CBB-BE43-DE089CC76FF6} = {231C587B-FBCB-3CBB-BE43-DE089CC76FF6}
		{7A8BB77D-24F1-3E49-ACDE-53BDB8310017} = {7A8BB77D-24F1-3E49-ACDE-53BDB8310017}
		{70F2BC85-0DDF-3F68-87AB-9E56175648F5} = {70F2BC85-0DDF-3F68-87AB-9E56175648F5}
		{DF0D9E89-37C6-3287-9808-C029B51A536C} = {DF0D9E89-37C6-3287-9808-C029B51A536C}
		{64FE9D8C-379C-3657-9ECB-276F993AD065} = {64FE9D8C-379C-3657-9ECB-276F993AD065}
		{5722E88F-6927-3F79-9E42-C142A711CEE5} = {5722E88F-6927-3F79-9E42-C142A711CEE5}
		{240F9C95-3AE8-3D43-9AD1-015C778AC735} = {240F9C95-3AE8-3D43-9AD1-015C778AC735}
		{292EADA1-F917-3837-8CFC-2DC3784737CE} = {292EADA1-F917-3837-8CFC-2DC3784737CE}
		{482430B1-4DC1-35FF-B568-9C4EFAF3A017} = {482430B1-4DC1-35FF-B568-9C4EFAF3A017}
		{895CBFB1-6003-3B89-82DB-D4C911D6EE04} = {895CBFB1-6003-3B89-82DB-D4C911D6EE04}
		{7636CCB1-C2DE-369B-81DB-A8639D9F02D7} = {7636CCB1-C2DE-369B-81DB-A8639D9F02D7}
		{EC79CABC-935C-3600-BC57-D56EFA442C57} = {EC79CABC-935C-3600-BC57-D56EFA442C57}
		{1943E8C7-04BF-36ED-AD5E-C4603CF1C6B1} = {1943E8C7-04BF-36ED-AD5E-C4603CF1C6B1}
		{7B4FBFE0-2FF0-3E8C-8006-CBEE1D6FA69D} = {7B4FBFE0-2FF0-3E8C-8006-CBEE1D6FA69D}
		{2650CBE7-B681-3851-B270-6F6CDA3E951B} = {2650CBE7-B681-3851-B270-6F6CDA3E951B}
		{E2C4D2E7-B35F-3E00-8305-8B06BE2D9263} = {E2C4D2E7-B35F-3E00-8305-8B06BE2D9263}
		{46C27AE8-0DD1-3096-A256-1510F711A6B9} = {46C27AE8-0DD1-3096-A256-1510F711A6B9}
		{825A9BE8-E25F-38E2-9672-1631FC353D7B} = {825A9BE8-E25F-38E2-9672-1631FC353D7B}
		{101823F4-3093-39D1-B7AE-329343C50C22} = {101823F4-3093-39D1-B7AE-329343C50C22}
		{AF9890F5-5BC7-39E1-878B-395F3B639C50} = {AF9890F5-5BC7-39E1-878B-395F3B639C50}
		{204BDEF9-7BE0-3332-BEAB-B47376EE7685} = {204BDEF9-7BE0-3332-BEAB-B47376EE7685}
	EndProjectSection
EndProject
Project("{8BC9CEB8-8B4A-11D0-8D11-00A0C91BC942}") = "INSTALL", "INSTALL.vcxproj", "{AB088597-256D-37D3-9292-818E914A641B}"
	ProjectSection(ProjectDependencies) = postProject
		{19956220-4746-3D50-89E9-7D2A7DB636D5} = {19956220-4746-3D50-89E9-7D2A7DB636D5}
		{FF9139E8-485B-3CDC-B68F-6AF39D7BFD45} = {FF9139E8-485B-3CDC-B68F-6AF39D7BFD45}
	EndProjectSection
EndProject
Project("{8BC9CEB8-8B4A-11D0-8D11-00A0C91BC942}") = "ZERO_CHECK", "ZERO_CHECK.vcxproj", "{19956220-4746-3D50-89E9-7D2A7DB636D5}"
EndProject
Project("{8BC9CEB8-8B4A-11D0-8D11-00A0C91BC942}") = "ar-extractor", "src\ar-extractor\ar-extractor.vcxproj", "{AF230440-BC17-37F1-8FFD-C7091CD2399F}"
	ProjectSection(ProjectDependencies) = postProject
		{1D542208-F54D-3E8D-992E-3450D5474E5C} = {1D542208-F54D-3E8D-992E-3450D5474E5C}
		{19956220-4746-3D50-89E9-7D2A7DB636D5} = {19956220-4746-3D50-89E9-7D2A7DB636D5}
		{4FF1A625-C5DE-3ECA-8CB3-C8F230FA97DA} = {4FF1A625-C5DE-3ECA-8CB3-C8F230FA97DA}
	EndProjectSection
EndProject
Project("{8BC9CEB8-8B4A-11D0-8D11-00A0C91BC942}") = "ar-extractortool", "src\ar-extractortool\ar-extractortool.vcxproj", "{CDFA462D-FCA9-3C44-BCA0-C335008CB0F2}"
	ProjectSection(ProjectDependencies) = postProject
		{1D542208-F54D-3E8D-992E-3450D5474E5C} = {1D542208-F54D-3E8D-992E-3450D5474E5C}
		{19956220-4746-3D50-89E9-7D2A7DB636D5} = {19956220-4746-3D50-89E9-7D2A7DB636D5}
		{4FF1A625-C5DE-3ECA-8CB3-C8F230FA97DA} = {4FF1A625-C5DE-3ECA-8CB3-C8F230FA97DA}
		{AF230440-BC17-37F1-8FFD-C7091CD2399F} = {AF230440-BC17-37F1-8FFD-C7091CD2399F}
	EndProjectSection
EndProject
Project("{8BC9CEB8-8B4A-11D0-8D11-00A0C91BC942}") = "bin2llvmir", "src\bin2llvmir\bin2llvmir.vcxproj", "{7A8BB77D-24F1-3E49-ACDE-53BDB8310017}"
	ProjectSection(ProjectDependencies) = postProject
		{1D542208-F54D-3E8D-992E-3450D5474E5C} = {1D542208-F54D-3E8D-992E-3450D5474E5C}
		{7D3E4010-2875-3FA1-92CD-75DB64AA54A9} = {7D3E4010-2875-3FA1-92CD-75DB64AA54A9}
		{D0140E13-B452-3D49-B3AC-8B73D66FE635} = {D0140E13-B452-3D49-B3AC-8B73D66FE635}
		{19956220-4746-3D50-89E9-7D2A7DB636D5} = {19956220-4746-3D50-89E9-7D2A7DB636D5}
		{4FF1A625-C5DE-3ECA-8CB3-C8F230FA97DA} = {4FF1A625-C5DE-3ECA-8CB3-C8F230FA97DA}
		{DC74623A-EAEF-3133-9AC5-A18F2AE5A5CC} = {DC74623A-EAEF-3133-9AC5-A18F2AE5A5CC}
		{8A59533B-D757-379E-906C-84E5453C99B9} = {8A59533B-D757-379E-906C-84E5453C99B9}
		{A188C956-FFED-3F24-BB58-A52EA83DA037} = {A188C956-FFED-3F24-BB58-A52EA83DA037}
		{287F525E-685F-32F1-9266-395AA7AB0D35} = {287F525E-685F-32F1-9266-395AA7AB0D35}
		{1F1EA66A-0385-38ED-AD3F-1E289E24DEB7} = {1F1EA66A-0385-38ED-AD3F-1E289E24DEB7}
		{A9F85473-FC66-33F2-AB0F-DC55647335B4} = {A9F85473-FC66-33F2-AB0F-DC55647335B4}
		{70F2BC85-0DDF-3F68-87AB-9E56175648F5} = {70F2BC85-0DDF-3F68-87AB-9E56175648F5}
		{64FE9D8C-379C-3657-9ECB-276F993AD065} = {64FE9D8C-379C-3657-9ECB-276F993AD065}
		{240F9C95-3AE8-3D43-9AD1-015C778AC735} = {240F9C95-3AE8-3D43-9AD1-015C778AC735}
		{895CBFB1-6003-3B89-82DB-D4C911D6EE04} = {895CBFB1-6003-3B89-82DB-D4C911D6EE04}
		{EC79CABC-935C-3600-BC57-D56EFA442C57} = {EC79CABC-935C-3600-BC57-D56EFA442C57}
		{1943E8C7-04BF-36ED-AD5E-C4603CF1C6B1} = {1943E8C7-04BF-36ED-AD5E-C4603CF1C6B1}
		{7B4FBFE0-2FF0-3E8C-8006-CBEE1D6FA69D} = {7B4FBFE0-2FF0-3E8C-8006-CBEE1D6FA69D}
		{2650CBE7-B681-3851-B270-6F6CDA3E951B} = {2650CBE7-B681-3851-B270-6F6CDA3E951B}
		{46C27AE8-0DD1-3096-A256-1510F711A6B9} = {46C27AE8-0DD1-3096-A256-1510F711A6B9}
		{101823F4-3093-39D1-B7AE-329343C50C22} = {101823F4-3093-39D1-B7AE-329343C50C22}
		{204BDEF9-7BE0-3332-BEAB-B47376EE7685} = {204BDEF9-7BE0-3332-BEAB-B47376EE7685}
	EndProjectSection
EndProject
Project("{8BC9CEB8-8B4A-11D0-8D11-00A0C91BC942}") = "bin2pat", "src\bin2pat\bin2pat.vcxproj", "{1207980F-9330-3840-A12A-7F20DC339AC4}"
	ProjectSection(ProjectDependencies) = postProject
		{1D542208-F54D-3E8D-992E-3450D5474E5C} = {1D542208-F54D-3E8D-992E-3450D5474E5C}
		{D0140E13-B452-3D49-B3AC-8B73D66FE635} = {D0140E13-B452-3D49-B3AC-8B73D66FE635}
		{19956220-4746-3D50-89E9-7D2A7DB636D5} = {19956220-4746-3D50-89E9-7D2A7DB636D5}
		{4FF1A625-C5DE-3ECA-8CB3-C8F230FA97DA} = {4FF1A625-C5DE-3ECA-8CB3-C8F230FA97DA}
		{DC74623A-EAEF-3133-9AC5-A18F2AE5A5CC} = {DC74623A-EAEF-3133-9AC5-A18F2AE5A5CC}
		{A9F85473-FC66-33F2-AB0F-DC55647335B4} = {A9F85473-FC66-33F2-AB0F-DC55647335B4}
		{292EADA1-F917-3837-8CFC-2DC3784737CE} = {292EADA1-F917-3837-8CFC-2DC3784737CE}
		{E2C4D2E7-B35F-3E00-8305-8B06BE2D9263} = {E2C4D2E7-B35F-3E00-8305-8B06BE2D9263}
	EndProjectSection
EndProject
Project("{8BC9CEB8-8B4A-11D0-8D11-00A0C91BC942}") = "capstone-project", "deps\capstone\capstone-project.vcxproj", "{895CBFB1-6003-3B89-82DB-D4C911D6EE04}"
	ProjectSection(ProjectDependencies) = postProject
		{19956220-4746-3D50-89E9-7D2A7DB636D5} = {19956220-4746-3D50-89E9-7D2A7DB636D5}
	EndProjectSection
EndProject
Project("{8BC9CEB8-8B4A-11D0-8D11-00A0C91BC942}") = "capstone2llvmir", "src\capstone2llvmir\capstone2llvmir.vcxproj", "{64FE9D8C-379C-3657-9ECB-276F993AD065}"
	ProjectSection(ProjectDependencies) = postProject
		{1D542208-F54D-3E8D-992E-3450D5474E5C} = {1D542208-F54D-3E8D-992E-3450D5474E5C}
		{19956220-4746-3D50-89E9-7D2A7DB636D5} = {19956220-4746-3D50-89E9-7D2A7DB636D5}
		{4FF1A625-C5DE-3ECA-8CB3-C8F230FA97DA} = {4FF1A625-C5DE-3ECA-8CB3-C8F230FA97DA}
		{DC74623A-EAEF-3133-9AC5-A18F2AE5A5CC} = {DC74623A-EAEF-3133-9AC5-A18F2AE5A5CC}
		{895CBFB1-6003-3B89-82DB-D4C911D6EE04} = {895CBFB1-6003-3B89-82DB-D4C911D6EE04}
	EndProjectSection
EndProject
Project("{8BC9CEB8-8B4A-11D0-8D11-00A0C91BC942}") = "common", "src\common\common.vcxproj", "{DC74623A-EAEF-3133-9AC5-A18F2AE5A5CC}"
	ProjectSection(ProjectDependencies) = postProject
		{1D542208-F54D-3E8D-992E-3450D5474E5C} = {1D542208-F54D-3E8D-992E-3450D5474E5C}
		{19956220-4746-3D50-89E9-7D2A7DB636D5} = {19956220-4746-3D50-89E9-7D2A7DB636D5}
	EndProjectSection
EndProject
Project("{8BC9CEB8-8B4A-11D0-8D11-00A0C91BC942}") = "config", "src\config\config.vcxproj", "{7D3E4010-2875-3FA1-92CD-75DB64AA54A9}"
	ProjectSection(ProjectDependencies) = postProject
		{1D542208-F54D-3E8D-992E-3450D5474E5C} = {1D542208-F54D-3E8D-992E-3450D5474E5C}
		{19956220-4746-3D50-89E9-7D2A7DB636D5} = {19956220-4746-3D50-89E9-7D2A7DB636D5}
		{DC74623A-EAEF-3133-9AC5-A18F2AE5A5CC} = {DC74623A-EAEF-3133-9AC5-A18F2AE5A5CC}
		{7B4FBFE0-2FF0-3E8C-8006-CBEE1D6FA69D} = {7B4FBFE0-2FF0-3E8C-8006-CBEE1D6FA69D}
	EndProjectSection
EndProject
Project("{8BC9CEB8-8B4A-11D0-8D11-00A0C91BC942}") = "cpdetect", "src\cpdetect\cpdetect.vcxproj", "{204BDEF9-7BE0-3332-BEAB-B47376EE7685}"
	ProjectSection(ProjectDependencies) = postProject
		{1D542208-F54D-3E8D-992E-3450D5474E5C} = {1D542208-F54D-3E8D-992E-3450D5474E5C}
		{D0140E13-B452-3D49-B3AC-8B73D66FE635} = {D0140E13-B452-3D49-B3AC-8B73D66FE635}
		{19956220-4746-3D50-89E9-7D2A7DB636D5} = {19956220-4746-3D50-89E9-7D2A7DB636D5}
		{4FF1A625-C5DE-3ECA-8CB3-C8F230FA97DA} = {4FF1A625-C5DE-3ECA-8CB3-C8F230FA97DA}
		{DC74623A-EAEF-3133-9AC5-A18F2AE5A5CC} = {DC74623A-EAEF-3133-9AC5-A18F2AE5A5CC}
		{A9F85473-FC66-33F2-AB0F-DC55647335B4} = {A9F85473-FC66-33F2-AB0F-DC55647335B4}
		{240F9C95-3AE8-3D43-9AD1-015C778AC735} = {240F9C95-3AE8-3D43-9AD1-015C778AC735}
		{2650CBE7-B681-3851-B270-6F6CDA3E951B} = {2650CBE7-B681-3851-B270-6F6CDA3E951B}
		{46C27AE8-0DD1-3096-A256-1510F711A6B9} = {46C27AE8-0DD1-3096-A256-1510F711A6B9}
	EndProjectSection
EndProject
Project("{8BC9CEB8-8B4A-11D0-8D11-00A0C91BC942}") = "ctypes", "src\ctypes\ctypes.vcxproj", "{101823F4-3093-39D1-B7AE-329343C50C22}"
	ProjectSection(ProjectDependencies) = postProject
		{1D542208-F54D-3E8D-992E-3450D5474E5C} = {1D542208-F54D-3E8D-992E-3450D5474E5C}
		{19956220-4746-3D50-89E9-7D2A7DB636D5} = {19956220-4746-3D50-89E9-7D2A7DB636D5}
	EndProjectSection
EndProject
Project("{8BC9CEB8-8B4A-11D0-8D11-00A0C91BC942}") = "ctypesparser", "src\ctypesparser\ctypesparser.vcxproj", "{70F2BC85-0DDF-3F68-87AB-9E56175648F5}"
	ProjectSection(ProjectDependencies) = postProject
		{1D542208-F54D-3E8D-992E-3450D5474E5C} = {1D542208-F54D-3E8D-992E-3450D5474E5C}
		{19956220-4746-3D50-89E9-7D2A7DB636D5} = {19956220-4746-3D50-89E9-7D2A7DB636D5}
		{101823F4-3093-39D1-B7AE-329343C50C22} = {101823F4-3093-39D1-B7AE-329343C50C22}
	EndProjectSection
EndProject
Project("{8BC9CEB8-8B4A-11D0-8D11-00A0C91BC942}") = "debugformat", "src\debugformat\debugformat.vcxproj", "{1F1EA66A-0385-38ED-AD3F-1E289E24DEB7}"
	ProjectSection(ProjectDependencies) = postProject
		{1D542208-F54D-3E8D-992E-3450D5474E5C} = {1D542208-F54D-3E8D-992E-3450D5474E5C}
		{D0140E13-B452-3D49-B3AC-8B73D66FE635} = {D0140E13-B452-3D49-B3AC-8B73D66FE635}
		{19956220-4746-3D50-89E9-7D2A7DB636D5} = {19956220-4746-3D50-89E9-7D2A7DB636D5}
		{4FF1A625-C5DE-3ECA-8CB3-C8F230FA97DA} = {4FF1A625-C5DE-3ECA-8CB3-C8F230FA97DA}
		{DC74623A-EAEF-3133-9AC5-A18F2AE5A5CC} = {DC74623A-EAEF-3133-9AC5-A18F2AE5A5CC}
		{A188C956-FFED-3F24-BB58-A52EA83DA037} = {A188C956-FFED-3F24-BB58-A52EA83DA037}
		{A9F85473-FC66-33F2-AB0F-DC55647335B4} = {A9F85473-FC66-33F2-AB0F-DC55647335B4}
		{70F2BC85-0DDF-3F68-87AB-9E56175648F5} = {70F2BC85-0DDF-3F68-87AB-9E56175648F5}
		{EC79CABC-935C-3600-BC57-D56EFA442C57} = {EC79CABC-935C-3600-BC57-D56EFA442C57}
		{1943E8C7-04BF-36ED-AD5E-C4603CF1C6B1} = {1943E8C7-04BF-36ED-AD5E-C4603CF1C6B1}
		{101823F4-3093-39D1-B7AE-329343C50C22} = {101823F4-3093-39D1-B7AE-329343C50C22}
	EndProjectSection
EndProject
Project("{8BC9CEB8-8B4A-11D0-8D11-00A0C91BC942}") = "demangler", "src\demangler\demangler.vcxproj", "{1943E8C7-04BF-36ED-AD5E-C4603CF1C6B1}"
	ProjectSection(ProjectDependencies) = postProject
		{1D542208-F54D-3E8D-992E-3450D5474E5C} = {1D542208-F54D-3E8D-992E-3450D5474E5C}
		{19956220-4746-3D50-89E9-7D2A7DB636D5} = {19956220-4746-3D50-89E9-7D2A7DB636D5}
		{4FF1A625-C5DE-3ECA-8CB3-C8F230FA97DA} = {4FF1A625-C5DE-3ECA-8CB3-C8F230FA97DA}
		{70F2BC85-0DDF-3F68-87AB-9E56175648F5} = {70F2BC85-0DDF-3F68-87AB-9E56175648F5}
		{101823F4-3093-39D1-B7AE-329343C50C22} = {101823F4-3093-39D1-B7AE-329343C50C22}
	EndProjectSection
EndProject
Project("{8BC9CEB8-8B4A-11D0-8D11-00A0C91BC942}") = "fileformat", "src\fileformat\fileformat.vcxproj", "{A9F85473-FC66-33F2-AB0F-DC55647335B4}"
	ProjectSection(ProjectDependencies) = postProject
		{1D542208-F54D-3E8D-992E-3450D5474E5C} = {1D542208-F54D-3E8D-992E-3450D5474E5C}
		{D0140E13-B452-3D49-B3AC-8B73D66FE635} = {D0140E13-B452-3D49-B3AC-8B73D66FE635}
		{19956220-4746-3D50-89E9-7D2A7DB636D5} = {19956220-4746-3D50-89E9-7D2A7DB636D5}
		{4FF1A625-C5DE-3ECA-8CB3-C8F230FA97DA} = {4FF1A625-C5DE-3ECA-8CB3-C8F230FA97DA}
		{DC74623A-EAEF-3133-9AC5-A18F2AE5A5CC} = {DC74623A-EAEF-3133-9AC5-A18F2AE5A5CC}
	EndProjectSection
EndProject
Project("{8BC9CEB8-8B4A-11D0-8D11-00A0C91BC942}") = "fileinfo", "src\fileinfo\fileinfo.vcxproj", "{2F26CF20-2C65-3E2A-803F-601EA7F157F7}"
	ProjectSection(ProjectDependencies) = postProject
		{1D542208-F54D-3E8D-992E-3450D5474E5C} = {1D542208-F54D-3E8D-992E-3450D5474E5C}
		{7D3E4010-2875-3FA1-92CD-75DB64AA54A9} = {7D3E4010-2875-3FA1-92CD-75DB64AA54A9}
		{D0140E13-B452-3D49-B3AC-8B73D66FE635} = {D0140E13-B452-3D49-B3AC-8B73D66FE635}
		{19956220-4746-3D50-89E9-7D2A7DB636D5} = {19956220-4746-3D50-89E9-7D2A7DB636D5}
		{4FF1A625-C5DE-3ECA-8CB3-C8F230FA97DA} = {4FF1A625-C5DE-3ECA-8CB3-C8F230FA97DA}
		{DC74623A-EAEF-3133-9AC5-A18F2AE5A5CC} = {DC74623A-EAEF-3133-9AC5-A18F2AE5A5CC}
		{AF230440-BC17-37F1-8FFD-C7091CD2399F} = {AF230440-BC17-37F1-8FFD-C7091CD2399F}
		{A188C956-FFED-3F24-BB58-A52EA83DA037} = {A188C956-FFED-3F24-BB58-A52EA83DA037}
		{A9F85473-FC66-33F2-AB0F-DC55647335B4} = {A9F85473-FC66-33F2-AB0F-DC55647335B4}
		{240F9C95-3AE8-3D43-9AD1-015C778AC735} = {240F9C95-3AE8-3D43-9AD1-015C778AC735}
		{7B4FBFE0-2FF0-3E8C-8006-CBEE1D6FA69D} = {7B4FBFE0-2FF0-3E8C-8006-CBEE1D6FA69D}
		{2650CBE7-B681-3851-B270-6F6CDA3E951B} = {2650CBE7-B681-3851-B270-6F6CDA3E951B}
		{46C27AE8-0DD1-3096-A256-1510F711A6B9} = {46C27AE8-0DD1-3096-A256-1510F711A6B9}
		{204BDEF9-7BE0-3332-BEAB-B47376EE7685} = {204BDEF9-7BE0-3332-BEAB-B47376EE7685}
	EndProjectSection
EndProject
Project("{8BC9CEB8-8B4A-11D0-8D11-00A0C91BC942}") = "getsig", "src\getsig\getsig.vcxproj", "{4DBC6272-1E94-3C09-AFC9-4076B81732BA}"
	ProjectSection(ProjectDependencies) = postProject
		{1D542208-F54D-3E8D-992E-3450D5474E5C} = {1D542208-F54D-3E8D-992E-3450D5474E5C}
		{D0140E13-B452-3D49-B3AC-8B73D66FE635} = {D0140E13-B452-3D49-B3AC-8B73D66FE635}
		{19956220-4746-3D50-89E9-7D2A7DB636D5} = {19956220-4746-3D50-89E9-7D2A7DB636D5}
		{4FF1A625-C5DE-3ECA-8CB3-C8F230FA97DA} = {4FF1A625-C5DE-3ECA-8CB3-C8F230FA97DA}
		{DC74623A-EAEF-3133-9AC5-A18F2AE5A5CC} = {DC74623A-EAEF-3133-9AC5-A18F2AE5A5CC}
		{A9F85473-FC66-33F2-AB0F-DC55647335B4} = {A9F85473-FC66-33F2-AB0F-DC55647335B4}
	EndProjectSection
EndProject
Project("{8BC9CEB8-8B4A-11D0-8D11-00A0C91BC942}") = "idr2pat", "src\idr2pat\idr2pat.vcxproj", "{231C587B-FBCB-3CBB-BE43-DE089CC76FF6}"
	ProjectSection(ProjectDependencies) = postProject
		{1D542208-F54D-3E8D-992E-3450D5474E5C} = {1D542208-F54D-3E8D-992E-3450D5474E5C}
		{19956220-4746-3D50-89E9-7D2A7DB636D5} = {19956220-4746-3D50-89E9-7D2A7DB636D5}
		{E2C4D2E7-B35F-3E00-8305-8B06BE2D9263} = {E2C4D2E7-B35F-3E00-8305-8B06BE2D9263}
	EndProjectSection
EndProject
Project("{8BC9CEB8-8B4A-11D0-8D11-00A0C91BC942}") = "llvm-project", "deps\llvm\llvm-project.vcxproj", "{4FF1A625-C5DE-3ECA-8CB3-C8F230FA97DA}"
	ProjectSection(ProjectDependencies) = postProject
		{19956220-4746-3D50-89E9-7D2A7DB636D5} = {19956220-4746-3D50-89E9-7D2A7DB636D5}
	EndProjectSection
EndProject
Project("{8BC9CEB8-8B4A-11D0-8D11-00A0C91BC942}") = "llvmir2hll", "src\llvmir2hll\llvmir2hll.vcxproj", "{DF0D9E89-37C6-3287-9808-C029B51A536C}"
	ProjectSection(ProjectDependencies) = postProject
		{1D542208-F54D-3E8D-992E-3450D5474E5C} = {1D542208-F54D-3E8D-992E-3450D5474E5C}
		{7D3E4010-2875-3FA1-92CD-75DB64AA54A9} = {7D3E4010-2875-3FA1-92CD-75DB64AA54A9}
		{19956220-4746-3D50-89E9-7D2A7DB636D5} = {19956220-4746-3D50-89E9-7D2A7DB636D5}
		{4FF1A625-C5DE-3ECA-8CB3-C8F230FA97DA} = {4FF1A625-C5DE-3ECA-8CB3-C8F230FA97DA}
		{DC74623A-EAEF-3133-9AC5-A18F2AE5A5CC} = {DC74623A-EAEF-3133-9AC5-A18F2AE5A5CC}
		{7B4FBFE0-2FF0-3E8C-8006-CBEE1D6FA69D} = {7B4FBFE0-2FF0-3E8C-8006-CBEE1D6FA69D}
	EndProjectSection
EndProject
Project("{8BC9CEB8-8B4A-11D0-8D11-00A0C91BC942}") = "loader", "src\loader\loader.vcxproj", "{A188C956-FFED-3F24-BB58-A52EA83DA037}"
	ProjectSection(ProjectDependencies) = postProject
		{1D542208-F54D-3E8D-992E-3450D5474E5C} = {1D542208-F54D-3E8D-992E-3450D5474E5C}
		{D0140E13-B452-3D49-B3AC-8B73D66FE635} = {D0140E13-B452-3D49-B3AC-8B73D66FE635}
		{19956220-4746-3D50-89E9-7D2A7DB636D5} = {19956220-4746-3D50-89E9-7D2A7DB636D5}
		{4FF1A625-C5DE-3ECA-8CB3-C8F230FA97DA} = {4FF1A625-C5DE-3ECA-8CB3-C8F230FA97DA}
		{DC74623A-EAEF-3133-9AC5-A18F2AE5A5CC} = {DC74623A-EAEF-3133-9AC5-A18F2AE5A5CC}
		{A9F85473-FC66-33F2-AB0F-DC55647335B4} = {A9F85473-FC66-33F2-AB0F-DC55647335B4}
	EndProjectSection
EndProject
Project("{8BC9CEB8-8B4A-11D0-8D11-00A0C91BC942}") = "macho-extractor", "src\macho-extractor\macho-extractor.vcxproj", "{AF9890F5-5BC7-39E1-878B-395F3B639C50}"
	ProjectSection(ProjectDependencies) = postProject
		{1D542208-F54D-3E8D-992E-3450D5474E5C} = {1D542208-F54D-3E8D-992E-3450D5474E5C}
		{19956220-4746-3D50-89E9-7D2A7DB636D5} = {19956220-4746-3D50-89E9-7D2A7DB636D5}
		{4FF1A625-C5DE-3ECA-8CB3-C8F230FA97DA} = {4FF1A625-C5DE-3ECA-8CB3-C8F230FA97DA}
	EndProjectSection
EndProject
Project("{8BC9CEB8-8B4A-11D0-8D11-00A0C91BC942}") = "macho-extractortool", "src\macho-extractortool\macho-extractortool.vcxproj", "{53B5E32A-D4A7-39F4-9499-96949EB4DC5D}"
	ProjectSection(ProjectDependencies) = postProject
		{1D542208-F54D-3E8D-992E-3450D5474E5C} = {1D542208-F54D-3E8D-992E-3450D5474E5C}
		{19956220-4746-3D50-89E9-7D2A7DB636D5} = {19956220-4746-3D50-89E9-7D2A7DB636D5}
		{4FF1A625-C5DE-3ECA-8CB3-C8F230FA97DA} = {4FF1A625-C5DE-3ECA-8CB3-C8F230FA97DA}
		{AF9890F5-5BC7-39E1-878B-395F3B639C50} = {AF9890F5-5BC7-39E1-878B-395F3B639C50}
	EndProjectSection
EndProject
Project("{8BC9CEB8-8B4A-11D0-8D11-00A0C91BC942}") = "main", "src\unpackertool\main.vcxproj", "{8095F040-1FD2-316C-9370-F8D5614B13DC}"
	ProjectSection(ProjectDependencies) = postProject
		{1D542208-F54D-3E8D-992E-3450D5474E5C} = {1D542208-F54D-3E8D-992E-3450D5474E5C}
		{D0140E13-B452-3D49-B3AC-8B73D66FE635} = {D0140E13-B452-3D49-B3AC-8B73D66FE635}
		{19956220-4746-3D50-89E9-7D2A7DB636D5} = {19956220-4746-3D50-89E9-7D2A7DB636D5}
		{C1A3EB20-CA03-3F91-B9DE-703CF77DE176} = {C1A3EB20-CA03-3F91-B9DE-703CF77DE176}
		{4FF1A625-C5DE-3ECA-8CB3-C8F230FA97DA} = {4FF1A625-C5DE-3ECA-8CB3-C8F230FA97DA}
		{DC74623A-EAEF-3133-9AC5-A18F2AE5A5CC} = {DC74623A-EAEF-3133-9AC5-A18F2AE5A5CC}
		{A188C956-FFED-3F24-BB58-A52EA83DA037} = {A188C956-FFED-3F24-BB58-A52EA83DA037}
		{A9F85473-FC66-33F2-AB0F-DC55647335B4} = {A9F85473-FC66-33F2-AB0F-DC55647335B4}
		{240F9C95-3AE8-3D43-9AD1-015C778AC735} = {240F9C95-3AE8-3D43-9AD1-015C778AC735}
		{7636CCB1-C2DE-369B-81DB-A8639D9F02D7} = {7636CCB1-C2DE-369B-81DB-A8639D9F02D7}
		{2650CBE7-B681-3851-B270-6F6CDA3E951B} = {2650CBE7-B681-3851-B270-6F6CDA3E951B}
		{46C27AE8-0DD1-3096-A256-1510F711A6B9} = {46C27AE8-0DD1-3096-A256-1510F711A6B9}
		{204BDEF9-7BE0-3332-BEAB-B47376EE7685} = {204BDEF9-7BE0-3332-BEAB-B47376EE7685}
	EndProjectSection
EndProject
Project("{8BC9CEB8-8B4A-11D0-8D11-00A0C91BC942}") = "pat2yara", "src\pat2yara\pat2yara.vcxproj", "{46CFA401-88F3-31BB-A2F6-0B92D2827A65}"
	ProjectSection(ProjectDependencies) = postProject
		{1D542208-F54D-3E8D-992E-3450D5474E5C} = {1D542208-F54D-3E8D-992E-3450D5474E5C}
		{D0140E13-B452-3D49-B3AC-8B73D66FE635} = {D0140E13-B452-3D49-B3AC-8B73D66FE635}
		{19956220-4746-3D50-89E9-7D2A7DB636D5} = {19956220-4746-3D50-89E9-7D2A7DB636D5}
		{4FF1A625-C5DE-3ECA-8CB3-C8F230FA97DA} = {4FF1A625-C5DE-3ECA-8CB3-C8F230FA97DA}
		{DC74623A-EAEF-3133-9AC5-A18F2AE5A5CC} = {DC74623A-EAEF-3133-9AC5-A18F2AE5A5CC}
		{A9F85473-FC66-33F2-AB0F-DC55647335B4} = {A9F85473-FC66-33F2-AB0F-DC55647335B4}
		{292EADA1-F917-3837-8CFC-2DC3784737CE} = {292EADA1-F917-3837-8CFC-2DC3784737CE}
		{E2C4D2E7-B35F-3E00-8305-8B06BE2D9263} = {E2C4D2E7-B35F-3E00-8305-8B06BE2D9263}
	EndProjectSection
EndProject
Project("{8BC9CEB8-8B4A-11D0-8D11-00A0C91BC942}") = "patterngen", "src\patterngen\patterngen.vcxproj", "{292EADA1-F917-3837-8CFC-2DC3784737CE}"
	ProjectSection(ProjectDependencies) = postProject
		{1D542208-F54D-3E8D-992E-3450D5474E5C} = {1D542208-F54D-3E8D-992E-3450D5474E5C}
		{D0140E13-B452-3D49-B3AC-8B73D66FE635} = {D0140E13-B452-3D49-B3AC-8B73D66FE635}
		{19956220-4746-3D50-89E9-7D2A7DB636D5} = {19956220-4746-3D50-89E9-7D2A7DB636D5}
		{4FF1A625-C5DE-3ECA-8CB3-C8F230FA97DA} = {4FF1A625-C5DE-3ECA-8CB3-C8F230FA97DA}
		{DC74623A-EAEF-3133-9AC5-A18F2AE5A5CC} = {DC74623A-EAEF-3133-9AC5-A18F2AE5A5CC}
		{A9F85473-FC66-33F2-AB0F-DC55647335B4} = {A9F85473-FC66-33F2-AB0F-DC55647335B4}
		{E2C4D2E7-B35F-3E00-8305-8B06BE2D9263} = {E2C4D2E7-B35F-3E00-8305-8B06BE2D9263}
	EndProjectSection
EndProject
Project("{8BC9CEB8-8B4A-11D0-8D11-00A0C91BC942}") = "pdbparser", "src\pdbparser\pdbparser.vcxproj", "{EC79CABC-935C-3600-BC57-D56EFA442C57}"
	ProjectSection(ProjectDependencies) = postProject
		{19956220-4746-3D50-89E9-7D2A7DB636D5} = {19956220-4746-3D50-89E9-7D2A7DB636D5}
	EndProjectSection
EndProject
Project("{8BC9CEB8-8B4A-11D0-8D11-00A0C91BC942}") = "pelib", "src\pelib\pelib.vcxproj", "{D0140E13-B452-3D49-B3AC-8B73D66FE635}"
	ProjectSection(ProjectDependencies) = postProject
		{19956220-4746-3D50-89E9-7D2A7DB636D5} = {19956220-4746-3D50-89E9-7D2A7DB636D5}
	EndProjectSection
EndProject
Project("{8BC9CEB8-8B4A-11D0-8D11-00A0C91BC942}") = "retdec", "src\retdec\retdec.vcxproj", "{825A9BE8-E25F-38E2-9672-1631FC353D7B}"
	ProjectSection(ProjectDependencies) = postProject
		{1D542208-F54D-3E8D-992E-3450D5474E5C} = {1D542208-F54D-3E8D-992E-3450D5474E5C}
		{7D3E4010-2875-3FA1-92CD-75DB64AA54A9} = {7D3E4010-2875-3FA1-92CD-75DB64AA54A9}
		{D0140E13-B452-3D49-B3AC-8B73D66FE635} = {D0140E13-B452-3D49-B3AC-8B73D66FE635}
		{19956220-4746-3D50-89E9-7D2A7DB636D5} = {19956220-4746-3D50-89E9-7D2A7DB636D5}
		{4FF1A625-C5DE-3ECA-8CB3-C8F230FA97DA} = {4FF1A625-C5DE-3ECA-8CB3-C8F230FA97DA}
		{DC74623A-EAEF-3133-9AC5-A18F2AE5A5CC} = {DC74623A-EAEF-3133-9AC5-A18F2AE5A5CC}
		{8A59533B-D757-379E-906C-84E5453C99B9} = {8A59533B-D757-379E-906C-84E5453C99B9}
		{A188C956-FFED-3F24-BB58-A52EA83DA037} = {A188C956-FFED-3F24-BB58-A52EA83DA037}
		{287F525E-685F-32F1-9266-395AA7AB0D35} = {287F525E-685F-32F1-9266-395AA7AB0D35}
		{1F1EA66A-0385-38ED-AD3F-1E289E24DEB7} = {1F1EA66A-0385-38ED-AD3F-1E289E24DEB7}
		{A9F85473-FC66-33F2-AB0F-DC55647335B4} = {A9F85473-FC66-33F2-AB0F-DC55647335B4}
		{7A8BB77D-24F1-3E49-ACDE-53BDB8310017} = {7A8BB77D-24F1-3E49-ACDE-53BDB8310017}
		{70F2BC85-0DDF-3F68-87AB-9E56175648F5} = {70F2BC85-0DDF-3F68-87AB-9E56175648F5}
		{DF0D9E89-37C6-3287-9808-C029B51A536C} = {DF0D9E89-37C6-3287-9808-C029B51A536C}
		{64FE9D8C-379C-3657-9ECB-276F993AD065} = {64FE9D8C-379C-3657-9ECB-276F993AD065}
		{240F9C95-3AE8-3D43-9AD1-015C778AC735} = {240F9C95-3AE8-3D43-9AD1-015C778AC735}
		{895CBFB1-6003-3B89-82DB-D4C911D6EE04} = {895CBFB1-6003-3B89-82DB-D4C911D6EE04}
		{EC79CABC-935C-3600-BC57-D56EFA442C57} = {EC79CABC-935C-3600-BC57-D56EFA442C57}
		{1943E8C7-04BF-36ED-AD5E-C4603CF1C6B1} = {1943E8C7-04BF-36ED-AD5E-C4603CF1C6B1}
		{7B4FBFE0-2FF0-3E8C-8006-CBEE1D6FA69D} = {7B4FBFE0-2FF0-3E8C-8006-CBEE1D6FA69D}
		{2650CBE7-B681-3851-B270-6F6CDA3E951B} = {2650CBE7-B681-3851-B270-6F6CDA3E951B}
		{46C27AE8-0DD1-3096-A256-1510F711A6B9} = {46C27AE8-0DD1-3096-A256-1510F711A6B9}
		{101823F4-3093-39D1-B7AE-329343C50C22} = {101823F4-3093-39D1-B7AE-329343C50C22}
		{204BDEF9-7BE0-3332-BEAB-B47376EE7685} = {204BDEF9-7BE0-3332-BEAB-B47376EE7685}
	EndProjectSection
EndProject
Project("{8BC9CEB8-8B4A-11D0-8D11-00A0C91BC942}") = "retdec-decompiler", "src\retdec-decompiler\retdec-decompiler.vcxproj", "{482430B1-4DC1-35FF-B568-9C4EFAF3A017}"
	ProjectSection(ProjectDependencies) = postProject
		{1D542208-F54D-3E8D-992E-3450D5474E5C} = {1D542208-F54D-3E8D-992E-3450D5474E5C}
		{7D3E4010-2875-3FA1-92CD-75DB64AA54A9} = {7D3E4010-2875-3FA1-92CD-75DB64AA54A9}
		{D0140E13-B452-3D49-B3AC-8B73D66FE635} = {D0140E13-B452-3D49-B3AC-8B73D66FE635}
		{19956220-4746-3D50-89E9-7D2A7DB636D5} = {19956220-4746-3D50-89E9-7D2A7DB636D5}
		{C1A3EB20-CA03-3F91-B9DE-703CF77DE176} = {C1A3EB20-CA03-3F91-B9DE-703CF77DE176}
		{4FF1A625-C5DE-3ECA-8CB3-C8F230FA97DA} = {4FF1A625-C5DE-3ECA-8CB3-C8F230FA97DA}
		{DC74623A-EAEF-3133-9AC5-A18F2AE5A5CC} = {DC74623A-EAEF-3133-9AC5-A18F2AE5A5CC}
		{8A59533B-D757-379E-906C-84E5453C99B9} = {8A59533B-D757-379E-906C-84E5453C99B9}
		{AF230440-BC17-37F1-8FFD-C7091CD2399F} = {AF230440-BC17-37F1-8FFD-C7091CD2399F}
		{A188C956-FFED-3F24-BB58-A52EA83DA037} = {A188C956-FFED-3F24-BB58-A52EA83DA037}
		{287F525E-685F-32F1-9266-395AA7AB0D35} = {287F525E-685F-32F1-9266-395AA7AB0D35}
		{1F1EA66A-0385-38ED-AD3F-1E289E24DEB7} = {1F1EA66A-0385-38ED-AD3F-1E289E24DEB7}
		{A9F85473-FC66-33F2-AB0F-DC55647335B4} = {A9F85473-FC66-33F2-AB0F-DC55647335B4}
		{7A8BB77D-24F1-3E49-ACDE-53BDB8310017} = {7A8BB77D-24F1-3E49-ACDE-53BDB8310017}
		{70F2BC85-0DDF-3F68-87AB-9E56175648F5} = {70F2BC85-0DDF-3F68-87AB-9E56175648F5}
		{DF0D9E89-37C6-3287-9808-C029B51A536C} = {DF0D9E89-37C6-3287-9808-C029B51A536C}
		{64FE9D8C-379C-3657-9ECB-276F993AD065} = {64FE9D8C-379C-3657-9ECB-276F993AD065}
		{240F9C95-3AE8-3D43-9AD1-015C778AC735} = {240F9C95-3AE8-3D43-9AD1-015C778AC735}
		{CFEC25AB-5F8F-4788-93B7-4444B3B13DED} = {CFEC25AB-5F8F-4788-93B7-4444B3B13DED}
		{895CBFB1-6003-3B89-82DB-D4C911D6EE04} = {895CBFB1-6003-3B89-82DB-D4C911D6EE04}
		{7636CCB1-C2DE-369B-81DB-A8639D9F02D7} = {7636CCB1-C2DE-369B-81DB-A8639D9F02D7}
		{EC79CABC-935C-3600-BC57-D56EFA442C57} = {EC79CABC-935C-3600-BC57-D56EFA442C57}
		{1943E8C7-04BF-36ED-AD5E-C4603CF1C6B1} = {1943E8C7-04BF-36ED-AD5E-C4603CF1C6B1}
		{7B4FBFE0-2FF0-3E8C-8006-CBEE1D6FA69D} = {7B4FBFE0-2FF0-3E8C-8006-CBEE1D6FA69D}
		{2650CBE7-B681-3851-B270-6F6CDA3E951B} = {2650CBE7-B681-3851-B270-6F6CDA3E951B}
		{46C27AE8-0DD1-3096-A256-1510F711A6B9} = {46C27AE8-0DD1-3096-A256-1510F711A6B9}
		{825A9BE8-E25F-38E2-9672-1631FC353D7B} = {825A9BE8-E25F-38E2-9672-1631FC353D7B}
		{101823F4-3093-39D1-B7AE-329343C50C22} = {101823F4-3093-39D1-B7AE-329343C50C22}
		{AF9890F5-5BC7-39E1-878B-395F3B639C50} = {AF9890F5-5BC7-39E1-878B-395F3B639C50}
		{204BDEF9-7BE0-3332-BEAB-B47376EE7685} = {204BDEF9-7BE0-3332-BEAB-B47376EE7685}
	EndProjectSection
EndProject
Project("{8BC9CEB8-8B4A-11D0-8D11-00A0C91BC942}") = "rtti-finder", "src\rtti-finder\rtti-finder.vcxproj", "{287F525E-685F-32F1-9266-395AA7AB0D35}"
	ProjectSection(ProjectDependencies) = postProject
		{1D542208-F54D-3E8D-992E-3450D5474E5C} = {1D542208-F54D-3E8D-992E-3450D5474E5C}
		{D0140E13-B452-3D49-B3AC-8B73D66FE635} = {D0140E13-B452-3D49-B3AC-8B73D66FE635}
		{19956220-4746-3D50-89E9-7D2A7DB636D5} = {19956220-4746-3D50-89E9-7D2A7DB636D5}
		{4FF1A625-C5DE-3ECA-8CB3-C8F230FA97DA} = {4FF1A625-C5DE-3ECA-8CB3-C8F230FA97DA}
		{DC74623A-EAEF-3133-9AC5-A18F2AE5A5CC} = {DC74623A-EAEF-3133-9AC5-A18F2AE5A5CC}
		{A188C956-FFED-3F24-BB58-A52EA83DA037} = {A188C956-FFED-3F24-BB58-A52EA83DA037}
		{A9F85473-FC66-33F2-AB0F-DC55647335B4} = {A9F85473-FC66-33F2-AB0F-DC55647335B4}
	EndProjectSection
EndProject
Project("{8BC9CEB8-8B4A-11D0-8D11-00A0C91BC942}") = "serdes", "src\serdes\serdes.vcxproj", "{7B4FBFE0-2FF0-3E8C-8006-CBEE1D6FA69D}"
	ProjectSection(ProjectDependencies) = postProject
		{1D542208-F54D-3E8D-992E-3450D5474E5C} = {1D542208-F54D-3E8D-992E-3450D5474E5C}
		{19956220-4746-3D50-89E9-7D2A7DB636D5} = {19956220-4746-3D50-89E9-7D2A7DB636D5}
		{DC74623A-EAEF-3133-9AC5-A18F2AE5A5CC} = {DC74623A-EAEF-3133-9AC5-A18F2AE5A5CC}
	EndProjectSection
EndProject
Project("{8BC9CEB8-8B4A-11D0-8D11-00A0C91BC942}") = "stacofin", "src\stacofin\stacofin.vcxproj", "{8A59533B-D757-379E-906C-84E5453C99B9}"
	ProjectSection(ProjectDependencies) = postProject
		{1D542208-F54D-3E8D-992E-3450D5474E5C} = {1D542208-F54D-3E8D-992E-3450D5474E5C}
		{7D3E4010-2875-3FA1-92CD-75DB64AA54A9} = {7D3E4010-2875-3FA1-92CD-75DB64AA54A9}
		{D0140E13-B452-3D49-B3AC-8B73D66FE635} = {D0140E13-B452-3D49-B3AC-8B73D66FE635}
		{19956220-4746-3D50-89E9-7D2A7DB636D5} = {19956220-4746-3D50-89E9-7D2A7DB636D5}
		{4FF1A625-C5DE-3ECA-8CB3-C8F230FA97DA} = {4FF1A625-C5DE-3ECA-8CB3-C8F230FA97DA}
		{DC74623A-EAEF-3133-9AC5-A18F2AE5A5CC} = {DC74623A-EAEF-3133-9AC5-A18F2AE5A5CC}
		{A188C956-FFED-3F24-BB58-A52EA83DA037} = {A188C956-FFED-3F24-BB58-A52EA83DA037}
		{A9F85473-FC66-33F2-AB0F-DC55647335B4} = {A9F85473-FC66-33F2-AB0F-DC55647335B4}
		{240F9C95-3AE8-3D43-9AD1-015C778AC735} = {240F9C95-3AE8-3D43-9AD1-015C778AC735}
		{895CBFB1-6003-3B89-82DB-D4C911D6EE04} = {895CBFB1-6003-3B89-82DB-D4C911D6EE04}
		{7B4FBFE0-2FF0-3E8C-8006-CBEE1D6FA69D} = {7B4FBFE0-2FF0-3E8C-8006-CBEE1D6FA69D}
		{2650CBE7-B681-3851-B270-6F6CDA3E951B} = {2650CBE7-B681-3851-B270-6F6CDA3E951B}
	EndProjectSection
EndProject
Project("{8BC9CEB8-8B4A-11D0-8D11-00A0C91BC942}") = "stacofintool", "src\stacofintool\stacofintool.vcxproj", "{5722E88F-6927-3F79-9E42-C142A711CEE5}"
	ProjectSection(ProjectDependencies) = postProject
		{1D542208-F54D-3E8D-992E-3450D5474E5C} = {1D542208-F54D-3E8D-992E-3450D5474E5C}
		{7D3E4010-2875-3FA1-92CD-75DB64AA54A9} = {7D3E4010-2875-3FA1-92CD-75DB64AA54A9}
		{D0140E13-B452-3D49-B3AC-8B73D66FE635} = {D0140E13-B452-3D49-B3AC-8B73D66FE635}
		{19956220-4746-3D50-89E9-7D2A7DB636D5} = {19956220-4746-3D50-89E9-7D2A7DB636D5}
		{4FF1A625-C5DE-3ECA-8CB3-C8F230FA97DA} = {4FF1A625-C5DE-3ECA-8CB3-C8F230FA97DA}
		{DC74623A-EAEF-3133-9AC5-A18F2AE5A5CC} = {DC74623A-EAEF-3133-9AC5-A18F2AE5A5CC}
		{8A59533B-D757-379E-906C-84E5453C99B9} = {8A59533B-D757-379E-906C-84E5453C99B9}
		{A188C956-FFED-3F24-BB58-A52EA83DA037} = {A188C956-FFED-3F24-BB58-A52EA83DA037}
		{A9F85473-FC66-33F2-AB0F-DC55647335B4} = {A9F85473-FC66-33F2-AB0F-DC55647335B4}
		{240F9C95-3AE8-3D43-9AD1-015C778AC735} = {240F9C95-3AE8-3D43-9AD1-015C778AC735}
		{895CBFB1-6003-3B89-82DB-D4C911D6EE04} = {895CBFB1-6003-3B89-82DB-D4C911D6EE04}
		{7B4FBFE0-2FF0-3E8C-8006-CBEE1D6FA69D} = {7B4FBFE0-2FF0-3E8C-8006-CBEE1D6FA69D}
		{2650CBE7-B681-3851-B270-6F6CDA3E951B} = {2650CBE7-B681-3851-B270-6F6CDA3E951B}
	EndProjectSection
EndProject
Project("{8BC9CEB8-8B4A-11D0-8D11-00A0C91BC942}") = "tinyxml2", "deps\tinyxml2\tinyxml2.vcxproj", "{46C27AE8-0DD1-3096-A256-1510F711A6B9}"
	ProjectSection(ProjectDependencies) = postProject
		{19956220-4746-3D50-89E9-7D2A7DB636D5} = {19956220-4746-3D50-89E9-7D2A7DB636D5}
	EndProjectSection
EndProject
Project("{8BC9CEB8-8B4A-11D0-8D11-00A0C91BC942}") = "unpacker", "src\unpacker\unpacker.vcxproj", "{7636CCB1-C2DE-369B-81DB-A8639D9F02D7}"
	ProjectSection(ProjectDependencies) = postProject
		{1D542208-F54D-3E8D-992E-3450D5474E5C} = {1D542208-F54D-3E8D-992E-3450D5474E5C}
		{D0140E13-B452-3D49-B3AC-8B73D66FE635} = {D0140E13-B452-3D49-B3AC-8B73D66FE635}
		{19956220-4746-3D50-89E9-7D2A7DB636D5} = {19956220-4746-3D50-89E9-7D2A7DB636D5}
		{4FF1A625-C5DE-3ECA-8CB3-C8F230FA97DA} = {4FF1A625-C5DE-3ECA-8CB3-C8F230FA97DA}
		{DC74623A-EAEF-3133-9AC5-A18F2AE5A5CC} = {DC74623A-EAEF-3133-9AC5-A18F2AE5A5CC}
		{A188C956-FFED-3F24-BB58-A52EA83DA037} = {A188C956-FFED-3F24-BB58-A52EA83DA037}
		{A9F85473-FC66-33F2-AB0F-DC55647335B4} = {A9F85473-FC66-33F2-AB0F-DC55647335B4}
	EndProjectSection
EndProject
Project("{8BC9CEB8-8B4A-11D0-8D11-00A0C91BC942}") = "unpackertool", "src\unpackertool\unpackertool.vcxproj", "{C1A3EB20-CA03-3F91-B9DE-703CF77DE176}"
	ProjectSection(ProjectDependencies) = postProject
		{1D542208-F54D-3E8D-992E-3450D5474E5C} = {1D542208-F54D-3E8D-992E-3450D5474E5C}
		{D0140E13-B452-3D49-B3AC-8B73D66FE635} = {D0140E13-B452-3D49-B3AC-8B73D66FE635}
		{19956220-4746-3D50-89E9-7D2A7DB636D5} = {19956220-4746-3D50-89E9-7D2A7DB636D5}
		{4FF1A625-C5DE-3ECA-8CB3-C8F230FA97DA} = {4FF1A625-C5DE-3ECA-8CB3-C8F230FA97DA}
		{DC74623A-EAEF-3133-9AC5-A18F2AE5A5CC} = {DC74623A-EAEF-3133-9AC5-A18F2AE5A5CC}
		{A188C956-FFED-3F24-BB58-A52EA83DA037} = {A188C956-FFED-3F24-BB58-A52EA83DA037}
		{A9F85473-FC66-33F2-AB0F-DC55647335B4} = {A9F85473-FC66-33F2-AB0F-DC55647335B4}
		{240F9C95-3AE8-3D43-9AD1-015C778AC735} = {240F9C95-3AE8-3D43-9AD1-015C778AC735}
		{7636CCB1-C2DE-369B-81DB-A8639D9F02D7} = {7636CCB1-C2DE-369B-81DB-A8639D9F02D7}
		{2650CBE7-B681-3851-B270-6F6CDA3E951B} = {2650CBE7-B681-3851-B270-6F6CDA3E951B}
		{46C27AE8-0DD1-3096-A256-1510F711A6B9} = {46C27AE8-0DD1-3096-A256-1510F711A6B9}
		{204BDEF9-7BE0-3332-BEAB-B47376EE7685} = {204BDEF9-7BE0-3332-BEAB-B47376EE7685}
	EndProjectSection
EndProject
Project("{8BC9CEB8-8B4A-11D0-8D11-00A0C91BC942}") = "utils", "src\utils\utils.vcxproj", "{1D542208-F54D-3E8D-992E-3450D5474E5C}"
	ProjectSection(ProjectDependencies) = postProject
		{19956220-4746-3D50-89E9-7D2A7DB636D5} = {19956220-4746-3D50-89E9-7D2A7DB636D5}
	EndProjectSection
EndProject
Project("{8BC9CEB8-8B4A-11D0-8D11-00A0C91BC942}") = "yara", "deps\yara\yara.vcxproj", "{2650CBE7-B681-3851-B270-6F6CDA3E951B}"
	ProjectSection(ProjectDependencies) = postProject
		{19956220-4746-3D50-89E9-7D2A7DB636D5} = {19956220-4746-3D50-89E9-7D2A7DB636D5}
	EndProjectSection
EndProject
Project("{8BC9CEB8-8B4A-11D0-8D11-00A0C91BC942}") = "yaracpp", "src\yaracpp\yaracpp.vcxproj", "{240F9C95-3AE8-3D43-9AD1-015C778AC735}"
	ProjectSection(ProjectDependencies) = postProject
		{19956220-4746-3D50-89E9-7D2A7DB636D5} = {19956220-4746-3D50-89E9-7D2A7DB636D5}
		{2650CBE7-B681-3851-B270-6F6CDA3E951B} = {2650CBE7-B681-3851-B270-6F6CDA3E951B}
	EndProjectSection
EndProject
Project("{8BC9CEB8-8B4A-11D0-8D11-00A0C91BC942}") = "yaramod-project", "deps\yaramod\yaramod-project.vcxproj", "{E2C4D2E7-B35F-3E00-8305-8B06BE2D9263}"
	ProjectSection(ProjectDependencies) = postProject
		{19956220-4746-3D50-89E9-7D2A7DB636D5} = {19956220-4746-3D50-89E9-7D2A7DB636D5}
	EndProjectSection
EndProject
Project("{8BC9CEB8-8B4A-11D0-8D11-00A0C91BC942}") = "capstone2llvmirtool", "capstone2llvmirtool\capstone2llvmirtool.vcxproj", "{6AABFCFC-BDCC-4CD6-A631-F63E3F7FA88B}"
EndProject
Project("{8BC9CEB8-8B4A-11D0-8D11-00A0C91BC942}") = "LLVMAnalyzer", "LLVMAnalyzer\LLVMAnalyzer.vcxproj", "{E5E52A25-4FDE-42E7-9C3A-A76E7215A637}"
	ProjectSection(ProjectDependencies) = postProject
		{FD6DBFD8-9569-4827-AA18-FAA5DCF90DAB} = {FD6DBFD8-9569-4827-AA18-FAA5DCF90DAB}
	EndProjectSection
EndProject
Project("{8BC9CEB8-8B4A-11D0-8D11-00A0C91BC942}") = "LLVMUtility", "LLVMUtility\LLVMUtility.vcxproj", "{FD6DBFD8-9569-4827-AA18-FAA5DCF90DAB}"
	ProjectSection(ProjectDependencies) = postProject
		{482430B1-4DC1-35FF-B568-9C4EFAF3A017} = {482430B1-4DC1-35FF-B568-9C4EFAF3A017}
	EndProjectSection
EndProject
Project("{8BC9CEB8-8B4A-11D0-8D11-00A0C91BC942}") = "LLVMSymbolicExecution", "LLVMSymbolicExecution\LLVMSymbolicExecution.vcxproj", "{CFEC25AB-5F8F-4788-93B7-4444B3B13DED}"
EndProject
Global
	GlobalSection(SolutionConfigurationPlatforms) = preSolution
		Debug|x64 = Debug|x64
		Debug|x86 = Debug|x86
		Debug64|x64 = Debug64|x64
		Debug64|x86 = Debug64|x86
		MinSizeRel|x64 = MinSizeRel|x64
		MinSizeRel|x86 = MinSizeRel|x86
		Release|x64 = Release|x64
		Release|x86 = Release|x86
		RelWithDebInfo|x64 = RelWithDebInfo|x64
		RelWithDebInfo|x86 = RelWithDebInfo|x86
	EndGlobalSection
	GlobalSection(ProjectConfigurationPlatforms) = postSolution
		{FF9139E8-485B-3CDC-B68F-6AF39D7BFD45}.Debug|x64.ActiveCfg = Debug|x64
		{FF9139E8-485B-3CDC-B68F-6AF39D7BFD45}.Debug|x86.ActiveCfg = Debug|x64
		{FF9139E8-485B-3CDC-B68F-6AF39D7BFD45}.Debug64|x64.ActiveCfg = Debug|x64
		{FF9139E8-485B-3CDC-B68F-6AF39D7BFD45}.Debug64|x64.Build.0 = Debug|x64
		{FF9139E8-485B-3CDC-B68F-6AF39D7BFD45}.Debug64|x86.ActiveCfg = RelWithDebInfo|x64
		{FF9139E8-485B-3CDC-B68F-6AF39D7BFD45}.Debug64|x86.Build.0 = RelWithDebInfo|x64
		{FF9139E8-485B-3CDC-B68F-6AF39D7BFD45}.MinSizeRel|x64.ActiveCfg = MinSizeRel|x64
		{FF9139E8-485B-3CDC-B68F-6AF39D7BFD45}.MinSizeRel|x64.Build.0 = MinSizeRel|x64
		{FF9139E8-485B-3CDC-B68F-6AF39D7BFD45}.MinSizeRel|x86.ActiveCfg = MinSizeRel|x64
		{FF9139E8-485B-3CDC-B68F-6AF39D7BFD45}.Release|x64.ActiveCfg = Release|x64
		{FF9139E8-485B-3CDC-B68F-6AF39D7BFD45}.Release|x64.Build.0 = Release|x64
		{FF9139E8-485B-3CDC-B68F-6AF39D7BFD45}.Release|x86.ActiveCfg = Release|x64
		{FF9139E8-485B-3CDC-B68F-6AF39D7BFD45}.RelWithDebInfo|x64.ActiveCfg = RelWithDebInfo|x64
		{FF9139E8-485B-3CDC-B68F-6AF39D7BFD45}.RelWithDebInfo|x64.Build.0 = RelWithDebInfo|x64
		{FF9139E8-485B-3CDC-B68F-6AF39D7BFD45}.RelWithDebInfo|x86.ActiveCfg = RelWithDebInfo|x64
		{AB088597-256D-37D3-9292-818E914A641B}.Debug|x64.ActiveCfg = Debug|x64
		{AB088597-256D-37D3-9292-818E914A641B}.Debug|x86.ActiveCfg = Debug|x64
		{AB088597-256D-37D3-9292-818E914A641B}.Debug64|x64.ActiveCfg = Debug|x64
		{AB088597-256D-37D3-9292-818E914A641B}.Debug64|x64.Build.0 = Debug|x64
		{AB088597-256D-37D3-9292-818E914A641B}.Debug64|x86.ActiveCfg = RelWithDebInfo|x64
		{AB088597-256D-37D3-9292-818E914A641B}.Debug64|x86.Build.0 = RelWithDebInfo|x64
		{AB088597-256D-37D3-9292-818E914A641B}.MinSizeRel|x64.ActiveCfg = MinSizeRel|x64
		{AB088597-256D-37D3-9292-818E914A641B}.MinSizeRel|x86.ActiveCfg = MinSizeRel|x64
		{AB088597-256D-37D3-9292-818E914A641B}.Release|x64.ActiveCfg = Release|x64
		{AB088597-256D-37D3-9292-818E914A641B}.Release|x86.ActiveCfg = Release|x64
		{AB088597-256D-37D3-9292-818E914A641B}.RelWithDebInfo|x64.ActiveCfg = RelWithDebInfo|x64
		{AB088597-256D-37D3-9292-818E914A641B}.RelWithDebInfo|x86.ActiveCfg = RelWithDebInfo|x64
		{19956220-4746-3D50-89E9-7D2A7DB636D5}.Debug|x64.ActiveCfg = Debug|x64
		{19956220-4746-3D50-89E9-7D2A7DB636D5}.Debug|x86.ActiveCfg = Debug|x64
		{19956220-4746-3D50-89E9-7D2A7DB636D5}.Debug64|x64.ActiveCfg = Debug|x64
		{19956220-4746-3D50-89E9-7D2A7DB636D5}.Debug64|x64.Build.0 = Debug|x64
		{19956220-4746-3D50-89E9-7D2A7DB636D5}.Debug64|x86.ActiveCfg = RelWithDebInfo|x64
		{19956220-4746-3D50-89E9-7D2A7DB636D5}.Debug64|x86.Build.0 = RelWithDebInfo|x64
		{19956220-4746-3D50-89E9-7D2A7DB636D5}.MinSizeRel|x64.ActiveCfg = MinSizeRel|x64
		{19956220-4746-3D50-89E9-7D2A7DB636D5}.MinSizeRel|x64.Build.0 = MinSizeRel|x64
		{19956220-4746-3D50-89E9-7D2A7DB636D5}.MinSizeRel|x86.ActiveCfg = MinSizeRel|x64
		{19956220-4746-3D50-89E9-7D2A7DB636D5}.Release|x64.ActiveCfg = Release|x64
		{19956220-4746-3D50-89E9-7D2A7DB636D5}.Release|x64.Build.0 = Release|x64
		{19956220-4746-3D50-89E9-7D2A7DB636D5}.Release|x86.ActiveCfg = Release|x64
		{19956220-4746-3D50-89E9-7D2A7DB636D5}.RelWithDebInfo|x64.ActiveCfg = RelWithDebInfo|x64
		{19956220-4746-3D50-89E9-7D2A7DB636D5}.RelWithDebInfo|x64.Build.0 = RelWithDebInfo|x64
		{19956220-4746-3D50-89E9-7D2A7DB636D5}.RelWithDebInfo|x86.ActiveCfg = RelWithDebInfo|x64
		{AF230440-BC17-37F1-8FFD-C7091CD2399F}.Debug|x64.ActiveCfg = Debug|x64
		{AF230440-BC17-37F1-8FFD-C7091CD2399F}.Debug|x86.ActiveCfg = Debug|x64
		{AF230440-BC17-37F1-8FFD-C7091CD2399F}.Debug64|x64.ActiveCfg = Debug|x64
		{AF230440-BC17-37F1-8FFD-C7091CD2399F}.Debug64|x64.Build.0 = Debug|x64
		{AF230440-BC17-37F1-8FFD-C7091CD2399F}.Debug64|x86.ActiveCfg = RelWithDebInfo|x64
		{AF230440-BC17-37F1-8FFD-C7091CD2399F}.Debug64|x86.Build.0 = RelWithDebInfo|x64
		{AF230440-BC17-37F1-8FFD-C7091CD2399F}.MinSizeRel|x64.ActiveCfg = MinSizeRel|x64
		{AF230440-BC17-37F1-8FFD-C7091CD2399F}.MinSizeRel|x64.Build.0 = MinSizeRel|x64
		{AF230440-BC17-37F1-8FFD-C7091CD2399F}.MinSizeRel|x86.ActiveCfg = MinSizeRel|x64
		{AF230440-BC17-37F1-8FFD-C7091CD2399F}.Release|x64.ActiveCfg = Release|x64
		{AF230440-BC17-37F1-8FFD-C7091CD2399F}.Release|x64.Build.0 = Release|x64
		{AF230440-BC17-37F1-8FFD-C7091CD2399F}.Release|x86.ActiveCfg = Release|x64
		{AF230440-BC17-37F1-8FFD-C7091CD2399F}.RelWithDebInfo|x64.ActiveCfg = RelWithDebInfo|x64
		{AF230440-BC17-37F1-8FFD-C7091CD2399F}.RelWithDebInfo|x64.Build.0 = RelWithDebInfo|x64
		{AF230440-BC17-37F1-8FFD-C7091CD2399F}.RelWithDebInfo|x86.ActiveCfg = RelWithDebInfo|x64
		{CDFA462D-FCA9-3C44-BCA0-C335008CB0F2}.Debug|x64.ActiveCfg = Debug|x64
		{CDFA462D-FCA9-3C44-BCA0-C335008CB0F2}.Debug|x86.ActiveCfg = Debug|x64
		{CDFA462D-FCA9-3C44-BCA0-C335008CB0F2}.Debug64|x64.ActiveCfg = Debug|x64
		{CDFA462D-FCA9-3C44-BCA0-C335008CB0F2}.Debug64|x64.Build.0 = Debug|x64
		{CDFA462D-FCA9-3C44-BCA0-C335008CB0F2}.Debug64|x86.ActiveCfg = RelWithDebInfo|x64
		{CDFA462D-FCA9-3C44-BCA0-C335008CB0F2}.Debug64|x86.Build.0 = RelWithDebInfo|x64
		{CDFA462D-FCA9-3C44-BCA0-C335008CB0F2}.MinSizeRel|x64.ActiveCfg = MinSizeRel|x64
		{CDFA462D-FCA9-3C44-BCA0-C335008CB0F2}.MinSizeRel|x64.Build.0 = MinSizeRel|x64
		{CDFA462D-FCA9-3C44-BCA0-C335008CB0F2}.MinSizeRel|x86.ActiveCfg = MinSizeRel|x64
		{CDFA462D-FCA9-3C44-BCA0-C335008CB0F2}.Release|x64.ActiveCfg = Release|x64
		{CDFA462D-FCA9-3C44-BCA0-C335008CB0F2}.Release|x64.Build.0 = Release|x64
		{CDFA462D-FCA9-3C44-BCA0-C335008CB0F2}.Release|x86.ActiveCfg = Release|x64
		{CDFA462D-FCA9-3C44-BCA0-C335008CB0F2}.RelWithDebInfo|x64.ActiveCfg = RelWithDebInfo|x64
		{CDFA462D-FCA9-3C44-BCA0-C335008CB0F2}.RelWithDebInfo|x64.Build.0 = RelWithDebInfo|x64
		{CDFA462D-FCA9-3C44-BCA0-C335008CB0F2}.RelWithDebInfo|x86.ActiveCfg = RelWithDebInfo|x64
		{7A8BB77D-24F1-3E49-ACDE-53BDB8310017}.Debug|x64.ActiveCfg = Debug|x64
		{7A8BB77D-24F1-3E49-ACDE-53BDB8310017}.Debug|x64.Build.0 = Debug|x64
		{7A8BB77D-24F1-3E49-ACDE-53BDB8310017}.Debug|x86.ActiveCfg = Debug|x64
		{7A8BB77D-24F1-3E49-ACDE-53BDB8310017}.Debug64|x64.ActiveCfg = Debug|x64
		{7A8BB77D-24F1-3E49-ACDE-53BDB8310017}.Debug64|x64.Build.0 = Debug|x64
		{7A8BB77D-24F1-3E49-ACDE-53BDB8310017}.Debug64|x86.ActiveCfg = RelWithDebInfo|x64
		{7A8BB77D-24F1-3E49-ACDE-53BDB8310017}.Debug64|x86.Build.0 = RelWithDebInfo|x64
		{7A8BB77D-24F1-3E49-ACDE-53BDB8310017}.MinSizeRel|x64.ActiveCfg = MinSizeRel|x64
		{7A8BB77D-24F1-3E49-ACDE-53BDB8310017}.MinSizeRel|x64.Build.0 = MinSizeRel|x64
		{7A8BB77D-24F1-3E49-ACDE-53BDB8310017}.MinSizeRel|x86.ActiveCfg = MinSizeRel|x64
		{7A8BB77D-24F1-3E49-ACDE-53BDB8310017}.Release|x64.ActiveCfg = Release|x64
		{7A8BB77D-24F1-3E49-ACDE-53BDB8310017}.Release|x64.Build.0 = Release|x64
		{7A8BB77D-24F1-3E49-ACDE-53BDB8310017}.Release|x86.ActiveCfg = Release|x64
		{7A8BB77D-24F1-3E49-ACDE-53BDB8310017}.RelWithDebInfo|x64.ActiveCfg = RelWithDebInfo|x64
		{7A8BB77D-24F1-3E49-ACDE-53BDB8310017}.RelWithDebInfo|x64.Build.0 = RelWithDebInfo|x64
		{7A8BB77D-24F1-3E49-ACDE-53BDB8310017}.RelWithDebInfo|x86.ActiveCfg = RelWithDebInfo|x64
		{1207980F-9330-3840-A12A-7F20DC339AC4}.Debug|x64.ActiveCfg = Debug|x64
		{1207980F-9330-3840-A12A-7F20DC339AC4}.Debug|x86.ActiveCfg = Debug|x64
		{1207980F-9330-3840-A12A-7F20DC339AC4}.Debug64|x64.ActiveCfg = Debug|x64
		{1207980F-9330-3840-A12A-7F20DC339AC4}.Debug64|x64.Build.0 = Debug|x64
		{1207980F-9330-3840-A12A-7F20DC339AC4}.Debug64|x86.ActiveCfg = RelWithDebInfo|x64
		{1207980F-9330-3840-A12A-7F20DC339AC4}.Debug64|x86.Build.0 = RelWithDebInfo|x64
		{1207980F-9330-3840-A12A-7F20DC339AC4}.MinSizeRel|x64.ActiveCfg = MinSizeRel|x64
		{1207980F-9330-3840-A12A-7F20DC339AC4}.MinSizeRel|x64.Build.0 = MinSizeRel|x64
		{1207980F-9330-3840-A12A-7F20DC339AC4}.MinSizeRel|x86.ActiveCfg = MinSizeRel|x64
		{1207980F-9330-3840-A12A-7F20DC339AC4}.Release|x64.ActiveCfg = Release|x64
		{1207980F-9330-3840-A12A-7F20DC339AC4}.Release|x64.Build.0 = Release|x64
		{1207980F-9330-3840-A12A-7F20DC339AC4}.Release|x86.ActiveCfg = Release|x64
		{1207980F-9330-3840-A12A-7F20DC339AC4}.RelWithDebInfo|x64.ActiveCfg = RelWithDebInfo|x64
		{1207980F-9330-3840-A12A-7F20DC339AC4}.RelWithDebInfo|x64.Build.0 = RelWithDebInfo|x64
		{1207980F-9330-3840-A12A-7F20DC339AC4}.RelWithDebInfo|x86.ActiveCfg = RelWithDebInfo|x64
		{895CBFB1-6003-3B89-82DB-D4C911D6EE04}.Debug|x64.ActiveCfg = Debug|x64
		{895CBFB1-6003-3B89-82DB-D4C911D6EE04}.Debug|x86.ActiveCfg = Debug|x64
		{895CBFB1-6003-3B89-82DB-D4C911D6EE04}.Debug64|x64.ActiveCfg = Debug|x64
		{895CBFB1-6003-3B89-82DB-D4C911D6EE04}.Debug64|x64.Build.0 = Debug|x64
		{895CBFB1-6003-3B89-82DB-D4C911D6EE04}.Debug64|x86.ActiveCfg = RelWithDebInfo|x64
		{895CBFB1-6003-3B89-82DB-D4C911D6EE04}.Debug64|x86.Build.0 = RelWithDebInfo|x64
		{895CBFB1-6003-3B89-82DB-D4C911D6EE04}.MinSizeRel|x64.ActiveCfg = MinSizeRel|x64
		{895CBFB1-6003-3B89-82DB-D4C911D6EE04}.MinSizeRel|x64.Build.0 = MinSizeRel|x64
		{895CBFB1-6003-3B89-82DB-D4C911D6EE04}.MinSizeRel|x86.ActiveCfg = MinSizeRel|x64
		{895CBFB1-6003-3B89-82DB-D4C911D6EE04}.Release|x64.ActiveCfg = Release|x64
		{895CBFB1-6003-3B89-82DB-D4C911D6EE04}.Release|x64.Build.0 = Release|x64
		{895CBFB1-6003-3B89-82DB-D4C911D6EE04}.Release|x86.ActiveCfg = Release|x64
		{895CBFB1-6003-3B89-82DB-D4C911D6EE04}.RelWithDebInfo|x64.ActiveCfg = RelWithDebInfo|x64
		{895CBFB1-6003-3B89-82DB-D4C911D6EE04}.RelWithDebInfo|x64.Build.0 = RelWithDebInfo|x64
		{895CBFB1-6003-3B89-82DB-D4C911D6EE04}.RelWithDebInfo|x86.ActiveCfg = RelWithDebInfo|x64
		{64FE9D8C-379C-3657-9ECB-276F993AD065}.Debug|x64.ActiveCfg = Debug|x64
		{64FE9D8C-379C-3657-9ECB-276F993AD065}.Debug|x86.ActiveCfg = Debug|x64
		{64FE9D8C-379C-3657-9ECB-276F993AD065}.Debug64|x64.ActiveCfg = Debug|x64
		{64FE9D8C-379C-3657-9ECB-276F993AD065}.Debug64|x64.Build.0 = Debug|x64
		{64FE9D8C-379C-3657-9ECB-276F993AD065}.Debug64|x86.ActiveCfg = RelWithDebInfo|x64
		{64FE9D8C-379C-3657-9ECB-276F993AD065}.Debug64|x86.Build.0 = RelWithDebInfo|x64
		{64FE9D8C-379C-3657-9ECB-276F993AD065}.MinSizeRel|x64.ActiveCfg = MinSizeRel|x64
		{64FE9D8C-379C-3657-9ECB-276F993AD065}.MinSizeRel|x64.Build.0 = MinSizeRel|x64
		{64FE9D8C-379C-3657-9ECB-276F993AD065}.MinSizeRel|x86.ActiveCfg = MinSizeRel|x64
		{64FE9D8C-379C-3657-9ECB-276F993AD065}.Release|x64.ActiveCfg = Release|x64
		{64FE9D8C-379C-3657-9ECB-276F993AD065}.Release|x64.Build.0 = Release|x64
		{64FE9D8C-379C-3657-9ECB-276F993AD065}.Release|x86.ActiveCfg = Release|x64
		{64FE9D8C-379C-3657-9ECB-276F993AD065}.RelWithDebInfo|x64.ActiveCfg = RelWithDebInfo|x64
		{64FE9D8C-379C-3657-9ECB-276F993AD065}.RelWithDebInfo|x64.Build.0 = RelWithDebInfo|x64
		{64FE9D8C-379C-3657-9ECB-276F993AD065}.RelWithDebInfo|x86.ActiveCfg = RelWithDebInfo|x64
		{DC74623A-EAEF-3133-9AC5-A18F2AE5A5CC}.Debug|x64.ActiveCfg = Debug|x64
		{DC74623A-EAEF-3133-9AC5-A18F2AE5A5CC}.Debug|x86.ActiveCfg = Debug|x64
		{DC74623A-EAEF-3133-9AC5-A18F2AE5A5CC}.Debug64|x64.ActiveCfg = Debug|x64
		{DC74623A-EAEF-3133-9AC5-A18F2AE5A5CC}.Debug64|x64.Build.0 = Debug|x64
		{DC74623A-EAEF-3133-9AC5-A18F2AE5A5CC}.Debug64|x86.ActiveCfg = RelWithDebInfo|x64
		{DC74623A-EAEF-3133-9AC5-A18F2AE5A5CC}.Debug64|x86.Build.0 = RelWithDebInfo|x64
		{DC74623A-EAEF-3133-9AC5-A18F2AE5A5CC}.MinSizeRel|x64.ActiveCfg = MinSizeRel|x64
		{DC74623A-EAEF-3133-9AC5-A18F2AE5A5CC}.MinSizeRel|x64.Build.0 = MinSizeRel|x64
		{DC74623A-EAEF-3133-9AC5-A18F2AE5A5CC}.MinSizeRel|x86.ActiveCfg = MinSizeRel|x64
		{DC74623A-EAEF-3133-9AC5-A18F2AE5A5CC}.Release|x64.ActiveCfg = Release|x64
		{DC74623A-EAEF-3133-9AC5-A18F2AE5A5CC}.Release|x64.Build.0 = Release|x64
		{DC74623A-EAEF-3133-9AC5-A18F2AE5A5CC}.Release|x86.ActiveCfg = Release|x64
		{DC74623A-EAEF-3133-9AC5-A18F2AE5A5CC}.RelWithDebInfo|x64.ActiveCfg = RelWithDebInfo|x64
		{DC74623A-EAEF-3133-9AC5-A18F2AE5A5CC}.RelWithDebInfo|x64.Build.0 = RelWithDebInfo|x64
		{DC74623A-EAEF-3133-9AC5-A18F2AE5A5CC}.RelWithDebInfo|x86.ActiveCfg = RelWithDebInfo|x64
		{7D3E4010-2875-3FA1-92CD-75DB64AA54A9}.Debug|x64.ActiveCfg = Debug|x64
		{7D3E4010-2875-3FA1-92CD-75DB64AA54A9}.Debug|x86.ActiveCfg = Debug|x64
		{7D3E4010-2875-3FA1-92CD-75DB64AA54A9}.Debug64|x64.ActiveCfg = Debug|x64
		{7D3E4010-2875-3FA1-92CD-75DB64AA54A9}.Debug64|x64.Build.0 = Debug|x64
		{7D3E4010-2875-3FA1-92CD-75DB64AA54A9}.Debug64|x86.ActiveCfg = RelWithDebInfo|x64
		{7D3E4010-2875-3FA1-92CD-75DB64AA54A9}.Debug64|x86.Build.0 = RelWithDebInfo|x64
		{7D3E4010-2875-3FA1-92CD-75DB64AA54A9}.MinSizeRel|x64.ActiveCfg = MinSizeRel|x64
		{7D3E4010-2875-3FA1-92CD-75DB64AA54A9}.MinSizeRel|x64.Build.0 = MinSizeRel|x64
		{7D3E4010-2875-3FA1-92CD-75DB64AA54A9}.MinSizeRel|x86.ActiveCfg = MinSizeRel|x64
		{7D3E4010-2875-3FA1-92CD-75DB64AA54A9}.Release|x64.ActiveCfg = Release|x64
		{7D3E4010-2875-3FA1-92CD-75DB64AA54A9}.Release|x64.Build.0 = Release|x64
		{7D3E4010-2875-3FA1-92CD-75DB64AA54A9}.Release|x86.ActiveCfg = Release|x64
		{7D3E4010-2875-3FA1-92CD-75DB64AA54A9}.RelWithDebInfo|x64.ActiveCfg = RelWithDebInfo|x64
		{7D3E4010-2875-3FA1-92CD-75DB64AA54A9}.RelWithDebInfo|x64.Build.0 = RelWithDebInfo|x64
		{7D3E4010-2875-3FA1-92CD-75DB64AA54A9}.RelWithDebInfo|x86.ActiveCfg = RelWithDebInfo|x64
		{204BDEF9-7BE0-3332-BEAB-B47376EE7685}.Debug|x64.ActiveCfg = Debug|x64
		{204BDEF9-7BE0-3332-BEAB-B47376EE7685}.Debug|x86.ActiveCfg = Debug|x64
		{204BDEF9-7BE0-3332-BEAB-B47376EE7685}.Debug64|x64.ActiveCfg = Debug|x64
		{204BDEF9-7BE0-3332-BEAB-B47376EE7685}.Debug64|x64.Build.0 = Debug|x64
		{204BDEF9-7BE0-3332-BEAB-B47376EE7685}.Debug64|x86.ActiveCfg = RelWithDebInfo|x64
		{204BDEF9-7BE0-3332-BEAB-B47376EE7685}.Debug64|x86.Build.0 = RelWithDebInfo|x64
		{204BDEF9-7BE0-3332-BEAB-B47376EE7685}.MinSizeRel|x64.ActiveCfg = MinSizeRel|x64
		{204BDEF9-7BE0-3332-BEAB-B47376EE7685}.MinSizeRel|x64.Build.0 = MinSizeRel|x64
		{204BDEF9-7BE0-3332-BEAB-B47376EE7685}.MinSizeRel|x86.ActiveCfg = MinSizeRel|x64
		{204BDEF9-7BE0-3332-BEAB-B47376EE7685}.Release|x64.ActiveCfg = Release|x64
		{204BDEF9-7BE0-3332-BEAB-B47376EE7685}.Release|x64.Build.0 = Release|x64
		{204BDEF9-7BE0-3332-BEAB-B47376EE7685}.Release|x86.ActiveCfg = Release|x64
		{204BDEF9-7BE0-3332-BEAB-B47376EE7685}.RelWithDebInfo|x64.ActiveCfg = RelWithDebInfo|x64
		{204BDEF9-7BE0-3332-BEAB-B47376EE7685}.RelWithDebInfo|x64.Build.0 = RelWithDebInfo|x64
		{204BDEF9-7BE0-3332-BEAB-B47376EE7685}.RelWithDebInfo|x86.ActiveCfg = RelWithDebInfo|x64
		{101823F4-3093-39D1-B7AE-329343C50C22}.Debug|x64.ActiveCfg = Debug|x64
		{101823F4-3093-39D1-B7AE-329343C50C22}.Debug|x86.ActiveCfg = Debug|x64
		{101823F4-3093-39D1-B7AE-329343C50C22}.Debug64|x64.ActiveCfg = Debug|x64
		{101823F4-3093-39D1-B7AE-329343C50C22}.Debug64|x64.Build.0 = Debug|x64
		{101823F4-3093-39D1-B7AE-329343C50C22}.Debug64|x86.ActiveCfg = RelWithDebInfo|x64
		{101823F4-3093-39D1-B7AE-329343C50C22}.Debug64|x86.Build.0 = RelWithDebInfo|x64
		{101823F4-3093-39D1-B7AE-329343C50C22}.MinSizeRel|x64.ActiveCfg = MinSizeRel|x64
		{101823F4-3093-39D1-B7AE-329343C50C22}.MinSizeRel|x64.Build.0 = MinSizeRel|x64
		{101823F4-3093-39D1-B7AE-329343C50C22}.MinSizeRel|x86.ActiveCfg = MinSizeRel|x64
		{101823F4-3093-39D1-B7AE-329343C50C22}.Release|x64.ActiveCfg = Release|x64
		{101823F4-3093-39D1-B7AE-329343C50C22}.Release|x64.Build.0 = Release|x64
		{101823F4-3093-39D1-B7AE-329343C50C22}.Release|x86.ActiveCfg = Release|x64
		{101823F4-3093-39D1-B7AE-329343C50C22}.RelWithDebInfo|x64.ActiveCfg = RelWithDebInfo|x64
		{101823F4-3093-39D1-B7AE-329343C50C22}.RelWithDebInfo|x64.Build.0 = RelWithDebInfo|x64
		{101823F4-3093-39D1-B7AE-329343C50C22}.RelWithDebInfo|x86.ActiveCfg = RelWithDebInfo|x64
		{70F2BC85-0DDF-3F68-87AB-9E56175648F5}.Debug|x64.ActiveCfg = Debug|x64
		{70F2BC85-0DDF-3F68-87AB-9E56175648F5}.Debug|x86.ActiveCfg = Debug|x64
		{70F2BC85-0DDF-3F68-87AB-9E56175648F5}.Debug64|x64.ActiveCfg = Debug|x64
		{70F2BC85-0DDF-3F68-87AB-9E56175648F5}.Debug64|x64.Build.0 = Debug|x64
		{70F2BC85-0DDF-3F68-87AB-9E56175648F5}.Debug64|x86.ActiveCfg = RelWithDebInfo|x64
		{70F2BC85-0DDF-3F68-87AB-9E56175648F5}.Debug64|x86.Build.0 = RelWithDebInfo|x64
		{70F2BC85-0DDF-3F68-87AB-9E56175648F5}.MinSizeRel|x64.ActiveCfg = MinSizeRel|x64
		{70F2BC85-0DDF-3F68-87AB-9E56175648F5}.MinSizeRel|x64.Build.0 = MinSizeRel|x64
		{70F2BC85-0DDF-3F68-87AB-9E56175648F5}.MinSizeRel|x86.ActiveCfg = MinSizeRel|x64
		{70F2BC85-0DDF-3F68-87AB-9E56175648F5}.Release|x64.ActiveCfg = Release|x64
		{70F2BC85-0DDF-3F68-87AB-9E56175648F5}.Release|x64.Build.0 = Release|x64
		{70F2BC85-0DDF-3F68-87AB-9E56175648F5}.Release|x86.ActiveCfg = Release|x64
		{70F2BC85-0DDF-3F68-87AB-9E56175648F5}.RelWithDebInfo|x64.ActiveCfg = RelWithDebInfo|x64
		{70F2BC85-0DDF-3F68-87AB-9E56175648F5}.RelWithDebInfo|x64.Build.0 = RelWithDebInfo|x64
		{70F2BC85-0DDF-3F68-87AB-9E56175648F5}.RelWithDebInfo|x86.ActiveCfg = RelWithDebInfo|x64
		{1F1EA66A-0385-38ED-AD3F-1E289E24DEB7}.Debug|x64.ActiveCfg = Debug|x64
		{1F1EA66A-0385-38ED-AD3F-1E289E24DEB7}.Debug|x86.ActiveCfg = Debug|x64
		{1F1EA66A-0385-38ED-AD3F-1E289E24DEB7}.Debug64|x64.ActiveCfg = Debug|x64
		{1F1EA66A-0385-38ED-AD3F-1E289E24DEB7}.Debug64|x64.Build.0 = Debug|x64
		{1F1EA66A-0385-38ED-AD3F-1E289E24DEB7}.Debug64|x86.ActiveCfg = RelWithDebInfo|x64
		{1F1EA66A-0385-38ED-AD3F-1E289E24DEB7}.Debug64|x86.Build.0 = RelWithDebInfo|x64
		{1F1EA66A-0385-38ED-AD3F-1E289E24DEB7}.MinSizeRel|x64.ActiveCfg = MinSizeRel|x64
		{1F1EA66A-0385-38ED-AD3F-1E289E24DEB7}.MinSizeRel|x64.Build.0 = MinSizeRel|x64
		{1F1EA66A-0385-38ED-AD3F-1E289E24DEB7}.MinSizeRel|x86.ActiveCfg = MinSizeRel|x64
		{1F1EA66A-0385-38ED-AD3F-1E289E24DEB7}.Release|x64.ActiveCfg = Release|x64
		{1F1EA66A-0385-38ED-AD3F-1E289E24DEB7}.Release|x64.Build.0 = Release|x64
		{1F1EA66A-0385-38ED-AD3F-1E289E24DEB7}.Release|x86.ActiveCfg = Release|x64
		{1F1EA66A-0385-38ED-AD3F-1E289E24DEB7}.RelWithDebInfo|x64.ActiveCfg = RelWithDebInfo|x64
		{1F1EA66A-0385-38ED-AD3F-1E289E24DEB7}.RelWithDebInfo|x64.Build.0 = RelWithDebInfo|x64
		{1F1EA66A-0385-38ED-AD3F-1E289E24DEB7}.RelWithDebInfo|x86.ActiveCfg = RelWithDebInfo|x64
		{1943E8C7-04BF-36ED-AD5E-C4603CF1C6B1}.Debug|x64.ActiveCfg = Debug|x64
		{1943E8C7-04BF-36ED-AD5E-C4603CF1C6B1}.Debug|x86.ActiveCfg = Debug|x64
		{1943E8C7-04BF-36ED-AD5E-C4603CF1C6B1}.Debug64|x64.ActiveCfg = Debug|x64
		{1943E8C7-04BF-36ED-AD5E-C4603CF1C6B1}.Debug64|x64.Build.0 = Debug|x64
		{1943E8C7-04BF-36ED-AD5E-C4603CF1C6B1}.Debug64|x86.ActiveCfg = RelWithDebInfo|x64
		{1943E8C7-04BF-36ED-AD5E-C4603CF1C6B1}.Debug64|x86.Build.0 = RelWithDebInfo|x64
		{1943E8C7-04BF-36ED-AD5E-C4603CF1C6B1}.MinSizeRel|x64.ActiveCfg = MinSizeRel|x64
		{1943E8C7-04BF-36ED-AD5E-C4603CF1C6B1}.MinSizeRel|x64.Build.0 = MinSizeRel|x64
		{1943E8C7-04BF-36ED-AD5E-C4603CF1C6B1}.MinSizeRel|x86.ActiveCfg = MinSizeRel|x64
		{1943E8C7-04BF-36ED-AD5E-C4603CF1C6B1}.Release|x64.ActiveCfg = Release|x64
		{1943E8C7-04BF-36ED-AD5E-C4603CF1C6B1}.Release|x64.Build.0 = Release|x64
		{1943E8C7-04BF-36ED-AD5E-C4603CF1C6B1}.Release|x86.ActiveCfg = Release|x64
		{1943E8C7-04BF-36ED-AD5E-C4603CF1C6B1}.RelWithDebInfo|x64.ActiveCfg = RelWithDebInfo|x64
		{1943E8C7-04BF-36ED-AD5E-C4603CF1C6B1}.RelWithDebInfo|x64.Build.0 = RelWithDebInfo|x64
		{1943E8C7-04BF-36ED-AD5E-C4603CF1C6B1}.RelWithDebInfo|x86.ActiveCfg = RelWithDebInfo|x64
		{A9F85473-FC66-33F2-AB0F-DC55647335B4}.Debug|x64.ActiveCfg = Debug|x64
		{A9F85473-FC66-33F2-AB0F-DC55647335B4}.Debug|x86.ActiveCfg = Debug|x64
		{A9F85473-FC66-33F2-AB0F-DC55647335B4}.Debug64|x64.ActiveCfg = Debug|x64
		{A9F85473-FC66-33F2-AB0F-DC55647335B4}.Debug64|x64.Build.0 = Debug|x64
		{A9F85473-FC66-33F2-AB0F-DC55647335B4}.Debug64|x86.ActiveCfg = RelWithDebInfo|x64
		{A9F85473-FC66-33F2-AB0F-DC55647335B4}.Debug64|x86.Build.0 = RelWithDebInfo|x64
		{A9F85473-FC66-33F2-AB0F-DC55647335B4}.MinSizeRel|x64.ActiveCfg = MinSizeRel|x64
		{A9F85473-FC66-33F2-AB0F-DC55647335B4}.MinSizeRel|x64.Build.0 = MinSizeRel|x64
		{A9F85473-FC66-33F2-AB0F-DC55647335B4}.MinSizeRel|x86.ActiveCfg = MinSizeRel|x64
		{A9F85473-FC66-33F2-AB0F-DC55647335B4}.Release|x64.ActiveCfg = Release|x64
		{A9F85473-FC66-33F2-AB0F-DC55647335B4}.Release|x64.Build.0 = Release|x64
		{A9F85473-FC66-33F2-AB0F-DC55647335B4}.Release|x86.ActiveCfg = Release|x64
		{A9F85473-FC66-33F2-AB0F-DC55647335B4}.RelWithDebInfo|x64.ActiveCfg = RelWithDebInfo|x64
		{A9F85473-FC66-33F2-AB0F-DC55647335B4}.RelWithDebInfo|x64.Build.0 = RelWithDebInfo|x64
		{A9F85473-FC66-33F2-AB0F-DC55647335B4}.RelWithDebInfo|x86.ActiveCfg = RelWithDebInfo|x64
		{2F26CF20-2C65-3E2A-803F-601EA7F157F7}.Debug|x64.ActiveCfg = Debug|x64
		{2F26CF20-2C65-3E2A-803F-601EA7F157F7}.Debug|x86.ActiveCfg = Debug|x64
		{2F26CF20-2C65-3E2A-803F-601EA7F157F7}.Debug64|x64.ActiveCfg = Debug|x64
		{2F26CF20-2C65-3E2A-803F-601EA7F157F7}.Debug64|x64.Build.0 = Debug|x64
		{2F26CF20-2C65-3E2A-803F-601EA7F157F7}.Debug64|x86.ActiveCfg = RelWithDebInfo|x64
		{2F26CF20-2C65-3E2A-803F-601EA7F157F7}.Debug64|x86.Build.0 = RelWithDebInfo|x64
		{2F26CF20-2C65-3E2A-803F-601EA7F157F7}.MinSizeRel|x64.ActiveCfg = MinSizeRel|x64
		{2F26CF20-2C65-3E2A-803F-601EA7F157F7}.MinSizeRel|x64.Build.0 = MinSizeRel|x64
		{2F26CF20-2C65-3E2A-803F-601EA7F157F7}.MinSizeRel|x86.ActiveCfg = MinSizeRel|x64
		{2F26CF20-2C65-3E2A-803F-601EA7F157F7}.Release|x64.ActiveCfg = Release|x64
		{2F26CF20-2C65-3E2A-803F-601EA7F157F7}.Release|x64.Build.0 = Release|x64
		{2F26CF20-2C65-3E2A-803F-601EA7F157F7}.Release|x86.ActiveCfg = Release|x64
		{2F26CF20-2C65-3E2A-803F-601EA7F157F7}.RelWithDebInfo|x64.ActiveCfg = RelWithDebInfo|x64
		{2F26CF20-2C65-3E2A-803F-601EA7F157F7}.RelWithDebInfo|x64.Build.0 = RelWithDebInfo|x64
		{2F26CF20-2C65-3E2A-803F-601EA7F157F7}.RelWithDebInfo|x86.ActiveCfg = RelWithDebInfo|x64
		{4DBC6272-1E94-3C09-AFC9-4076B81732BA}.Debug|x64.ActiveCfg = Debug|x64
		{4DBC6272-1E94-3C09-AFC9-4076B81732BA}.Debug|x86.ActiveCfg = Debug|x64
		{4DBC6272-1E94-3C09-AFC9-4076B81732BA}.Debug64|x64.ActiveCfg = Debug|x64
		{4DBC6272-1E94-3C09-AFC9-4076B81732BA}.Debug64|x64.Build.0 = Debug|x64
		{4DBC6272-1E94-3C09-AFC9-4076B81732BA}.Debug64|x86.ActiveCfg = RelWithDebInfo|x64
		{4DBC6272-1E94-3C09-AFC9-4076B81732BA}.Debug64|x86.Build.0 = RelWithDebInfo|x64
		{4DBC6272-1E94-3C09-AFC9-4076B81732BA}.MinSizeRel|x64.ActiveCfg = MinSizeRel|x64
		{4DBC6272-1E94-3C09-AFC9-4076B81732BA}.MinSizeRel|x64.Build.0 = MinSizeRel|x64
		{4DBC6272-1E94-3C09-AFC9-4076B81732BA}.MinSizeRel|x86.ActiveCfg = MinSizeRel|x64
		{4DBC6272-1E94-3C09-AFC9-4076B81732BA}.Release|x64.ActiveCfg = Release|x64
		{4DBC6272-1E94-3C09-AFC9-4076B81732BA}.Release|x64.Build.0 = Release|x64
		{4DBC6272-1E94-3C09-AFC9-4076B81732BA}.Release|x86.ActiveCfg = Release|x64
		{4DBC6272-1E94-3C09-AFC9-4076B81732BA}.RelWithDebInfo|x64.ActiveCfg = RelWithDebInfo|x64
		{4DBC6272-1E94-3C09-AFC9-4076B81732BA}.RelWithDebInfo|x64.Build.0 = RelWithDebInfo|x64
		{4DBC6272-1E94-3C09-AFC9-4076B81732BA}.RelWithDebInfo|x86.ActiveCfg = RelWithDebInfo|x64
		{231C587B-FBCB-3CBB-BE43-DE089CC76FF6}.Debug|x64.ActiveCfg = Debug|x64
		{231C587B-FBCB-3CBB-BE43-DE089CC76FF6}.Debug|x86.ActiveCfg = Debug|x64
		{231C587B-FBCB-3CBB-BE43-DE089CC76FF6}.Debug64|x64.ActiveCfg = Debug|x64
		{231C587B-FBCB-3CBB-BE43-DE089CC76FF6}.Debug64|x64.Build.0 = Debug|x64
		{231C587B-FBCB-3CBB-BE43-DE089CC76FF6}.Debug64|x86.ActiveCfg = RelWithDebInfo|x64
		{231C587B-FBCB-3CBB-BE43-DE089CC76FF6}.Debug64|x86.Build.0 = RelWithDebInfo|x64
		{231C587B-FBCB-3CBB-BE43-DE089CC76FF6}.MinSizeRel|x64.ActiveCfg = MinSizeRel|x64
		{231C587B-FBCB-3CBB-BE43-DE089CC76FF6}.MinSizeRel|x64.Build.0 = MinSizeRel|x64
		{231C587B-FBCB-3CBB-BE43-DE089CC76FF6}.MinSizeRel|x86.ActiveCfg = MinSizeRel|x64
		{231C587B-FBCB-3CBB-BE43-DE089CC76FF6}.Release|x64.ActiveCfg = Release|x64
		{231C587B-FBCB-3CBB-BE43-DE089CC76FF6}.Release|x64.Build.0 = Release|x64
		{231C587B-FBCB-3CBB-BE43-DE089CC76FF6}.Release|x86.ActiveCfg = Release|x64
		{231C587B-FBCB-3CBB-BE43-DE089CC76FF6}.RelWithDebInfo|x64.ActiveCfg = RelWithDebInfo|x64
		{231C587B-FBCB-3CBB-BE43-DE089CC76FF6}.RelWithDebInfo|x64.Build.0 = RelWithDebInfo|x64
		{231C587B-FBCB-3CBB-BE43-DE089CC76FF6}.RelWithDebInfo|x86.ActiveCfg = RelWithDebInfo|x64
		{4FF1A625-C5DE-3ECA-8CB3-C8F230FA97DA}.Debug|x64.ActiveCfg = Debug|x64
		{4FF1A625-C5DE-3ECA-8CB3-C8F230FA97DA}.Debug|x86.ActiveCfg = Debug|x64
		{4FF1A625-C5DE-3ECA-8CB3-C8F230FA97DA}.Debug64|x64.ActiveCfg = Debug|x64
		{4FF1A625-C5DE-3ECA-8CB3-C8F230FA97DA}.Debug64|x64.Build.0 = Debug|x64
		{4FF1A625-C5DE-3ECA-8CB3-C8F230FA97DA}.Debug64|x86.ActiveCfg = RelWithDebInfo|x64
		{4FF1A625-C5DE-3ECA-8CB3-C8F230FA97DA}.Debug64|x86.Build.0 = RelWithDebInfo|x64
		{4FF1A625-C5DE-3ECA-8CB3-C8F230FA97DA}.MinSizeRel|x64.ActiveCfg = MinSizeRel|x64
		{4FF1A625-C5DE-3ECA-8CB3-C8F230FA97DA}.MinSizeRel|x64.Build.0 = MinSizeRel|x64
		{4FF1A625-C5DE-3ECA-8CB3-C8F230FA97DA}.MinSizeRel|x86.ActiveCfg = MinSizeRel|x64
		{4FF1A625-C5DE-3ECA-8CB3-C8F230FA97DA}.Release|x64.ActiveCfg = Release|x64
		{4FF1A625-C5DE-3ECA-8CB3-C8F230FA97DA}.Release|x64.Build.0 = Release|x64
		{4FF1A625-C5DE-3ECA-8CB3-C8F230FA97DA}.Release|x86.ActiveCfg = Release|x64
		{4FF1A625-C5DE-3ECA-8CB3-C8F230FA97DA}.RelWithDebInfo|x64.ActiveCfg = RelWithDebInfo|x64
		{4FF1A625-C5DE-3ECA-8CB3-C8F230FA97DA}.RelWithDebInfo|x64.Build.0 = RelWithDebInfo|x64
		{4FF1A625-C5DE-3ECA-8CB3-C8F230FA97DA}.RelWithDebInfo|x86.ActiveCfg = RelWithDebInfo|x64
		{DF0D9E89-37C6-3287-9808-C029B51A536C}.Debug|x64.ActiveCfg = Debug|x64
		{DF0D9E89-37C6-3287-9808-C029B51A536C}.Debug|x64.Build.0 = Debug|x64
		{DF0D9E89-37C6-3287-9808-C029B51A536C}.Debug|x86.ActiveCfg = Debug|x64
		{DF0D9E89-37C6-3287-9808-C029B51A536C}.Debug64|x64.ActiveCfg = Debug|x64
		{DF0D9E89-37C6-3287-9808-C029B51A536C}.Debug64|x64.Build.0 = Debug|x64
		{DF0D9E89-37C6-3287-9808-C029B51A536C}.Debug64|x86.ActiveCfg = RelWithDebInfo|x64
		{DF0D9E89-37C6-3287-9808-C029B51A536C}.Debug64|x86.Build.0 = RelWithDebInfo|x64
		{DF0D9E89-37C6-3287-9808-C029B51A536C}.MinSizeRel|x64.ActiveCfg = MinSizeRel|x64
		{DF0D9E89-37C6-3287-9808-C029B51A536C}.MinSizeRel|x64.Build.0 = MinSizeRel|x64
		{DF0D9E89-37C6-3287-9808-C029B51A536C}.MinSizeRel|x86.ActiveCfg = MinSizeRel|x64
		{DF0D9E89-37C6-3287-9808-C029B51A536C}.Release|x64.ActiveCfg = Release|x64
		{DF0D9E89-37C6-3287-9808-C029B51A536C}.Release|x64.Build.0 = Release|x64
		{DF0D9E89-37C6-3287-9808-C029B51A536C}.Release|x86.ActiveCfg = Release|x64
		{DF0D9E89-37C6-3287-9808-C029B51A536C}.RelWithDebInfo|x64.ActiveCfg = RelWithDebInfo|x64
		{DF0D9E89-37C6-3287-9808-C029B51A536C}.RelWithDebInfo|x64.Build.0 = RelWithDebInfo|x64
		{DF0D9E89-37C6-3287-9808-C029B51A536C}.RelWithDebInfo|x86.ActiveCfg = RelWithDebInfo|x64
		{A188C956-FFED-3F24-BB58-A52EA83DA037}.Debug|x64.ActiveCfg = Debug|x64
		{A188C956-FFED-3F24-BB58-A52EA83DA037}.Debug|x86.ActiveCfg = Debug|x64
		{A188C956-FFED-3F24-BB58-A52EA83DA037}.Debug64|x64.ActiveCfg = Debug|x64
		{A188C956-FFED-3F24-BB58-A52EA83DA037}.Debug64|x64.Build.0 = Debug|x64
		{A188C956-FFED-3F24-BB58-A52EA83DA037}.Debug64|x86.ActiveCfg = RelWithDebInfo|x64
		{A188C956-FFED-3F24-BB58-A52EA83DA037}.Debug64|x86.Build.0 = RelWithDebInfo|x64
		{A188C956-FFED-3F24-BB58-A52EA83DA037}.MinSizeRel|x64.ActiveCfg = MinSizeRel|x64
		{A188C956-FFED-3F24-BB58-A52EA83DA037}.MinSizeRel|x64.Build.0 = MinSizeRel|x64
		{A188C956-FFED-3F24-BB58-A52EA83DA037}.MinSizeRel|x86.ActiveCfg = MinSizeRel|x64
		{A188C956-FFED-3F24-BB58-A52EA83DA037}.Release|x64.ActiveCfg = Release|x64
		{A188C956-FFED-3F24-BB58-A52EA83DA037}.Release|x64.Build.0 = Release|x64
		{A188C956-FFED-3F24-BB58-A52EA83DA037}.Release|x86.ActiveCfg = Release|x64
		{A188C956-FFED-3F24-BB58-A52EA83DA037}.RelWithDebInfo|x64.ActiveCfg = RelWithDebInfo|x64
		{A188C956-FFED-3F24-BB58-A52EA83DA037}.RelWithDebInfo|x64.Build.0 = RelWithDebInfo|x64
		{A188C956-FFED-3F24-BB58-A52EA83DA037}.RelWithDebInfo|x86.ActiveCfg = RelWithDebInfo|x64
		{AF9890F5-5BC7-39E1-878B-395F3B639C50}.Debug|x64.ActiveCfg = Debug|x64
		{AF9890F5-5BC7-39E1-878B-395F3B639C50}.Debug|x86.ActiveCfg = Debug|x64
		{AF9890F5-5BC7-39E1-878B-395F3B639C50}.Debug64|x64.ActiveCfg = Debug|x64
		{AF9890F5-5BC7-39E1-878B-395F3B639C50}.Debug64|x64.Build.0 = Debug|x64
		{AF9890F5-5BC7-39E1-878B-395F3B639C50}.Debug64|x86.ActiveCfg = RelWithDebInfo|x64
		{AF9890F5-5BC7-39E1-878B-395F3B639C50}.Debug64|x86.Build.0 = RelWithDebInfo|x64
		{AF9890F5-5BC7-39E1-878B-395F3B639C50}.MinSizeRel|x64.ActiveCfg = MinSizeRel|x64
		{AF9890F5-5BC7-39E1-878B-395F3B639C50}.MinSizeRel|x64.Build.0 = MinSizeRel|x64
		{AF9890F5-5BC7-39E1-878B-395F3B639C50}.MinSizeRel|x86.ActiveCfg = MinSizeRel|x64
		{AF9890F5-5BC7-39E1-878B-395F3B639C50}.Release|x64.ActiveCfg = Release|x64
		{AF9890F5-5BC7-39E1-878B-395F3B639C50}.Release|x64.Build.0 = Release|x64
		{AF9890F5-5BC7-39E1-878B-395F3B639C50}.Release|x86.ActiveCfg = Release|x64
		{AF9890F5-5BC7-39E1-878B-395F3B639C50}.RelWithDebInfo|x64.ActiveCfg = RelWithDebInfo|x64
		{AF9890F5-5BC7-39E1-878B-395F3B639C50}.RelWithDebInfo|x64.Build.0 = RelWithDebInfo|x64
		{AF9890F5-5BC7-39E1-878B-395F3B639C50}.RelWithDebInfo|x86.ActiveCfg = RelWithDebInfo|x64
		{53B5E32A-D4A7-39F4-9499-96949EB4DC5D}.Debug|x64.ActiveCfg = Debug|x64
		{53B5E32A-D4A7-39F4-9499-96949EB4DC5D}.Debug|x86.ActiveCfg = Debug|x64
		{53B5E32A-D4A7-39F4-9499-96949EB4DC5D}.Debug64|x64.ActiveCfg = Debug|x64
		{53B5E32A-D4A7-39F4-9499-96949EB4DC5D}.Debug64|x64.Build.0 = Debug|x64
		{53B5E32A-D4A7-39F4-9499-96949EB4DC5D}.Debug64|x86.ActiveCfg = RelWithDebInfo|x64
		{53B5E32A-D4A7-39F4-9499-96949EB4DC5D}.Debug64|x86.Build.0 = RelWithDebInfo|x64
		{53B5E32A-D4A7-39F4-9499-96949EB4DC5D}.MinSizeRel|x64.ActiveCfg = MinSizeRel|x64
		{53B5E32A-D4A7-39F4-9499-96949EB4DC5D}.MinSizeRel|x64.Build.0 = MinSizeRel|x64
		{53B5E32A-D4A7-39F4-9499-96949EB4DC5D}.MinSizeRel|x86.ActiveCfg = MinSizeRel|x64
		{53B5E32A-D4A7-39F4-9499-96949EB4DC5D}.Release|x64.ActiveCfg = Release|x64
		{53B5E32A-D4A7-39F4-9499-96949EB4DC5D}.Release|x64.Build.0 = Release|x64
		{53B5E32A-D4A7-39F4-9499-96949EB4DC5D}.Release|x86.ActiveCfg = Release|x64
		{53B5E32A-D4A7-39F4-9499-96949EB4DC5D}.RelWithDebInfo|x64.ActiveCfg = RelWithDebInfo|x64
		{53B5E32A-D4A7-39F4-9499-96949EB4DC5D}.RelWithDebInfo|x64.Build.0 = RelWithDebInfo|x64
		{53B5E32A-D4A7-39F4-9499-96949EB4DC5D}.RelWithDebInfo|x86.ActiveCfg = RelWithDebInfo|x64
		{8095F040-1FD2-316C-9370-F8D5614B13DC}.Debug|x64.ActiveCfg = Debug|x64
		{8095F040-1FD2-316C-9370-F8D5614B13DC}.Debug|x86.ActiveCfg = Debug|x64
		{8095F040-1FD2-316C-9370-F8D5614B13DC}.Debug64|x64.ActiveCfg = Debug|x64
		{8095F040-1FD2-316C-9370-F8D5614B13DC}.Debug64|x64.Build.0 = Debug|x64
		{8095F040-1FD2-316C-9370-F8D5614B13DC}.Debug64|x86.ActiveCfg = RelWithDebInfo|x64
		{8095F040-1FD2-316C-9370-F8D5614B13DC}.Debug64|x86.Build.0 = RelWithDebInfo|x64
		{8095F040-1FD2-316C-9370-F8D5614B13DC}.MinSizeRel|x64.ActiveCfg = MinSizeRel|x64
		{8095F040-1FD2-316C-9370-F8D5614B13DC}.MinSizeRel|x64.Build.0 = MinSizeRel|x64
		{8095F040-1FD2-316C-9370-F8D5614B13DC}.MinSizeRel|x86.ActiveCfg = MinSizeRel|x64
		{8095F040-1FD2-316C-9370-F8D5614B13DC}.Release|x64.ActiveCfg = Release|x64
		{8095F040-1FD2-316C-9370-F8D5614B13DC}.Release|x64.Build.0 = Release|x64
		{8095F040-1FD2-316C-9370-F8D5614B13DC}.Release|x86.ActiveCfg = Release|x64
		{8095F040-1FD2-316C-9370-F8D5614B13DC}.RelWithDebInfo|x64.ActiveCfg = RelWithDebInfo|x64
		{8095F040-1FD2-316C-9370-F8D5614B13DC}.RelWithDebInfo|x64.Build.0 = RelWithDebInfo|x64
		{8095F040-1FD2-316C-9370-F8D5614B13DC}.RelWithDebInfo|x86.ActiveCfg = RelWithDebInfo|x64
		{46CFA401-88F3-31BB-A2F6-0B92D2827A65}.Debug|x64.ActiveCfg = Debug|x64
		{46CFA401-88F3-31BB-A2F6-0B92D2827A65}.Debug|x86.ActiveCfg = Debug|x64
		{46CFA401-88F3-31BB-A2F6-0B92D2827A65}.Debug64|x64.ActiveCfg = Debug|x64
		{46CFA401-88F3-31BB-A2F6-0B92D2827A65}.Debug64|x64.Build.0 = Debug|x64
		{46CFA401-88F3-31BB-A2F6-0B92D2827A65}.Debug64|x86.ActiveCfg = RelWithDebInfo|x64
		{46CFA401-88F3-31BB-A2F6-0B92D2827A65}.Debug64|x86.Build.0 = RelWithDebInfo|x64
		{46CFA401-88F3-31BB-A2F6-0B92D2827A65}.MinSizeRel|x64.ActiveCfg = MinSizeRel|x64
		{46CFA401-88F3-31BB-A2F6-0B92D2827A65}.MinSizeRel|x64.Build.0 = MinSizeRel|x64
		{46CFA401-88F3-31BB-A2F6-0B92D2827A65}.MinSizeRel|x86.ActiveCfg = MinSizeRel|x64
		{46CFA401-88F3-31BB-A2F6-0B92D2827A65}.Release|x64.ActiveCfg = Release|x64
		{46CFA401-88F3-31BB-A2F6-0B92D2827A65}.Release|x64.Build.0 = Release|x64
		{46CFA401-88F3-31BB-A2F6-0B92D2827A65}.Release|x86.ActiveCfg = Release|x64
		{46CFA401-88F3-31BB-A2F6-0B92D2827A65}.RelWithDebInfo|x64.ActiveCfg = RelWithDebInfo|x64
		{46CFA401-88F3-31BB-A2F6-0B92D2827A65}.RelWithDebInfo|x64.Build.0 = RelWithDebInfo|x64
		{46CFA401-88F3-31BB-A2F6-0B92D2827A65}.RelWithDebInfo|x86.ActiveCfg = RelWithDebInfo|x64
		{292EADA1-F917-3837-8CFC-2DC3784737CE}.Debug|x64.ActiveCfg = Debug|x64
		{292EADA1-F917-3837-8CFC-2DC3784737CE}.Debug|x86.ActiveCfg = Debug|x64
		{292EADA1-F917-3837-8CFC-2DC3784737CE}.Debug64|x64.ActiveCfg = Debug|x64
		{292EADA1-F917-3837-8CFC-2DC3784737CE}.Debug64|x64.Build.0 = Debug|x64
		{292EADA1-F917-3837-8CFC-2DC3784737CE}.Debug64|x86.ActiveCfg = RelWithDebInfo|x64
		{292EADA1-F917-3837-8CFC-2DC3784737CE}.Debug64|x86.Build.0 = RelWithDebInfo|x64
		{292EADA1-F917-3837-8CFC-2DC3784737CE}.MinSizeRel|x64.ActiveCfg = MinSizeRel|x64
		{292EADA1-F917-3837-8CFC-2DC3784737CE}.MinSizeRel|x64.Build.0 = MinSizeRel|x64
		{292EADA1-F917-3837-8CFC-2DC3784737CE}.MinSizeRel|x86.ActiveCfg = MinSizeRel|x64
		{292EADA1-F917-3837-8CFC-2DC3784737CE}.Release|x64.ActiveCfg = Release|x64
		{292EADA1-F917-3837-8CFC-2DC3784737CE}.Release|x64.Build.0 = Release|x64
		{292EADA1-F917-3837-8CFC-2DC3784737CE}.Release|x86.ActiveCfg = Release|x64
		{292EADA1-F917-3837-8CFC-2DC3784737CE}.RelWithDebInfo|x64.ActiveCfg = RelWithDebInfo|x64
		{292EADA1-F917-3837-8CFC-2DC3784737CE}.RelWithDebInfo|x64.Build.0 = RelWithDebInfo|x64
		{292EADA1-F917-3837-8CFC-2DC3784737CE}.RelWithDebInfo|x86.ActiveCfg = RelWithDebInfo|x64
		{EC79CABC-935C-3600-BC57-D56EFA442C57}.Debug|x64.ActiveCfg = Debug|x64
		{EC79CABC-935C-3600-BC57-D56EFA442C57}.Debug|x86.ActiveCfg = Debug|x64
		{EC79CABC-935C-3600-BC57-D56EFA442C57}.Debug64|x64.ActiveCfg = Debug|x64
		{EC79CABC-935C-3600-BC57-D56EFA442C57}.Debug64|x64.Build.0 = Debug|x64
		{EC79CABC-935C-3600-BC57-D56EFA442C57}.Debug64|x86.ActiveCfg = RelWithDebInfo|x64
		{EC79CABC-935C-3600-BC57-D56EFA442C57}.Debug64|x86.Build.0 = RelWithDebInfo|x64
		{EC79CABC-935C-3600-BC57-D56EFA442C57}.MinSizeRel|x64.ActiveCfg = MinSizeRel|x64
		{EC79CABC-935C-3600-BC57-D56EFA442C57}.MinSizeRel|x64.Build.0 = MinSizeRel|x64
		{EC79CABC-935C-3600-BC57-D56EFA442C57}.MinSizeRel|x86.ActiveCfg = MinSizeRel|x64
		{EC79CABC-935C-3600-BC57-D56EFA442C57}.Release|x64.ActiveCfg = Release|x64
		{EC79CABC-935C-3600-BC57-D56EFA442C57}.Release|x64.Build.0 = Release|x64
		{EC79CABC-935C-3600-BC57-D56EFA442C57}.Release|x86.ActiveCfg = Release|x64
		{EC79CABC-935C-3600-BC57-D56EFA442C57}.RelWithDebInfo|x64.ActiveCfg = RelWithDebInfo|x64
		{EC79CABC-935C-3600-BC57-D56EFA442C57}.RelWithDebInfo|x64.Build.0 = RelWithDebInfo|x64
		{EC79CABC-935C-3600-BC57-D56EFA442C57}.RelWithDebInfo|x86.ActiveCfg = RelWithDebInfo|x64
		{D0140E13-B452-3D49-B3AC-8B73D66FE635}.Debug|x64.ActiveCfg = Debug|x64
		{D0140E13-B452-3D49-B3AC-8B73D66FE635}.Debug|x86.ActiveCfg = Debug|x64
		{D0140E13-B452-3D49-B3AC-8B73D66FE635}.Debug64|x64.ActiveCfg = Debug|x64
		{D0140E13-B452-3D49-B3AC-8B73D66FE635}.Debug64|x64.Build.0 = Debug|x64
		{D0140E13-B452-3D49-B3AC-8B73D66FE635}.Debug64|x86.ActiveCfg = RelWithDebInfo|x64
		{D0140E13-B452-3D49-B3AC-8B73D66FE635}.Debug64|x86.Build.0 = RelWithDebInfo|x64
		{D0140E13-B452-3D49-B3AC-8B73D66FE635}.MinSizeRel|x64.ActiveCfg = MinSizeRel|x64
		{D0140E13-B452-3D49-B3AC-8B73D66FE635}.MinSizeRel|x64.Build.0 = MinSizeRel|x64
		{D0140E13-B452-3D49-B3AC-8B73D66FE635}.MinSizeRel|x86.ActiveCfg = MinSizeRel|x64
		{D0140E13-B452-3D49-B3AC-8B73D66FE635}.Release|x64.ActiveCfg = Release|x64
		{D0140E13-B452-3D49-B3AC-8B73D66FE635}.Release|x64.Build.0 = Release|x64
		{D0140E13-B452-3D49-B3AC-8B73D66FE635}.Release|x86.ActiveCfg = Release|x64
		{D0140E13-B452-3D49-B3AC-8B73D66FE635}.RelWithDebInfo|x64.ActiveCfg = RelWithDebInfo|x64
		{D0140E13-B452-3D49-B3AC-8B73D66FE635}.RelWithDebInfo|x64.Build.0 = RelWithDebInfo|x64
		{D0140E13-B452-3D49-B3AC-8B73D66FE635}.RelWithDebInfo|x86.ActiveCfg = RelWithDebInfo|x64
		{825A9BE8-E25F-38E2-9672-1631FC353D7B}.Debug|x64.ActiveCfg = Debug|x64
		{825A9BE8-E25F-38E2-9672-1631FC353D7B}.Debug|x86.ActiveCfg = Debug|x64
		{825A9BE8-E25F-38E2-9672-1631FC353D7B}.Debug64|x64.ActiveCfg = Debug|x64
		{825A9BE8-E25F-38E2-9672-1631FC353D7B}.Debug64|x64.Build.0 = Debug|x64
		{825A9BE8-E25F-38E2-9672-1631FC353D7B}.Debug64|x86.ActiveCfg = RelWithDebInfo|x64
		{825A9BE8-E25F-38E2-9672-1631FC353D7B}.Debug64|x86.Build.0 = RelWithDebInfo|x64
		{825A9BE8-E25F-38E2-9672-1631FC353D7B}.MinSizeRel|x64.ActiveCfg = MinSizeRel|x64
		{825A9BE8-E25F-38E2-9672-1631FC353D7B}.MinSizeRel|x64.Build.0 = MinSizeRel|x64
		{825A9BE8-E25F-38E2-9672-1631FC353D7B}.MinSizeRel|x86.ActiveCfg = MinSizeRel|x64
		{825A9BE8-E25F-38E2-9672-1631FC353D7B}.Release|x64.ActiveCfg = Release|x64
		{825A9BE8-E25F-38E2-9672-1631FC353D7B}.Release|x64.Build.0 = Release|x64
		{825A9BE8-E25F-38E2-9672-1631FC353D7B}.Release|x86.ActiveCfg = Release|x64
		{825A9BE8-E25F-38E2-9672-1631FC353D7B}.RelWithDebInfo|x64.ActiveCfg = RelWithDebInfo|x64
		{825A9BE8-E25F-38E2-9672-1631FC353D7B}.RelWithDebInfo|x64.Build.0 = RelWithDebInfo|x64
		{825A9BE8-E25F-38E2-9672-1631FC353D7B}.RelWithDebInfo|x86.ActiveCfg = RelWithDebInfo|x64
		{482430B1-4DC1-35FF-B568-9C4EFAF3A017}.Debug|x64.ActiveCfg = Debug|x64
		{482430B1-4DC1-35FF-B568-9C4EFAF3A017}.Debug|x64.Build.0 = Debug|x64
		{482430B1-4DC1-35FF-B568-9C4EFAF3A017}.Debug|x86.ActiveCfg = Debug|x64
		{482430B1-4DC1-35FF-B568-9C4EFAF3A017}.Debug64|x64.ActiveCfg = Debug|x64
		{482430B1-4DC1-35FF-B568-9C4EFAF3A017}.Debug64|x64.Build.0 = Debug|x64
		{482430B1-4DC1-35FF-B568-9C4EFAF3A017}.Debug64|x86.ActiveCfg = RelWithDebInfo|x64
		{482430B1-4DC1-35FF-B568-9C4EFAF3A017}.Debug64|x86.Build.0 = RelWithDebInfo|x64
		{482430B1-4DC1-35FF-B568-9C4EFAF3A017}.MinSizeRel|x64.ActiveCfg = MinSizeRel|x64
		{482430B1-4DC1-35FF-B568-9C4EFAF3A017}.MinSizeRel|x64.Build.0 = MinSizeRel|x64
		{482430B1-4DC1-35FF-B568-9C4EFAF3A017}.MinSizeRel|x86.ActiveCfg = MinSizeRel|x64
		{482430B1-4DC1-35FF-B568-9C4EFAF3A017}.Release|x64.ActiveCfg = Release|x64
		{482430B1-4DC1-35FF-B568-9C4EFAF3A017}.Release|x64.Build.0 = Release|x64
		{482430B1-4DC1-35FF-B568-9C4EFAF3A017}.Release|x86.ActiveCfg = Release|x64
		{482430B1-4DC1-35FF-B568-9C4EFAF3A017}.RelWithDebInfo|x64.ActiveCfg = RelWithDebInfo|x64
		{482430B1-4DC1-35FF-B568-9C4EFAF3A017}.RelWithDebInfo|x64.Build.0 = RelWithDebInfo|x64
		{482430B1-4DC1-35FF-B568-9C4EFAF3A017}.RelWithDebInfo|x86.ActiveCfg = RelWithDebInfo|x64
		{287F525E-685F-32F1-9266-395AA7AB0D35}.Debug|x64.ActiveCfg = Debug|x64
		{287F525E-685F-32F1-9266-395AA7AB0D35}.Debug|x86.ActiveCfg = Debug|x64
		{287F525E-685F-32F1-9266-395AA7AB0D35}.Debug64|x64.ActiveCfg = Debug|x64
		{287F525E-685F-32F1-9266-395AA7AB0D35}.Debug64|x64.Build.0 = Debug|x64
		{287F525E-685F-32F1-9266-395AA7AB0D35}.Debug64|x86.ActiveCfg = RelWithDebInfo|x64
		{287F525E-685F-32F1-9266-395AA7AB0D35}.Debug64|x86.Build.0 = RelWithDebInfo|x64
		{287F525E-685F-32F1-9266-395AA7AB0D35}.MinSizeRel|x64.ActiveCfg = MinSizeRel|x64
		{287F525E-685F-32F1-9266-395AA7AB0D35}.MinSizeRel|x64.Build.0 = MinSizeRel|x64
		{287F525E-685F-32F1-9266-395AA7AB0D35}.MinSizeRel|x86.ActiveCfg = MinSizeRel|x64
		{287F525E-685F-32F1-9266-395AA7AB0D35}.Release|x64.ActiveCfg = Release|x64
		{287F525E-685F-32F1-9266-395AA7AB0D35}.Release|x64.Build.0 = Release|x64
		{287F525E-685F-32F1-9266-395AA7AB0D35}.Release|x86.ActiveCfg = Release|x64
		{287F525E-685F-32F1-9266-395AA7AB0D35}.RelWithDebInfo|x64.ActiveCfg = RelWithDebInfo|x64
		{287F525E-685F-32F1-9266-395AA7AB0D35}.RelWithDebInfo|x64.Build.0 = RelWithDebInfo|x64
		{287F525E-685F-32F1-9266-395AA7AB0D35}.RelWithDebInfo|x86.ActiveCfg = RelWithDebInfo|x64
		{7B4FBFE0-2FF0-3E8C-8006-CBEE1D6FA69D}.Debug|x64.ActiveCfg = Debug|x64
		{7B4FBFE0-2FF0-3E8C-8006-CBEE1D6FA69D}.Debug|x86.ActiveCfg = Debug|x64
		{7B4FBFE0-2FF0-3E8C-8006-CBEE1D6FA69D}.Debug64|x64.ActiveCfg = Debug|x64
		{7B4FBFE0-2FF0-3E8C-8006-CBEE1D6FA69D}.Debug64|x64.Build.0 = Debug|x64
		{7B4FBFE0-2FF0-3E8C-8006-CBEE1D6FA69D}.Debug64|x86.ActiveCfg = RelWithDebInfo|x64
		{7B4FBFE0-2FF0-3E8C-8006-CBEE1D6FA69D}.Debug64|x86.Build.0 = RelWithDebInfo|x64
		{7B4FBFE0-2FF0-3E8C-8006-CBEE1D6FA69D}.MinSizeRel|x64.ActiveCfg = MinSizeRel|x64
		{7B4FBFE0-2FF0-3E8C-8006-CBEE1D6FA69D}.MinSizeRel|x64.Build.0 = MinSizeRel|x64
		{7B4FBFE0-2FF0-3E8C-8006-CBEE1D6FA69D}.MinSizeRel|x86.ActiveCfg = MinSizeRel|x64
		{7B4FBFE0-2FF0-3E8C-8006-CBEE1D6FA69D}.Release|x64.ActiveCfg = Release|x64
		{7B4FBFE0-2FF0-3E8C-8006-CBEE1D6FA69D}.Release|x64.Build.0 = Release|x64
		{7B4FBFE0-2FF0-3E8C-8006-CBEE1D6FA69D}.Release|x86.ActiveCfg = Release|x64
		{7B4FBFE0-2FF0-3E8C-8006-CBEE1D6FA69D}.RelWithDebInfo|x64.ActiveCfg = RelWithDebInfo|x64
		{7B4FBFE0-2FF0-3E8C-8006-CBEE1D6FA69D}.RelWithDebInfo|x64.Build.0 = RelWithDebInfo|x64
		{7B4FBFE0-2FF0-3E8C-8006-CBEE1D6FA69D}.RelWithDebInfo|x86.ActiveCfg = RelWithDebInfo|x64
		{8A59533B-D757-379E-906C-84E5453C99B9}.Debug|x64.ActiveCfg = Debug|x64
		{8A59533B-D757-379E-906C-84E5453C99B9}.Debug|x86.ActiveCfg = Debug|x64
		{8A59533B-D757-379E-906C-84E5453C99B9}.Debug64|x64.ActiveCfg = Debug|x64
		{8A59533B-D757-379E-906C-84E5453C99B9}.Debug64|x64.Build.0 = Debug|x64
		{8A59533B-D757-379E-906C-84E5453C99B9}.Debug64|x86.ActiveCfg = RelWithDebInfo|x64
		{8A59533B-D757-379E-906C-84E5453C99B9}.Debug64|x86.Build.0 = RelWithDebInfo|x64
		{8A59533B-D757-379E-906C-84E5453C99B9}.MinSizeRel|x64.ActiveCfg = MinSizeRel|x64
		{8A59533B-D757-379E-906C-84E5453C99B9}.MinSizeRel|x64.Build.0 = MinSizeRel|x64
		{8A59533B-D757-379E-906C-84E5453C99B9}.MinSizeRel|x86.ActiveCfg = MinSizeRel|x64
		{8A59533B-D757-379E-906C-84E5453C99B9}.Release|x64.ActiveCfg = Release|x64
		{8A59533B-D757-379E-906C-84E5453C99B9}.Release|x64.Build.0 = Release|x64
		{8A59533B-D757-379E-906C-84E5453C99B9}.Release|x86.ActiveCfg = Release|x64
		{8A59533B-D757-379E-906C-84E5453C99B9}.RelWithDebInfo|x64.ActiveCfg = RelWithDebInfo|x64
		{8A59533B-D757-379E-906C-84E5453C99B9}.RelWithDebInfo|x64.Build.0 = RelWithDebInfo|x64
		{8A59533B-D757-379E-906C-84E5453C99B9}.RelWithDebInfo|x86.ActiveCfg = RelWithDebInfo|x64
		{5722E88F-6927-3F79-9E42-C142A711CEE5}.Debug|x64.ActiveCfg = Debug|x64
		{5722E88F-6927-3F79-9E42-C142A711CEE5}.Debug|x86.ActiveCfg = Debug|x64
		{5722E88F-6927-3F79-9E42-C142A711CEE5}.Debug64|x64.ActiveCfg = Debug|x64
		{5722E88F-6927-3F79-9E42-C142A711CEE5}.Debug64|x64.Build.0 = Debug|x64
		{5722E88F-6927-3F79-9E42-C142A711CEE5}.Debug64|x86.ActiveCfg = RelWithDebInfo|x64
		{5722E88F-6927-3F79-9E42-C142A711CEE5}.Debug64|x86.Build.0 = RelWithDebInfo|x64
		{5722E88F-6927-3F79-9E42-C142A711CEE5}.MinSizeRel|x64.ActiveCfg = MinSizeRel|x64
		{5722E88F-6927-3F79-9E42-C142A711CEE5}.MinSizeRel|x64.Build.0 = MinSizeRel|x64
		{5722E88F-6927-3F79-9E42-C142A711CEE5}.MinSizeRel|x86.ActiveCfg = MinSizeRel|x64
		{5722E88F-6927-3F79-9E42-C142A711CEE5}.Release|x64.ActiveCfg = Release|x64
		{5722E88F-6927-3F79-9E42-C142A711CEE5}.Release|x64.Build.0 = Release|x64
		{5722E88F-6927-3F79-9E42-C142A711CEE5}.Release|x86.ActiveCfg = Release|x64
		{5722E88F-6927-3F79-9E42-C142A711CEE5}.RelWithDebInfo|x64.ActiveCfg = RelWithDebInfo|x64
		{5722E88F-6927-3F79-9E42-C142A711CEE5}.RelWithDebInfo|x64.Build.0 = RelWithDebInfo|x64
		{5722E88F-6927-3F79-9E42-C142A711CEE5}.RelWithDebInfo|x86.ActiveCfg = RelWithDebInfo|x64
		{46C27AE8-0DD1-3096-A256-1510F711A6B9}.Debug|x64.ActiveCfg = Debug|x64
		{46C27AE8-0DD1-3096-A256-1510F711A6B9}.Debug|x86.ActiveCfg = Debug|x64
		{46C27AE8-0DD1-3096-A256-1510F711A6B9}.Debug64|x64.ActiveCfg = Debug|x64
		{46C27AE8-0DD1-3096-A256-1510F711A6B9}.Debug64|x64.Build.0 = Debug|x64
		{46C27AE8-0DD1-3096-A256-1510F711A6B9}.Debug64|x86.ActiveCfg = RelWithDebInfo|x64
		{46C27AE8-0DD1-3096-A256-1510F711A6B9}.Debug64|x86.Build.0 = RelWithDebInfo|x64
		{46C27AE8-0DD1-3096-A256-1510F711A6B9}.MinSizeRel|x64.ActiveCfg = MinSizeRel|x64
		{46C27AE8-0DD1-3096-A256-1510F711A6B9}.MinSizeRel|x64.Build.0 = MinSizeRel|x64
		{46C27AE8-0DD1-3096-A256-1510F711A6B9}.MinSizeRel|x86.ActiveCfg = MinSizeRel|x64
		{46C27AE8-0DD1-3096-A256-1510F711A6B9}.Release|x64.ActiveCfg = Release|x64
		{46C27AE8-0DD1-3096-A256-1510F711A6B9}.Release|x64.Build.0 = Release|x64
		{46C27AE8-0DD1-3096-A256-1510F711A6B9}.Release|x86.ActiveCfg = Release|x64
		{46C27AE8-0DD1-3096-A256-1510F711A6B9}.RelWithDebInfo|x64.ActiveCfg = RelWithDebInfo|x64
		{46C27AE8-0DD1-3096-A256-1510F711A6B9}.RelWithDebInfo|x64.Build.0 = RelWithDebInfo|x64
		{46C27AE8-0DD1-3096-A256-1510F711A6B9}.RelWithDebInfo|x86.ActiveCfg = RelWithDebInfo|x64
		{7636CCB1-C2DE-369B-81DB-A8639D9F02D7}.Debug|x64.ActiveCfg = Debug|x64
		{7636CCB1-C2DE-369B-81DB-A8639D9F02D7}.Debug|x86.ActiveCfg = Debug|x64
		{7636CCB1-C2DE-369B-81DB-A8639D9F02D7}.Debug64|x64.ActiveCfg = Debug|x64
		{7636CCB1-C2DE-369B-81DB-A8639D9F02D7}.Debug64|x64.Build.0 = Debug|x64
		{7636CCB1-C2DE-369B-81DB-A8639D9F02D7}.Debug64|x86.ActiveCfg = RelWithDebInfo|x64
		{7636CCB1-C2DE-369B-81DB-A8639D9F02D7}.Debug64|x86.Build.0 = RelWithDebInfo|x64
		{7636CCB1-C2DE-369B-81DB-A8639D9F02D7}.MinSizeRel|x64.ActiveCfg = MinSizeRel|x64
		{7636CCB1-C2DE-369B-81DB-A8639D9F02D7}.MinSizeRel|x64.Build.0 = MinSizeRel|x64
		{7636CCB1-C2DE-369B-81DB-A8639D9F02D7}.MinSizeRel|x86.ActiveCfg = MinSizeRel|x64
		{7636CCB1-C2DE-369B-81DB-A8639D9F02D7}.Release|x64.ActiveCfg = Release|x64
		{7636CCB1-C2DE-369B-81DB-A8639D9F02D7}.Release|x64.Build.0 = Release|x64
		{7636CCB1-C2DE-369B-81DB-A8639D9F02D7}.Release|x86.ActiveCfg = Release|x64
		{7636CCB1-C2DE-369B-81DB-A8639D9F02D7}.RelWithDebInfo|x64.ActiveCfg = RelWithDebInfo|x64
		{7636CCB1-C2DE-369B-81DB-A8639D9F02D7}.RelWithDebInfo|x64.Build.0 = RelWithDebInfo|x64
		{7636CCB1-C2DE-369B-81DB-A8639D9F02D7}.RelWithDebInfo|x86.ActiveCfg = RelWithDebInfo|x64
		{C1A3EB20-CA03-3F91-B9DE-703CF77DE176}.Debug|x64.ActiveCfg = Debug|x64
		{C1A3EB20-CA03-3F91-B9DE-703CF77DE176}.Debug|x86.ActiveCfg = Debug|x64
		{C1A3EB20-CA03-3F91-B9DE-703CF77DE176}.Debug64|x64.ActiveCfg = Debug|x64
		{C1A3EB20-CA03-3F91-B9DE-703CF77DE176}.Debug64|x64.Build.0 = Debug|x64
		{C1A3EB20-CA03-3F91-B9DE-703CF77DE176}.Debug64|x86.ActiveCfg = RelWithDebInfo|x64
		{C1A3EB20-CA03-3F91-B9DE-703CF77DE176}.Debug64|x86.Build.0 = RelWithDebInfo|x64
		{C1A3EB20-CA03-3F91-B9DE-703CF77DE176}.MinSizeRel|x64.ActiveCfg = MinSizeRel|x64
		{C1A3EB20-CA03-3F91-B9DE-703CF77DE176}.MinSizeRel|x64.Build.0 = MinSizeRel|x64
		{C1A3EB20-CA03-3F91-B9DE-703CF77DE176}.MinSizeRel|x86.ActiveCfg = MinSizeRel|x64
		{C1A3EB20-CA03-3F91-B9DE-703CF77DE176}.Release|x64.ActiveCfg = Release|x64
		{C1A3EB20-CA03-3F91-B9DE-703CF77DE176}.Release|x64.Build.0 = Release|x64
		{C1A3EB20-CA03-3F91-B9DE-703CF77DE176}.Release|x86.ActiveCfg = Release|x64
		{C1A3EB20-CA03-3F91-B9DE-703CF77DE176}.RelWithDebInfo|x64.ActiveCfg = RelWithDebInfo|x64
		{C1A3EB20-CA03-3F91-B9DE-703CF77DE176}.RelWithDebInfo|x64.Build.0 = RelWithDebInfo|x64
		{C1A3EB20-CA03-3F91-B9DE-703CF77DE176}.RelWithDebInfo|x86.ActiveCfg = RelWithDebInfo|x64
		{1D542208-F54D-3E8D-992E-3450D5474E5C}.Debug|x64.ActiveCfg = Debug|x64
		{1D542208-F54D-3E8D-992E-3450D5474E5C}.Debug|x86.ActiveCfg = Debug|x64
		{1D542208-F54D-3E8D-992E-3450D5474E5C}.Debug64|x64.ActiveCfg = Debug|x64
		{1D542208-F54D-3E8D-992E-3450D5474E5C}.Debug64|x64.Build.0 = Debug|x64
		{1D542208-F54D-3E8D-992E-3450D5474E5C}.Debug64|x86.ActiveCfg = RelWithDebInfo|x64
		{1D542208-F54D-3E8D-992E-3450D5474E5C}.Debug64|x86.Build.0 = RelWithDebInfo|x64
		{1D542208-F54D-3E8D-992E-3450D5474E5C}.MinSizeRel|x64.ActiveCfg = MinSizeRel|x64
		{1D542208-F54D-3E8D-992E-3450D5474E5C}.MinSizeRel|x64.Build.0 = MinSizeRel|x64
		{1D542208-F54D-3E8D-992E-3450D5474E5C}.MinSizeRel|x86.ActiveCfg = MinSizeRel|x64
		{1D542208-F54D-3E8D-992E-3450D5474E5C}.Release|x64.ActiveCfg = Release|x64
		{1D542208-F54D-3E8D-992E-3450D5474E5C}.Release|x64.Build.0 = Release|x64
		{1D542208-F54D-3E8D-992E-3450D5474E5C}.Release|x86.ActiveCfg = Release|x64
		{1D542208-F54D-3E8D-992E-3450D5474E5C}.RelWithDebInfo|x64.ActiveCfg = RelWithDebInfo|x64
		{1D542208-F54D-3E8D-992E-3450D5474E5C}.RelWithDebInfo|x64.Build.0 = RelWithDebInfo|x64
		{1D542208-F54D-3E8D-992E-3450D5474E5C}.RelWithDebInfo|x86.ActiveCfg = RelWithDebInfo|x64
		{2650CBE7-B681-3851-B270-6F6CDA3E951B}.Debug|x64.ActiveCfg = Debug|x64
		{2650CBE7-B681-3851-B270-6F6CDA3E951B}.Debug|x86.ActiveCfg = Debug|x64
		{2650CBE7-B681-3851-B270-6F6CDA3E951B}.Debug64|x64.ActiveCfg = Debug|x64
		{2650CBE7-B681-3851-B270-6F6CDA3E951B}.Debug64|x64.Build.0 = Debug|x64
		{2650CBE7-B681-3851-B270-6F6CDA3E951B}.Debug64|x86.ActiveCfg = RelWithDebInfo|x64
		{2650CBE7-B681-3851-B270-6F6CDA3E951B}.Debug64|x86.Build.0 = RelWithDebInfo|x64
		{2650CBE7-B681-3851-B270-6F6CDA3E951B}.MinSizeRel|x64.ActiveCfg = MinSizeRel|x64
		{2650CBE7-B681-3851-B270-6F6CDA3E951B}.MinSizeRel|x64.Build.0 = MinSizeRel|x64
		{2650CBE7-B681-3851-B270-6F6CDA3E951B}.MinSizeRel|x86.ActiveCfg = MinSizeRel|x64
		{2650CBE7-B681-3851-B270-6F6CDA3E951B}.Release|x64.ActiveCfg = Release|x64
		{2650CBE7-B681-3851-B270-6F6CDA3E951B}.Release|x64.Build.0 = Release|x64
		{2650CBE7-B681-3851-B270-6F6CDA3E951B}.Release|x86.ActiveCfg = Release|x64
		{2650CBE7-B681-3851-B270-6F6CDA3E951B}.RelWithDebInfo|x64.ActiveCfg = RelWithDebInfo|x64
		{2650CBE7-B681-3851-B270-6F6CDA3E951B}.RelWithDebInfo|x64.Build.0 = RelWithDebInfo|x64
		{2650CBE7-B681-3851-B270-6F6CDA3E951B}.RelWithDebInfo|x86.ActiveCfg = RelWithDebInfo|x64
		{240F9C95-3AE8-3D43-9AD1-015C778AC735}.Debug|x64.ActiveCfg = Debug|x64
		{240F9C95-3AE8-3D43-9AD1-015C778AC735}.Debug|x86.ActiveCfg = Debug|x64
		{240F9C95-3AE8-3D43-9AD1-015C778AC735}.Debug64|x64.ActiveCfg = Debug|x64
		{240F9C95-3AE8-3D43-9AD1-015C778AC735}.Debug64|x64.Build.0 = Debug|x64
		{240F9C95-3AE8-3D43-9AD1-015C778AC735}.Debug64|x86.ActiveCfg = RelWithDebInfo|x64
		{240F9C95-3AE8-3D43-9AD1-015C778AC735}.Debug64|x86.Build.0 = RelWithDebInfo|x64
		{240F9C95-3AE8-3D43-9AD1-015C778AC735}.MinSizeRel|x64.ActiveCfg = MinSizeRel|x64
		{240F9C95-3AE8-3D43-9AD1-015C778AC735}.MinSizeRel|x64.Build.0 = MinSizeRel|x64
		{240F9C95-3AE8-3D43-9AD1-015C778AC735}.MinSizeRel|x86.ActiveCfg = MinSizeRel|x64
		{240F9C95-3AE8-3D43-9AD1-015C778AC735}.Release|x64.ActiveCfg = Release|x64
		{240F9C95-3AE8-3D43-9AD1-015C778AC735}.Release|x64.Build.0 = Release|x64
		{240F9C95-3AE8-3D43-9AD1-015C778AC735}.Release|x86.ActiveCfg = Release|x64
		{240F9C95-3AE8-3D43-9AD1-015C778AC735}.RelWithDebInfo|x64.ActiveCfg = RelWithDebInfo|x64
		{240F9C95-3AE8-3D43-9AD1-015C778AC735}.RelWithDebInfo|x64.Build.0 = RelWithDebInfo|x64
		{240F9C95-3AE8-3D43-9AD1-015C778AC735}.RelWithDebInfo|x86.ActiveCfg = RelWithDebInfo|x64
		{E2C4D2E7-B35F-3E00-8305-8B06BE2D9263}.Debug|x64.ActiveCfg = Debug|x64
		{E2C4D2E7-B35F-3E00-8305-8B06BE2D9263}.Debug|x86.ActiveCfg = Debug|x64
		{E2C4D2E7-B35F-3E00-8305-8B06BE2D9263}.Debug64|x64.ActiveCfg = Debug|x64
		{E2C4D2E7-B35F-3E00-8305-8B06BE2D9263}.Debug64|x64.Build.0 = Debug|x64
		{E2C4D2E7-B35F-3E00-8305-8B06BE2D9263}.Debug64|x86.ActiveCfg = RelWithDebInfo|x64
		{E2C4D2E7-B35F-3E00-8305-8B06BE2D9263}.Debug64|x86.Build.0 = RelWithDebInfo|x64
		{E2C4D2E7-B35F-3E00-8305-8B06BE2D9263}.MinSizeRel|x64.ActiveCfg = MinSizeRel|x64
		{E2C4D2E7-B35F-3E00-8305-8B06BE2D9263}.MinSizeRel|x64.Build.0 = MinSizeRel|x64
		{E2C4D2E7-B35F-3E00-8305-8B06BE2D9263}.MinSizeRel|x86.ActiveCfg = MinSizeRel|x64
		{E2C4D2E7-B35F-3E00-8305-8B06BE2D9263}.Release|x64.ActiveCfg = Release|x64
		{E2C4D2E7-B35F-3E00-8305-8B06BE2D9263}.Release|x64.Build.0 = Release|x64
		{E2C4D2E7-B35F-3E00-8305-8B06BE2D9263}.Release|x86.ActiveCfg = Release|x64
		{E2C4D2E7-B35F-3E00-8305-8B06BE2D9263}.RelWithDebInfo|x64.ActiveCfg = RelWithDebInfo|x64
		{E2C4D2E7-B35F-3E00-8305-8B06BE2D9263}.RelWithDebInfo|x64.Build.0 = RelWithDebInfo|x64
		{E2C4D2E7-B35F-3E00-8305-8B06BE2D9263}.RelWithDebInfo|x86.ActiveCfg = RelWithDebInfo|x64
		{6AABFCFC-BDCC-4CD6-A631-F63E3F7FA88B}.Debug|x64.ActiveCfg = Debug|x64
		{6AABFCFC-BDCC-4CD6-A631-F63E3F7FA88B}.Debug|x86.ActiveCfg = Debug|Win32
		{6AABFCFC-BDCC-4CD6-A631-F63E3F7FA88B}.Debug|x86.Build.0 = Debug|Win32
		{6AABFCFC-BDCC-4CD6-A631-F63E3F7FA88B}.Debug64|x64.ActiveCfg = Debug|x64
		{6AABFCFC-BDCC-4CD6-A631-F63E3F7FA88B}.Debug64|x64.Build.0 = Debug|x64
		{6AABFCFC-BDCC-4CD6-A631-F63E3F7FA88B}.Debug64|x86.ActiveCfg = Debug|Win32
		{6AABFCFC-BDCC-4CD6-A631-F63E3F7FA88B}.Debug64|x86.Build.0 = Debug|Win32
		{6AABFCFC-BDCC-4CD6-A631-F63E3F7FA88B}.MinSizeRel|x64.ActiveCfg = Release|x64
		{6AABFCFC-BDCC-4CD6-A631-F63E3F7FA88B}.MinSizeRel|x64.Build.0 = Release|x64
		{6AABFCFC-BDCC-4CD6-A631-F63E3F7FA88B}.MinSizeRel|x86.ActiveCfg = Release|Win32
		{6AABFCFC-BDCC-4CD6-A631-F63E3F7FA88B}.MinSizeRel|x86.Build.0 = Release|Win32
		{6AABFCFC-BDCC-4CD6-A631-F63E3F7FA88B}.Release|x64.ActiveCfg = Release|x64
		{6AABFCFC-BDCC-4CD6-A631-F63E3F7FA88B}.Release|x64.Build.0 = Release|x64
		{6AABFCFC-BDCC-4CD6-A631-F63E3F7FA88B}.Release|x86.ActiveCfg = Release|Win32
		{6AABFCFC-BDCC-4CD6-A631-F63E3F7FA88B}.Release|x86.Build.0 = Release|Win32
		{6AABFCFC-BDCC-4CD6-A631-F63E3F7FA88B}.RelWithDebInfo|x64.ActiveCfg = Release|x64
		{6AABFCFC-BDCC-4CD6-A631-F63E3F7FA88B}.RelWithDebInfo|x64.Build.0 = Release|x64
		{6AABFCFC-BDCC-4CD6-A631-F63E3F7FA88B}.RelWithDebInfo|x86.ActiveCfg = Release|Win32
		{6AABFCFC-BDCC-4CD6-A631-F63E3F7FA88B}.RelWithDebInfo|x86.Build.0 = Release|Win32
		{E5E52A25-4FDE-42E7-9C3A-A76E7215A637}.Debug|x64.ActiveCfg = Debug|x64
		{E5E52A25-4FDE-42E7-9C3A-A76E7215A637}.Debug|x64.Build.0 = Debug|x64
		{E5E52A25-4FDE-42E7-9C3A-A76E7215A637}.Debug|x86.ActiveCfg = Debug|x64
		{E5E52A25-4FDE-42E7-9C3A-A76E7215A637}.Debug64|x64.ActiveCfg = Debug64|x64
		{E5E52A25-4FDE-42E7-9C3A-A76E7215A637}.Debug64|x64.Build.0 = Debug64|x64
		{E5E52A25-4FDE-42E7-9C3A-A76E7215A637}.Debug64|x86.ActiveCfg = Debug64|x64
		{E5E52A25-4FDE-42E7-9C3A-A76E7215A637}.MinSizeRel|x64.ActiveCfg = Release|x64
		{E5E52A25-4FDE-42E7-9C3A-A76E7215A637}.MinSizeRel|x64.Build.0 = Release|x64
		{E5E52A25-4FDE-42E7-9C3A-A76E7215A637}.MinSizeRel|x86.ActiveCfg = Release|x64
		{E5E52A25-4FDE-42E7-9C3A-A76E7215A637}.MinSizeRel|x86.Build.0 = Release|x64
		{E5E52A25-4FDE-42E7-9C3A-A76E7215A637}.Release|x64.ActiveCfg = Release|x64
		{E5E52A25-4FDE-42E7-9C3A-A76E7215A637}.Release|x64.Build.0 = Release|x64
		{E5E52A25-4FDE-42E7-9C3A-A76E7215A637}.Release|x86.ActiveCfg = Release|x64
		{E5E52A25-4FDE-42E7-9C3A-A76E7215A637}.RelWithDebInfo|x64.ActiveCfg = Release|x64
		{E5E52A25-4FDE-42E7-9C3A-A76E7215A637}.RelWithDebInfo|x64.Build.0 = Release|x64
		{E5E52A25-4FDE-42E7-9C3A-A76E7215A637}.RelWithDebInfo|x86.ActiveCfg = Release|x64
		{E5E52A25-4FDE-42E7-9C3A-A76E7215A637}.RelWithDebInfo|x86.Build.0 = Release|x64
		{FD6DBFD8-9569-4827-AA18-FAA5DCF90DAB}.Debug|x64.ActiveCfg = Debug|x64
		{FD6DBFD8-9569-4827-AA18-FAA5DCF90DAB}.Debug|x64.Build.0 = Debug|x64
		{FD6DBFD8-9569-4827-AA18-FAA5DCF90DAB}.Debug|x86.ActiveCfg = Debug|Win32
		{FD6DBFD8-9569-4827-AA18-FAA5DCF90DAB}.Debug|x86.Build.0 = Debug|Win32
		{FD6DBFD8-9569-4827-AA18-FAA5DCF90DAB}.Debug64|x64.ActiveCfg = Debug|x64
		{FD6DBFD8-9569-4827-AA18-FAA5DCF90DAB}.Debug64|x64.Build.0 = Debug|x64
		{FD6DBFD8-9569-4827-AA18-FAA5DCF90DAB}.Debug64|x86.ActiveCfg = Debug|Win32
		{FD6DBFD8-9569-4827-AA18-FAA5DCF90DAB}.Debug64|x86.Build.0 = Debug|Win32
		{FD6DBFD8-9569-4827-AA18-FAA5DCF90DAB}.MinSizeRel|x64.ActiveCfg = Release|x64
		{FD6DBFD8-9569-4827-AA18-FAA5DCF90DAB}.MinSizeRel|x64.Build.0 = Release|x64
		{FD6DBFD8-9569-4827-AA18-FAA5DCF90DAB}.MinSizeRel|x86.ActiveCfg = Release|Win32
		{FD6DBFD8-9569-4827-AA18-FAA5DCF90DAB}.MinSizeRel|x86.Build.0 = Release|Win32
		{FD6DBFD8-9569-4827-AA18-FAA5DCF90DAB}.Release|x64.ActiveCfg = Release|x64
		{FD6DBFD8-9569-4827-AA18-FAA5DCF90DAB}.Release|x64.Build.0 = Release|x64
		{FD6DBFD8-9569-4827-AA18-FAA5DCF90DAB}.Release|x86.ActiveCfg = Release|Win32
		{FD6DBFD8-9569-4827-AA18-FAA5DCF90DAB}.Release|x86.Build.0 = Release|Win32
		{FD6DBFD8-9569-4827-AA18-FAA5DCF90DAB}.RelWithDebInfo|x64.ActiveCfg = Release|x64
		{FD6DBFD8-9569-4827-AA18-FAA5DCF90DAB}.RelWithDebInfo|x64.Build.0 = Release|x64
		{FD6DBFD8-9569-4827-AA18-FAA5DCF90DAB}.RelWithDebInfo|x86.ActiveCfg = Release|Win32
		{FD6DBFD8-9569-4827-AA18-FAA5DCF90DAB}.RelWithDebInfo|x86.Build.0 = Release|Win32
		{CFEC25AB-5F8F-4788-93B7-4444B3B13DED}.Debug|x64.ActiveCfg = Debug|x64
		{CFEC25AB-5F8F-4788-93B7-4444B3B13DED}.Debug|x64.Build.0 = Debug|x64
		{CFEC25AB-5F8F-4788-93B7-4444B3B13DED}.Debug|x86.ActiveCfg = Debug|Win32
		{CFEC25AB-5F8F-4788-93B7-4444B3B13DED}.Debug|x86.Build.0 = Debug|Win32
		{CFEC25AB-5F8F-4788-93B7-4444B3B13DED}.Debug64|x64.ActiveCfg = Debug|x64
		{CFEC25AB-5F8F-4788-93B7-4444B3B13DED}.Debug64|x64.Build.0 = Debug|x64
		{CFEC25AB-5F8F-4788-93B7-4444B3B13DED}.Debug64|x86.ActiveCfg = Debug|Win32
		{CFEC25AB-5F8F-4788-93B7-4444B3B13DED}.Debug64|x86.Build.0 = Debug|Win32
		{CFEC25AB-5F8F-4788-93B7-4444B3B13DED}.MinSizeRel|x64.ActiveCfg = Release|x64
		{CFEC25AB-5F8F-4788-93B7-4444B3B13DED}.MinSizeRel|x64.Build.0 = Release|x64
		{CFEC25AB-5F8F-4788-93B7-4444B3B13DED}.MinSizeRel|x86.ActiveCfg = Release|Win32
		{CFEC25AB-5F8F-4788-93B7-4444B3B13DED}.MinSizeRel|x86.Build.0 = Release|Win32
		{CFEC25AB-5F8F-4788-93B7-4444B3B13DED}.Release|x64.ActiveCfg = Release|x64
		{CFEC25AB-5F8F-4788-93B7-4444B3B13DED}.Release|x64.Build.0 = Release|x64
		{CFEC25AB-5F8F-4788-93B7-4444B3B13DED}.Release|x86.ActiveCfg = Release|Win32
		{CFEC25AB-5F8F-4788-93B7-4444B3B13DED}.Release|x86.Build.0 = Release|Win32
		{CFEC25AB-5F8F-4788-93B7-4444B3B13DED}.RelWithDebInfo|x64.ActiveCfg = Release|x64
		{CFEC25AB-5F8F-4788-93B7-4444B3B13DED}.RelWithDebInfo|x64.Build.0 = Release|x64
		{CFEC25AB-5F8F-4788-93B7-4444B3B13DED}.RelWithDebInfo|x86.ActiveCfg = Release|Win32
		{CFEC25AB-5F8F-4788-93B7-4444B3B13DED}.RelWithDebInfo|x86.Build.0 = Release|Win32
	EndGlobalSection
	GlobalSection(SolutionProperties) = preSolution
		HideSolutionNode = FALSE
	EndGlobalSection
	GlobalSection(ExtensibilityGlobals) = postSolution
		SolutionGuid = {E42BA39A-FDCD-3BE8-8EBF-E9AF95EF4CF3}
	EndGlobalSection
EndGlobal
