<?xml version="1.0" encoding="utf-8"?>
<Project ToolsVersion="15.0" xmlns="http://schemas.microsoft.com/developer/msbuild/2003">
  <ItemGroup>
    <ClCompile Include="E:\git\WindowsResearch\retdec-master\src\unpackertool\plugins\mpress\mpress.cpp">
      <Filter>Source Files</Filter>
    </ClCompile>
    <ClCompile Include="E:\git\WindowsResearch\retdec-master\src\unpackertool\plugins\upx\upx_stub_signatures.cpp">
      <Filter>Source Files</Filter>
    </ClCompile>
    <ClCompile Include="E:\git\WindowsResearch\retdec-master\src\unpackertool\plugins\upx\upx.cpp">
      <Filter>Source Files</Filter>
    </ClCompile>
    <ClCompile Include="E:\git\WindowsResearch\retdec-master\src\unpackertool\plugins\upx\pe\pe_upx_stub.cpp">
      <Filter>Source Files</Filter>
    </ClCompile>
    <ClCompile Include="E:\git\WindowsResearch\retdec-master\src\unpackertool\plugins\upx\unfilter.cpp">
      <Filter>Source Files</Filter>
    </ClCompile>
    <ClCompile Include="E:\git\WindowsResearch\retdec-master\src\unpackertool\plugins\upx\upx_stub.cpp">
      <Filter>Source Files</Filter>
    </ClCompile>
    <ClCompile Include="E:\git\WindowsResearch\retdec-master\src\unpackertool\plugins\upx\macho\macho_upx_stub.cpp">
      <Filter>Source Files</Filter>
    </ClCompile>
    <ClCompile Include="E:\git\WindowsResearch\retdec-master\src\unpackertool\plugins\upx\decompressors\decompressor_direct_jump.cpp">
      <Filter>Source Files</Filter>
    </ClCompile>
    <ClCompile Include="E:\git\WindowsResearch\retdec-master\src\unpackertool\plugins\upx\decompressors\decompressor_scrambler.cpp">
      <Filter>Source Files</Filter>
    </ClCompile>
    <ClCompile Include="E:\git\WindowsResearch\retdec-master\src\unpackertool\plugins\upx\decompressors\decompressor_upxshit.cpp">
      <Filter>Source Files</Filter>
    </ClCompile>
    <ClCompile Include="E:\git\WindowsResearch\retdec-master\src\unpackertool\plugins\upx\decompressors\decompressor_nrv.cpp">
      <Filter>Source Files</Filter>
    </ClCompile>
    <ClCompile Include="E:\git\WindowsResearch\retdec-master\src\unpackertool\plugins\upx\decompressors\decompressor_lzma.cpp">
      <Filter>Source Files</Filter>
    </ClCompile>
    <ClCompile Include="E:\git\WindowsResearch\retdec-master\src\unpackertool\plugins\upx\decompressors\decompressor.cpp">
      <Filter>Source Files</Filter>
    </ClCompile>
    <ClCompile Include="E:\git\WindowsResearch\retdec-master\src\unpackertool\plugins\upx\elf\elf_upx_stub.cpp">
      <Filter>Source Files</Filter>
    </ClCompile>
    <ClCompile Include="E:\git\WindowsResearch\retdec-master\src\unpackertool\arg_handler.cpp">
      <Filter>Source Files</Filter>
    </ClCompile>
    <ClCompile Include="E:\git\WindowsResearch\retdec-master\src\unpackertool\unpacker.cpp">
      <Filter>Source Files</Filter>
    </ClCompile>
    <ClCompile Include="E:\git\WindowsResearch\retdec-master\src\unpackertool\plugin_mgr.cpp">
      <Filter>Source Files</Filter>
    </ClCompile>
  </ItemGroup>
  <ItemGroup>
    <CustomBuild Include="E:\git\WindowsResearch\retdec-master\src\unpackertool\CMakeLists.txt" />
  </ItemGroup>
  <ItemGroup>
    <Filter Include="Source Files">
      <UniqueIdentifier>{C25D9B51-CF30-3AD6-AA44-2550EF86963E}</UniqueIdentifier>
    </Filter>
  </ItemGroup>
</Project>
